// !$*UTF8*$!
{
	archiveVersion = 1;
	classes = {
	};
	objectVersion = 46;
	objects = {

/* Begin PBXBuildFile section */
		1D0C22161E7820AE00C42C6A /* RecordingTableCell.swift in Sources */ = {isa = PBXBuildFile; fileRef = 1D0C22141E7820AE00C42C6A /* RecordingTableCell.swift */; };
		1D0C22171E7820AE00C42C6A /* RecordingTableCell.xib in Resources */ = {isa = PBXBuildFile; fileRef = 1D0C22151E7820AE00C42C6A /* RecordingTableCell.xib */; };
		1D0C221A1E7820C000C42C6A /* ComplaintTableCell.swift in Sources */ = {isa = PBXBuildFile; fileRef = 1D0C22181E7820C000C42C6A /* ComplaintTableCell.swift */; };
		1D0C221B1E7820C000C42C6A /* ComplaintTableCell.xib in Resources */ = {isa = PBXBuildFile; fileRef = 1D0C22191E7820C000C42C6A /* ComplaintTableCell.xib */; };
		1D0C221F1E782AAB00C42C6A /* TableViewDataSource.swift in Sources */ = {isa = PBXBuildFile; fileRef = 1D0C221E1E782AAB00C42C6A /* TableViewDataSource.swift */; };
		1D54D3121E77AFB700E955BB /* BaseViewController.swift in Sources */ = {isa = PBXBuildFile; fileRef = 1D54D3111E77AFB700E955BB /* BaseViewController.swift */; };
		1D98D6EB1E72C53700F6BD64 /* SignUp.storyboard in Resources */ = {isa = PBXBuildFile; fileRef = 1D98D6E91E72C53700F6BD64 /* SignUp.storyboard */; };
		1DB9D9851E7264EB00C4D2C4 /* Assets.xcassets in Resources */ = {isa = PBXBuildFile; fileRef = 1DB9D9841E7264EB00C4D2C4 /* Assets.xcassets */; };
		1DB9D9871E72754F00C4D2C4 /* Images.swift in Sources */ = {isa = PBXBuildFile; fileRef = 1DB9D9861E72754F00C4D2C4 /* Images.swift */; };
		1DB9D9CB1E72AA6B00C4D2C4 /* SF-UI-Display-Black.otf in Resources */ = {isa = PBXBuildFile; fileRef = 1DB9D9B61E72AA6B00C4D2C4 /* SF-UI-Display-Black.otf */; };
		1DB9D9CC1E72AA6B00C4D2C4 /* SF-UI-Display-Bold.otf in Resources */ = {isa = PBXBuildFile; fileRef = 1DB9D9B71E72AA6B00C4D2C4 /* SF-UI-Display-Bold.otf */; };
		1DB9D9CD1E72AA6B00C4D2C4 /* SF-UI-Display-Heavy.otf in Resources */ = {isa = PBXBuildFile; fileRef = 1DB9D9B81E72AA6B00C4D2C4 /* SF-UI-Display-Heavy.otf */; };
		1DB9D9CE1E72AA6B00C4D2C4 /* SF-UI-Display-Light.otf in Resources */ = {isa = PBXBuildFile; fileRef = 1DB9D9B91E72AA6B00C4D2C4 /* SF-UI-Display-Light.otf */; };
		1DB9D9CF1E72AA6B00C4D2C4 /* SF-UI-Display-Medium.otf in Resources */ = {isa = PBXBuildFile; fileRef = 1DB9D9BA1E72AA6B00C4D2C4 /* SF-UI-Display-Medium.otf */; };
		1DB9D9D01E72AA6B00C4D2C4 /* SF-UI-Display-Regular.otf in Resources */ = {isa = PBXBuildFile; fileRef = 1DB9D9BB1E72AA6B00C4D2C4 /* SF-UI-Display-Regular.otf */; };
		1DB9D9D11E72AA6B00C4D2C4 /* SF-UI-Display-Semibold.otf in Resources */ = {isa = PBXBuildFile; fileRef = 1DB9D9BC1E72AA6B00C4D2C4 /* SF-UI-Display-Semibold.otf */; };
		1DB9D9D21E72AA6B00C4D2C4 /* SF-UI-Display-Thin.otf in Resources */ = {isa = PBXBuildFile; fileRef = 1DB9D9BD1E72AA6B00C4D2C4 /* SF-UI-Display-Thin.otf */; };
		1DB9D9D31E72AA6B00C4D2C4 /* SF-UI-Display-Ultralight.otf in Resources */ = {isa = PBXBuildFile; fileRef = 1DB9D9BE1E72AA6B00C4D2C4 /* SF-UI-Display-Ultralight.otf */; };
		1DB9D9D41E72AA6B00C4D2C4 /* SF-UI-Text-Bold.otf in Resources */ = {isa = PBXBuildFile; fileRef = 1DB9D9BF1E72AA6B00C4D2C4 /* SF-UI-Text-Bold.otf */; };
		1DB9D9D51E72AA6B00C4D2C4 /* SF-UI-Text-BoldItalic.otf in Resources */ = {isa = PBXBuildFile; fileRef = 1DB9D9C01E72AA6B00C4D2C4 /* SF-UI-Text-BoldItalic.otf */; };
		1DB9D9D61E72AA6B00C4D2C4 /* SF-UI-Text-Heavy.otf in Resources */ = {isa = PBXBuildFile; fileRef = 1DB9D9C11E72AA6B00C4D2C4 /* SF-UI-Text-Heavy.otf */; };
		1DB9D9D71E72AA6B00C4D2C4 /* SF-UI-Text-HeavyItalic.otf in Resources */ = {isa = PBXBuildFile; fileRef = 1DB9D9C21E72AA6B00C4D2C4 /* SF-UI-Text-HeavyItalic.otf */; };
		1DB9D9D81E72AA6B00C4D2C4 /* SF-UI-Text-Light.otf in Resources */ = {isa = PBXBuildFile; fileRef = 1DB9D9C31E72AA6B00C4D2C4 /* SF-UI-Text-Light.otf */; };
		1DB9D9D91E72AA6B00C4D2C4 /* SF-UI-Text-LightItalic.otf in Resources */ = {isa = PBXBuildFile; fileRef = 1DB9D9C41E72AA6B00C4D2C4 /* SF-UI-Text-LightItalic.otf */; };
		1DB9D9DA1E72AA6B00C4D2C4 /* SF-UI-Text-Medium.otf in Resources */ = {isa = PBXBuildFile; fileRef = 1DB9D9C51E72AA6B00C4D2C4 /* SF-UI-Text-Medium.otf */; };
		1DB9D9DB1E72AA6B00C4D2C4 /* SF-UI-Text-MediumItalic.otf in Resources */ = {isa = PBXBuildFile; fileRef = 1DB9D9C61E72AA6B00C4D2C4 /* SF-UI-Text-MediumItalic.otf */; };
		1DB9D9DC1E72AA6B00C4D2C4 /* SF-UI-Text-Regular.otf in Resources */ = {isa = PBXBuildFile; fileRef = 1DB9D9C71E72AA6B00C4D2C4 /* SF-UI-Text-Regular.otf */; };
		1DB9D9DD1E72AA6B00C4D2C4 /* SF-UI-Text-RegularItalic.otf in Resources */ = {isa = PBXBuildFile; fileRef = 1DB9D9C81E72AA6B00C4D2C4 /* SF-UI-Text-RegularItalic.otf */; };
		1DB9D9DE1E72AA6B00C4D2C4 /* SF-UI-Text-Semibold.otf in Resources */ = {isa = PBXBuildFile; fileRef = 1DB9D9C91E72AA6B00C4D2C4 /* SF-UI-Text-Semibold.otf */; };
		1DB9D9DF1E72AA6B00C4D2C4 /* SF-UI-Text-SemiboldItalic.otf in Resources */ = {isa = PBXBuildFile; fileRef = 1DB9D9CA1E72AA6B00C4D2C4 /* SF-UI-Text-SemiboldItalic.otf */; };
		1DB9D9EE1E72B01800C4D2C4 /* HelveticaNeue-Bold.otf in Resources */ = {isa = PBXBuildFile; fileRef = 1DB9D9E11E72B01800C4D2C4 /* HelveticaNeue-Bold.otf */; };
		1DB9D9EF1E72B01800C4D2C4 /* HelveticaNeue-BoldItalic.otf in Resources */ = {isa = PBXBuildFile; fileRef = 1DB9D9E21E72B01800C4D2C4 /* HelveticaNeue-BoldItalic.otf */; };
		1DB9D9F01E72B01800C4D2C4 /* HelveticaNeue-CondensedBlack.otf in Resources */ = {isa = PBXBuildFile; fileRef = 1DB9D9E31E72B01800C4D2C4 /* HelveticaNeue-CondensedBlack.otf */; };
		1DB9D9F11E72B01800C4D2C4 /* HelveticaNeue-CondensedBold.otf in Resources */ = {isa = PBXBuildFile; fileRef = 1DB9D9E41E72B01800C4D2C4 /* HelveticaNeue-CondensedBold.otf */; };
		1DB9D9F21E72B01800C4D2C4 /* HelveticaNeue-Italic.otf in Resources */ = {isa = PBXBuildFile; fileRef = 1DB9D9E51E72B01800C4D2C4 /* HelveticaNeue-Italic.otf */; };
		1DB9D9F31E72B01800C4D2C4 /* HelveticaNeue-Light.otf in Resources */ = {isa = PBXBuildFile; fileRef = 1DB9D9E61E72B01800C4D2C4 /* HelveticaNeue-Light.otf */; };
		1DB9D9F41E72B01800C4D2C4 /* HelveticaNeue-LightItalic.otf in Resources */ = {isa = PBXBuildFile; fileRef = 1DB9D9E71E72B01800C4D2C4 /* HelveticaNeue-LightItalic.otf */; };
		1DB9D9F51E72B01800C4D2C4 /* HelveticaNeue-Medium.otf in Resources */ = {isa = PBXBuildFile; fileRef = 1DB9D9E81E72B01800C4D2C4 /* HelveticaNeue-Medium.otf */; };
		1DB9D9F61E72B01800C4D2C4 /* HelveticaNeue-UltraLight.otf in Resources */ = {isa = PBXBuildFile; fileRef = 1DB9D9E91E72B01800C4D2C4 /* HelveticaNeue-UltraLight.otf */; };
		1DB9D9F71E72B01800C4D2C4 /* HelveticaNeue-UltraLightItalic.otf in Resources */ = {isa = PBXBuildFile; fileRef = 1DB9D9EA1E72B01800C4D2C4 /* HelveticaNeue-UltraLightItalic.otf */; };
		1DB9D9F81E72B01800C4D2C4 /* HelveticaNeue.otf in Resources */ = {isa = PBXBuildFile; fileRef = 1DB9D9EB1E72B01800C4D2C4 /* HelveticaNeue.otf */; };
		1DB9D9F91E72B01800C4D2C4 /* HelveticaNeue.dfont in Resources */ = {isa = PBXBuildFile; fileRef = 1DB9D9ED1E72B01800C4D2C4 /* HelveticaNeue.dfont */; };
		1DBC290F1E7163700090BCFA /* AppDelegate.swift in Sources */ = {isa = PBXBuildFile; fileRef = 1DBC28EE1E7163700090BCFA /* AppDelegate.swift */; };
		1DBC29141E7163700090BCFA /* Info.plist in Resources */ = {isa = PBXBuildFile; fileRef = 1DBC29081E7163700090BCFA /* Info.plist */; };
		1DBC299A1E7168590090BCFA /* NSObject+RMArchivable.m in Sources */ = {isa = PBXBuildFile; fileRef = 1DBC29931E7168590090BCFA /* NSObject+RMArchivable.m */; };
		1DBC299B1E7168590090BCFA /* NSObject+RMCopyable.m in Sources */ = {isa = PBXBuildFile; fileRef = 1DBC29951E7168590090BCFA /* NSObject+RMCopyable.m */; };
		1DBC299C1E7168590090BCFA /* NSUserDefaults+RMSaveCustomObject.m in Sources */ = {isa = PBXBuildFile; fileRef = 1DBC29971E7168590090BCFA /* NSUserDefaults+RMSaveCustomObject.m */; };
		1DBC299D1E7168590090BCFA /* RMMapper.m in Sources */ = {isa = PBXBuildFile; fileRef = 1DBC29991E7168590090BCFA /* RMMapper.m */; };
		1DBC29B71E716AF90090BCFA /* APIConstants.swift in Sources */ = {isa = PBXBuildFile; fileRef = 1DBC29B61E716AF90090BCFA /* APIConstants.swift */; };
		1DBC29B91E716B040090BCFA /* APIRoutes.swift in Sources */ = {isa = PBXBuildFile; fileRef = 1DBC29B81E716B040090BCFA /* APIRoutes.swift */; };
		1DBC29BB1E716B0E0090BCFA /* APIManager.swift in Sources */ = {isa = PBXBuildFile; fileRef = 1DBC29BA1E716B0E0090BCFA /* APIManager.swift */; };
		1DBC29BD1E716B1A0090BCFA /* HTTPClient.swift in Sources */ = {isa = PBXBuildFile; fileRef = 1DBC29BC1E716B1A0090BCFA /* HTTPClient.swift */; };
		1DBC29F31E7172370090BCFA /* LoginViewController.swift in Sources */ = {isa = PBXBuildFile; fileRef = 1DBC29D21E7172370090BCFA /* LoginViewController.swift */; };
		1DBC29F41E7172370090BCFA /* NotificationViewController.swift in Sources */ = {isa = PBXBuildFile; fileRef = 1DBC29D41E7172370090BCFA /* NotificationViewController.swift */; };
		1DBC29F51E7172370090BCFA /* ProfileViewController.swift in Sources */ = {isa = PBXBuildFile; fileRef = 1DBC29D61E7172370090BCFA /* ProfileViewController.swift */; };
		1DBC29F61E7172370090BCFA /* SafeListViewController.swift in Sources */ = {isa = PBXBuildFile; fileRef = 1DBC29D81E7172370090BCFA /* SafeListViewController.swift */; };
		1DBC29F71E7172370090BCFA /* SidePanelViewController.swift in Sources */ = {isa = PBXBuildFile; fileRef = 1DBC29DA1E7172370090BCFA /* SidePanelViewController.swift */; };
		1DBC29F81E7172370090BCFA /* EnterDetailsFirstViewController.swift in Sources */ = {isa = PBXBuildFile; fileRef = 1DBC29DD1E7172370090BCFA /* EnterDetailsFirstViewController.swift */; };
		1DBC29F91E7172370090BCFA /* CardTransactionViewController.swift in Sources */ = {isa = PBXBuildFile; fileRef = 1DBC29E01E7172370090BCFA /* CardTransactionViewController.swift */; };
		1DBC29FA1E7172370090BCFA /* SSSPackageViewController.swift in Sources */ = {isa = PBXBuildFile; fileRef = 1DBC29E21E7172370090BCFA /* SSSPackageViewController.swift */; };
		1DBC29FB1E7172370090BCFA /* EnterDetailsSecondViewController.swift in Sources */ = {isa = PBXBuildFile; fileRef = 1DBC29E41E7172370090BCFA /* EnterDetailsSecondViewController.swift */; };
		1DBC29FC1E7172370090BCFA /* EnterDetailsThirdViewController.swift in Sources */ = {isa = PBXBuildFile; fileRef = 1DBC29E61E7172370090BCFA /* EnterDetailsThirdViewController.swift */; };
		1DBC29FD1E7172370090BCFA /* SplashViewController.swift in Sources */ = {isa = PBXBuildFile; fileRef = 1DBC29E81E7172370090BCFA /* SplashViewController.swift */; };
		1DBC29FF1E7172370090BCFA /* LaunchScreen.storyboard in Resources */ = {isa = PBXBuildFile; fileRef = 1DBC29EB1E7172370090BCFA /* LaunchScreen.storyboard */; };
		1DBC2A001E7172370090BCFA /* Main.storyboard in Resources */ = {isa = PBXBuildFile; fileRef = 1DBC29ED1E7172370090BCFA /* Main.storyboard */; };
		1DC80C981E7914AB0004445E /* RecordingsViewController.swift in Sources */ = {isa = PBXBuildFile; fileRef = 1DC80C8D1E7914AB0004445E /* RecordingsViewController.swift */; };
		1DC80C991E7914AB0004445E /* ComplaintListViewController.swift in Sources */ = {isa = PBXBuildFile; fileRef = 1DC80C901E7914AB0004445E /* ComplaintListViewController.swift */; };
		1DC80C9A1E7914AB0004445E /* HomeViewController.swift in Sources */ = {isa = PBXBuildFile; fileRef = 1DC80C931E7914AB0004445E /* HomeViewController.swift */; };
		1DC80C9B1E7914AB0004445E /* PageViewController.swift in Sources */ = {isa = PBXBuildFile; fileRef = 1DC80C951E7914AB0004445E /* PageViewController.swift */; };
		1DC80C9C1E7914AB0004445E /* SubmitComplaintViewController.swift in Sources */ = {isa = PBXBuildFile; fileRef = 1DC80C971E7914AB0004445E /* SubmitComplaintViewController.swift */; };
		7F704FA8C94C9CC2CAC7FEC0 /* Pods_SSS.framework in Frameworks */ = {isa = PBXBuildFile; fileRef = 2F766C508ABD4F0DAAF6452C /* Pods_SSS.framework */; };
/* End PBXBuildFile section */

/* Begin PBXFileReference section */
		1D0C22141E7820AE00C42C6A /* RecordingTableCell.swift */ = {isa = PBXFileReference; fileEncoding = 4; lastKnownFileType = sourcecode.swift; path = RecordingTableCell.swift; sourceTree = "<group>"; };
		1D0C22151E7820AE00C42C6A /* RecordingTableCell.xib */ = {isa = PBXFileReference; fileEncoding = 4; lastKnownFileType = file.xib; path = RecordingTableCell.xib; sourceTree = "<group>"; };
		1D0C22181E7820C000C42C6A /* ComplaintTableCell.swift */ = {isa = PBXFileReference; fileEncoding = 4; lastKnownFileType = sourcecode.swift; path = ComplaintTableCell.swift; sourceTree = "<group>"; };
		1D0C22191E7820C000C42C6A /* ComplaintTableCell.xib */ = {isa = PBXFileReference; fileEncoding = 4; lastKnownFileType = file.xib; path = ComplaintTableCell.xib; sourceTree = "<group>"; };
		1D0C221E1E782AAB00C42C6A /* TableViewDataSource.swift */ = {isa = PBXFileReference; fileEncoding = 4; lastKnownFileType = sourcecode.swift; path = TableViewDataSource.swift; sourceTree = "<group>"; };
		1D54D3111E77AFB700E955BB /* BaseViewController.swift */ = {isa = PBXFileReference; fileEncoding = 4; lastKnownFileType = sourcecode.swift; path = BaseViewController.swift; sourceTree = "<group>"; };
		1D98D6EA1E72C53700F6BD64 /* Base */ = {isa = PBXFileReference; lastKnownFileType = file.storyboard; name = Base; path = Base.lproj/SignUp.storyboard; sourceTree = "<group>"; };
		1DB9D9841E7264EB00C4D2C4 /* Assets.xcassets */ = {isa = PBXFileReference; lastKnownFileType = folder.assetcatalog; path = Assets.xcassets; sourceTree = "<group>"; };
		1DB9D9861E72754F00C4D2C4 /* Images.swift */ = {isa = PBXFileReference; fileEncoding = 4; lastKnownFileType = sourcecode.swift; path = Images.swift; sourceTree = "<group>"; };
		1DB9D9B61E72AA6B00C4D2C4 /* SF-UI-Display-Black.otf */ = {isa = PBXFileReference; lastKnownFileType = file; path = "SF-UI-Display-Black.otf"; sourceTree = "<group>"; };
		1DB9D9B71E72AA6B00C4D2C4 /* SF-UI-Display-Bold.otf */ = {isa = PBXFileReference; lastKnownFileType = file; path = "SF-UI-Display-Bold.otf"; sourceTree = "<group>"; };
		1DB9D9B81E72AA6B00C4D2C4 /* SF-UI-Display-Heavy.otf */ = {isa = PBXFileReference; lastKnownFileType = file; path = "SF-UI-Display-Heavy.otf"; sourceTree = "<group>"; };
		1DB9D9B91E72AA6B00C4D2C4 /* SF-UI-Display-Light.otf */ = {isa = PBXFileReference; lastKnownFileType = file; path = "SF-UI-Display-Light.otf"; sourceTree = "<group>"; };
		1DB9D9BA1E72AA6B00C4D2C4 /* SF-UI-Display-Medium.otf */ = {isa = PBXFileReference; lastKnownFileType = file; path = "SF-UI-Display-Medium.otf"; sourceTree = "<group>"; };
		1DB9D9BB1E72AA6B00C4D2C4 /* SF-UI-Display-Regular.otf */ = {isa = PBXFileReference; lastKnownFileType = file; path = "SF-UI-Display-Regular.otf"; sourceTree = "<group>"; };
		1DB9D9BC1E72AA6B00C4D2C4 /* SF-UI-Display-Semibold.otf */ = {isa = PBXFileReference; lastKnownFileType = file; path = "SF-UI-Display-Semibold.otf"; sourceTree = "<group>"; };
		1DB9D9BD1E72AA6B00C4D2C4 /* SF-UI-Display-Thin.otf */ = {isa = PBXFileReference; lastKnownFileType = file; path = "SF-UI-Display-Thin.otf"; sourceTree = "<group>"; };
		1DB9D9BE1E72AA6B00C4D2C4 /* SF-UI-Display-Ultralight.otf */ = {isa = PBXFileReference; lastKnownFileType = file; path = "SF-UI-Display-Ultralight.otf"; sourceTree = "<group>"; };
		1DB9D9BF1E72AA6B00C4D2C4 /* SF-UI-Text-Bold.otf */ = {isa = PBXFileReference; lastKnownFileType = file; path = "SF-UI-Text-Bold.otf"; sourceTree = "<group>"; };
		1DB9D9C01E72AA6B00C4D2C4 /* SF-UI-Text-BoldItalic.otf */ = {isa = PBXFileReference; lastKnownFileType = file; path = "SF-UI-Text-BoldItalic.otf"; sourceTree = "<group>"; };
		1DB9D9C11E72AA6B00C4D2C4 /* SF-UI-Text-Heavy.otf */ = {isa = PBXFileReference; lastKnownFileType = file; path = "SF-UI-Text-Heavy.otf"; sourceTree = "<group>"; };
		1DB9D9C21E72AA6B00C4D2C4 /* SF-UI-Text-HeavyItalic.otf */ = {isa = PBXFileReference; lastKnownFileType = file; path = "SF-UI-Text-HeavyItalic.otf"; sourceTree = "<group>"; };
		1DB9D9C31E72AA6B00C4D2C4 /* SF-UI-Text-Light.otf */ = {isa = PBXFileReference; lastKnownFileType = file; path = "SF-UI-Text-Light.otf"; sourceTree = "<group>"; };
		1DB9D9C41E72AA6B00C4D2C4 /* SF-UI-Text-LightItalic.otf */ = {isa = PBXFileReference; lastKnownFileType = file; path = "SF-UI-Text-LightItalic.otf"; sourceTree = "<group>"; };
		1DB9D9C51E72AA6B00C4D2C4 /* SF-UI-Text-Medium.otf */ = {isa = PBXFileReference; lastKnownFileType = file; path = "SF-UI-Text-Medium.otf"; sourceTree = "<group>"; };
		1DB9D9C61E72AA6B00C4D2C4 /* SF-UI-Text-MediumItalic.otf */ = {isa = PBXFileReference; lastKnownFileType = file; path = "SF-UI-Text-MediumItalic.otf"; sourceTree = "<group>"; };
		1DB9D9C71E72AA6B00C4D2C4 /* SF-UI-Text-Regular.otf */ = {isa = PBXFileReference; lastKnownFileType = file; path = "SF-UI-Text-Regular.otf"; sourceTree = "<group>"; };
		1DB9D9C81E72AA6B00C4D2C4 /* SF-UI-Text-RegularItalic.otf */ = {isa = PBXFileReference; lastKnownFileType = file; path = "SF-UI-Text-RegularItalic.otf"; sourceTree = "<group>"; };
		1DB9D9C91E72AA6B00C4D2C4 /* SF-UI-Text-Semibold.otf */ = {isa = PBXFileReference; lastKnownFileType = file; path = "SF-UI-Text-Semibold.otf"; sourceTree = "<group>"; };
		1DB9D9CA1E72AA6B00C4D2C4 /* SF-UI-Text-SemiboldItalic.otf */ = {isa = PBXFileReference; lastKnownFileType = file; path = "SF-UI-Text-SemiboldItalic.otf"; sourceTree = "<group>"; };
		1DB9D9E11E72B01800C4D2C4 /* HelveticaNeue-Bold.otf */ = {isa = PBXFileReference; lastKnownFileType = file; path = "HelveticaNeue-Bold.otf"; sourceTree = "<group>"; };
		1DB9D9E21E72B01800C4D2C4 /* HelveticaNeue-BoldItalic.otf */ = {isa = PBXFileReference; lastKnownFileType = file; path = "HelveticaNeue-BoldItalic.otf"; sourceTree = "<group>"; };
		1DB9D9E31E72B01800C4D2C4 /* HelveticaNeue-CondensedBlack.otf */ = {isa = PBXFileReference; lastKnownFileType = file; path = "HelveticaNeue-CondensedBlack.otf"; sourceTree = "<group>"; };
		1DB9D9E41E72B01800C4D2C4 /* HelveticaNeue-CondensedBold.otf */ = {isa = PBXFileReference; lastKnownFileType = file; path = "HelveticaNeue-CondensedBold.otf"; sourceTree = "<group>"; };
		1DB9D9E51E72B01800C4D2C4 /* HelveticaNeue-Italic.otf */ = {isa = PBXFileReference; lastKnownFileType = file; path = "HelveticaNeue-Italic.otf"; sourceTree = "<group>"; };
		1DB9D9E61E72B01800C4D2C4 /* HelveticaNeue-Light.otf */ = {isa = PBXFileReference; lastKnownFileType = file; path = "HelveticaNeue-Light.otf"; sourceTree = "<group>"; };
		1DB9D9E71E72B01800C4D2C4 /* HelveticaNeue-LightItalic.otf */ = {isa = PBXFileReference; lastKnownFileType = file; path = "HelveticaNeue-LightItalic.otf"; sourceTree = "<group>"; };
		1DB9D9E81E72B01800C4D2C4 /* HelveticaNeue-Medium.otf */ = {isa = PBXFileReference; lastKnownFileType = file; path = "HelveticaNeue-Medium.otf"; sourceTree = "<group>"; };
		1DB9D9E91E72B01800C4D2C4 /* HelveticaNeue-UltraLight.otf */ = {isa = PBXFileReference; lastKnownFileType = file; path = "HelveticaNeue-UltraLight.otf"; sourceTree = "<group>"; };
		1DB9D9EA1E72B01800C4D2C4 /* HelveticaNeue-UltraLightItalic.otf */ = {isa = PBXFileReference; lastKnownFileType = file; path = "HelveticaNeue-UltraLightItalic.otf"; sourceTree = "<group>"; };
		1DB9D9EB1E72B01800C4D2C4 /* HelveticaNeue.otf */ = {isa = PBXFileReference; lastKnownFileType = file; path = HelveticaNeue.otf; sourceTree = "<group>"; };
		1DB9D9ED1E72B01800C4D2C4 /* HelveticaNeue.dfont */ = {isa = PBXFileReference; lastKnownFileType = file; path = HelveticaNeue.dfont; sourceTree = "<group>"; };
		1DBC28EE1E7163700090BCFA /* AppDelegate.swift */ = {isa = PBXFileReference; fileEncoding = 4; lastKnownFileType = sourcecode.swift; path = AppDelegate.swift; sourceTree = "<group>"; };
		1DBC29081E7163700090BCFA /* Info.plist */ = {isa = PBXFileReference; fileEncoding = 4; lastKnownFileType = text.plist.xml; path = Info.plist; sourceTree = "<group>"; };
		1DBC29911E7168580090BCFA /* SSS-Bridging-Header.h */ = {isa = PBXFileReference; lastKnownFileType = sourcecode.c.h; path = "SSS-Bridging-Header.h"; sourceTree = "<group>"; };
		1DBC29921E7168590090BCFA /* NSObject+RMArchivable.h */ = {isa = PBXFileReference; fileEncoding = 4; lastKnownFileType = sourcecode.c.h; path = "NSObject+RMArchivable.h"; sourceTree = "<group>"; };
		1DBC29931E7168590090BCFA /* NSObject+RMArchivable.m */ = {isa = PBXFileReference; fileEncoding = 4; lastKnownFileType = sourcecode.c.objc; path = "NSObject+RMArchivable.m"; sourceTree = "<group>"; };
		1DBC29941E7168590090BCFA /* NSObject+RMCopyable.h */ = {isa = PBXFileReference; fileEncoding = 4; lastKnownFileType = sourcecode.c.h; path = "NSObject+RMCopyable.h"; sourceTree = "<group>"; };
		1DBC29951E7168590090BCFA /* NSObject+RMCopyable.m */ = {isa = PBXFileReference; fileEncoding = 4; lastKnownFileType = sourcecode.c.objc; path = "NSObject+RMCopyable.m"; sourceTree = "<group>"; };
		1DBC29961E7168590090BCFA /* NSUserDefaults+RMSaveCustomObject.h */ = {isa = PBXFileReference; fileEncoding = 4; lastKnownFileType = sourcecode.c.h; path = "NSUserDefaults+RMSaveCustomObject.h"; sourceTree = "<group>"; };
		1DBC29971E7168590090BCFA /* NSUserDefaults+RMSaveCustomObject.m */ = {isa = PBXFileReference; fileEncoding = 4; lastKnownFileType = sourcecode.c.objc; path = "NSUserDefaults+RMSaveCustomObject.m"; sourceTree = "<group>"; };
		1DBC29981E7168590090BCFA /* RMMapper.h */ = {isa = PBXFileReference; fileEncoding = 4; lastKnownFileType = sourcecode.c.h; path = RMMapper.h; sourceTree = "<group>"; };
		1DBC29991E7168590090BCFA /* RMMapper.m */ = {isa = PBXFileReference; fileEncoding = 4; lastKnownFileType = sourcecode.c.objc; path = RMMapper.m; sourceTree = "<group>"; };
		1DBC29B61E716AF90090BCFA /* APIConstants.swift */ = {isa = PBXFileReference; fileEncoding = 4; lastKnownFileType = sourcecode.swift; path = APIConstants.swift; sourceTree = "<group>"; };
		1DBC29B81E716B040090BCFA /* APIRoutes.swift */ = {isa = PBXFileReference; fileEncoding = 4; lastKnownFileType = sourcecode.swift; path = APIRoutes.swift; sourceTree = "<group>"; };
		1DBC29BA1E716B0E0090BCFA /* APIManager.swift */ = {isa = PBXFileReference; fileEncoding = 4; lastKnownFileType = sourcecode.swift; path = APIManager.swift; sourceTree = "<group>"; };
		1DBC29BC1E716B1A0090BCFA /* HTTPClient.swift */ = {isa = PBXFileReference; fileEncoding = 4; lastKnownFileType = sourcecode.swift; path = HTTPClient.swift; sourceTree = "<group>"; };
		1DBC29D21E7172370090BCFA /* LoginViewController.swift */ = {isa = PBXFileReference; fileEncoding = 4; lastKnownFileType = sourcecode.swift; path = LoginViewController.swift; sourceTree = "<group>"; };
		1DBC29D41E7172370090BCFA /* NotificationViewController.swift */ = {isa = PBXFileReference; fileEncoding = 4; lastKnownFileType = sourcecode.swift; path = NotificationViewController.swift; sourceTree = "<group>"; };
		1DBC29D61E7172370090BCFA /* ProfileViewController.swift */ = {isa = PBXFileReference; fileEncoding = 4; lastKnownFileType = sourcecode.swift; path = ProfileViewController.swift; sourceTree = "<group>"; };
		1DBC29D81E7172370090BCFA /* SafeListViewController.swift */ = {isa = PBXFileReference; fileEncoding = 4; lastKnownFileType = sourcecode.swift; path = SafeListViewController.swift; sourceTree = "<group>"; };
		1DBC29DA1E7172370090BCFA /* SidePanelViewController.swift */ = {isa = PBXFileReference; fileEncoding = 4; lastKnownFileType = sourcecode.swift; path = SidePanelViewController.swift; sourceTree = "<group>"; };
		1DBC29DD1E7172370090BCFA /* EnterDetailsFirstViewController.swift */ = {isa = PBXFileReference; fileEncoding = 4; lastKnownFileType = sourcecode.swift; path = EnterDetailsFirstViewController.swift; sourceTree = "<group>"; };
		1DBC29E01E7172370090BCFA /* CardTransactionViewController.swift */ = {isa = PBXFileReference; fileEncoding = 4; lastKnownFileType = sourcecode.swift; path = CardTransactionViewController.swift; sourceTree = "<group>"; };
		1DBC29E21E7172370090BCFA /* SSSPackageViewController.swift */ = {isa = PBXFileReference; fileEncoding = 4; lastKnownFileType = sourcecode.swift; path = SSSPackageViewController.swift; sourceTree = "<group>"; };
		1DBC29E41E7172370090BCFA /* EnterDetailsSecondViewController.swift */ = {isa = PBXFileReference; fileEncoding = 4; lastKnownFileType = sourcecode.swift; path = EnterDetailsSecondViewController.swift; sourceTree = "<group>"; };
		1DBC29E61E7172370090BCFA /* EnterDetailsThirdViewController.swift */ = {isa = PBXFileReference; fileEncoding = 4; lastKnownFileType = sourcecode.swift; path = EnterDetailsThirdViewController.swift; sourceTree = "<group>"; };
		1DBC29E81E7172370090BCFA /* SplashViewController.swift */ = {isa = PBXFileReference; fileEncoding = 4; lastKnownFileType = sourcecode.swift; path = SplashViewController.swift; sourceTree = "<group>"; };
		1DBC29EC1E7172370090BCFA /* Base */ = {isa = PBXFileReference; lastKnownFileType = file.storyboard; name = Base; path = Base.lproj/LaunchScreen.storyboard; sourceTree = "<group>"; };
		1DBC29EE1E7172370090BCFA /* Base */ = {isa = PBXFileReference; lastKnownFileType = file.storyboard; name = Base; path = Base.lproj/Main.storyboard; sourceTree = "<group>"; };
		1DC80C8D1E7914AB0004445E /* RecordingsViewController.swift */ = {isa = PBXFileReference; fileEncoding = 4; lastKnownFileType = sourcecode.swift; path = RecordingsViewController.swift; sourceTree = "<group>"; };
		1DC80C901E7914AB0004445E /* ComplaintListViewController.swift */ = {isa = PBXFileReference; fileEncoding = 4; lastKnownFileType = sourcecode.swift; path = ComplaintListViewController.swift; sourceTree = "<group>"; };
		1DC80C931E7914AB0004445E /* HomeViewController.swift */ = {isa = PBXFileReference; fileEncoding = 4; lastKnownFileType = sourcecode.swift; path = HomeViewController.swift; sourceTree = "<group>"; };
		1DC80C951E7914AB0004445E /* PageViewController.swift */ = {isa = PBXFileReference; fileEncoding = 4; lastKnownFileType = sourcecode.swift; path = PageViewController.swift; sourceTree = "<group>"; };
		1DC80C971E7914AB0004445E /* SubmitComplaintViewController.swift */ = {isa = PBXFileReference; fileEncoding = 4; lastKnownFileType = sourcecode.swift; path = SubmitComplaintViewController.swift; sourceTree = "<group>"; };
		1DD216221E6FE34B009E1296 /* SSS.app */ = {isa = PBXFileReference; explicitFileType = wrapper.application; includeInIndex = 0; path = SSS.app; sourceTree = BUILT_PRODUCTS_DIR; };
		2F766C508ABD4F0DAAF6452C /* Pods_SSS.framework */ = {isa = PBXFileReference; explicitFileType = wrapper.framework; includeInIndex = 0; path = Pods_SSS.framework; sourceTree = BUILT_PRODUCTS_DIR; };
		90C7908565C4A81C8BDDA6E4 /* Pods-SSS.release.xcconfig */ = {isa = PBXFileReference; includeInIndex = 1; lastKnownFileType = text.xcconfig; name = "Pods-SSS.release.xcconfig"; path = "Pods/Target Support Files/Pods-SSS/Pods-SSS.release.xcconfig"; sourceTree = "<group>"; };
		DD160A99A039F880F3E47172 /* Pods-SSS.debug.xcconfig */ = {isa = PBXFileReference; includeInIndex = 1; lastKnownFileType = text.xcconfig; name = "Pods-SSS.debug.xcconfig"; path = "Pods/Target Support Files/Pods-SSS/Pods-SSS.debug.xcconfig"; sourceTree = "<group>"; };
/* End PBXFileReference section */

/* Begin PBXFrameworksBuildPhase section */
		1DD2161F1E6FE34B009E1296 /* Frameworks */ = {
			isa = PBXFrameworksBuildPhase;
			buildActionMask = 2147483647;
			files = (
				7F704FA8C94C9CC2CAC7FEC0 /* Pods_SSS.framework in Frameworks */,
			);
			runOnlyForDeploymentPostprocessing = 0;
		};
/* End PBXFrameworksBuildPhase section */

/* Begin PBXGroup section */
		0CE814A94F80950978B9F467 /* Frameworks */ = {
			isa = PBXGroup;
			children = (
				2F766C508ABD4F0DAAF6452C /* Pods_SSS.framework */,
			);
			name = Frameworks;
			sourceTree = "<group>";
		};
		1D0C22111E78207B00C42C6A /* Cells */ = {
			isa = PBXGroup;
			children = (
				1D0C22121E78207B00C42C6A /* ComplaintTableCell */,
				1D0C22131E78207B00C42C6A /* RecordingTableCell */,
			);
			path = Cells;
			sourceTree = "<group>";
		};
		1D0C22121E78207B00C42C6A /* ComplaintTableCell */ = {
			isa = PBXGroup;
			children = (
				1D0C22181E7820C000C42C6A /* ComplaintTableCell.swift */,
				1D0C22191E7820C000C42C6A /* ComplaintTableCell.xib */,
			);
			path = ComplaintTableCell;
			sourceTree = "<group>";
		};
		1D0C22131E78207B00C42C6A /* RecordingTableCell */ = {
			isa = PBXGroup;
			children = (
				1D0C22141E7820AE00C42C6A /* RecordingTableCell.swift */,
				1D0C22151E7820AE00C42C6A /* RecordingTableCell.xib */,
			);
			path = RecordingTableCell;
			sourceTree = "<group>";
		};
		1D0C221C1E782A8800C42C6A /* Datasource */ = {
			isa = PBXGroup;
			children = (
				1D0C221D1E782A8800C42C6A /* tableviewDataSource */,
			);
			path = Datasource;
			sourceTree = "<group>";
		};
		1D0C221D1E782A8800C42C6A /* tableviewDataSource */ = {
			isa = PBXGroup;
			children = (
				1D0C221E1E782AAB00C42C6A /* TableViewDataSource.swift */,
			);
			path = tableviewDataSource;
			sourceTree = "<group>";
		};
		1D54D3101E77AFA800E955BB /* BaseViewController */ = {
			isa = PBXGroup;
			children = (
				1D54D3111E77AFB700E955BB /* BaseViewController.swift */,
			);
			path = BaseViewController;
			sourceTree = "<group>";
		};
		1D54D3191E77B72000E955BB /* CommonFunctions */ = {
			isa = PBXGroup;
			children = (
			);
			path = CommonFunctions;
			sourceTree = "<group>";
		};
		1DB9D9B41E72AA6B00C4D2C4 /* Fonts */ = {
			isa = PBXGroup;
			children = (
				1DB9D9E01E72B01800C4D2C4 /* Helvetica Neue */,
				1DB9D9B51E72AA6B00C4D2C4 /* SF-UI */,
			);
			path = Fonts;
			sourceTree = "<group>";
		};
		1DB9D9B51E72AA6B00C4D2C4 /* SF-UI */ = {
			isa = PBXGroup;
			children = (
				1DB9D9B61E72AA6B00C4D2C4 /* SF-UI-Display-Black.otf */,
				1DB9D9B71E72AA6B00C4D2C4 /* SF-UI-Display-Bold.otf */,
				1DB9D9B81E72AA6B00C4D2C4 /* SF-UI-Display-Heavy.otf */,
				1DB9D9B91E72AA6B00C4D2C4 /* SF-UI-Display-Light.otf */,
				1DB9D9BA1E72AA6B00C4D2C4 /* SF-UI-Display-Medium.otf */,
				1DB9D9BB1E72AA6B00C4D2C4 /* SF-UI-Display-Regular.otf */,
				1DB9D9BC1E72AA6B00C4D2C4 /* SF-UI-Display-Semibold.otf */,
				1DB9D9BD1E72AA6B00C4D2C4 /* SF-UI-Display-Thin.otf */,
				1DB9D9BE1E72AA6B00C4D2C4 /* SF-UI-Display-Ultralight.otf */,
				1DB9D9BF1E72AA6B00C4D2C4 /* SF-UI-Text-Bold.otf */,
				1DB9D9C01E72AA6B00C4D2C4 /* SF-UI-Text-BoldItalic.otf */,
				1DB9D9C11E72AA6B00C4D2C4 /* SF-UI-Text-Heavy.otf */,
				1DB9D9C21E72AA6B00C4D2C4 /* SF-UI-Text-HeavyItalic.otf */,
				1DB9D9C31E72AA6B00C4D2C4 /* SF-UI-Text-Light.otf */,
				1DB9D9C41E72AA6B00C4D2C4 /* SF-UI-Text-LightItalic.otf */,
				1DB9D9C51E72AA6B00C4D2C4 /* SF-UI-Text-Medium.otf */,
				1DB9D9C61E72AA6B00C4D2C4 /* SF-UI-Text-MediumItalic.otf */,
				1DB9D9C71E72AA6B00C4D2C4 /* SF-UI-Text-Regular.otf */,
				1DB9D9C81E72AA6B00C4D2C4 /* SF-UI-Text-RegularItalic.otf */,
				1DB9D9C91E72AA6B00C4D2C4 /* SF-UI-Text-Semibold.otf */,
				1DB9D9CA1E72AA6B00C4D2C4 /* SF-UI-Text-SemiboldItalic.otf */,
			);
			path = "SF-UI";
			sourceTree = "<group>";
		};
		1DB9D9E01E72B01800C4D2C4 /* Helvetica Neue */ = {
			isa = PBXGroup;
			children = (
				1DB9D9E11E72B01800C4D2C4 /* HelveticaNeue-Bold.otf */,
				1DB9D9E21E72B01800C4D2C4 /* HelveticaNeue-BoldItalic.otf */,
				1DB9D9E31E72B01800C4D2C4 /* HelveticaNeue-CondensedBlack.otf */,
				1DB9D9E41E72B01800C4D2C4 /* HelveticaNeue-CondensedBold.otf */,
				1DB9D9E51E72B01800C4D2C4 /* HelveticaNeue-Italic.otf */,
				1DB9D9E61E72B01800C4D2C4 /* HelveticaNeue-Light.otf */,
				1DB9D9E71E72B01800C4D2C4 /* HelveticaNeue-LightItalic.otf */,
				1DB9D9E81E72B01800C4D2C4 /* HelveticaNeue-Medium.otf */,
				1DB9D9E91E72B01800C4D2C4 /* HelveticaNeue-UltraLight.otf */,
				1DB9D9EA1E72B01800C4D2C4 /* HelveticaNeue-UltraLightItalic.otf */,
				1DB9D9EB1E72B01800C4D2C4 /* HelveticaNeue.otf */,
				1DB9D9EC1E72B01800C4D2C4 /* mac original dfont */,
			);
			path = "Helvetica Neue";
			sourceTree = "<group>";
		};
		1DB9D9EC1E72B01800C4D2C4 /* mac original dfont */ = {
			isa = PBXGroup;
			children = (
				1DB9D9ED1E72B01800C4D2C4 /* HelveticaNeue.dfont */,
			);
			path = "mac original dfont";
			sourceTree = "<group>";
		};
		1DBC28EB1E7163700090BCFA /* SSS */ = {
			isa = PBXGroup;
			children = (
				1D0C221C1E782A8800C42C6A /* Datasource */,
				1D0C22111E78207B00C42C6A /* Cells */,
				1D54D3191E77B72000E955BB /* CommonFunctions */,
				1DB9D9B41E72AA6B00C4D2C4 /* Fonts */,
				1DBC29C51E7172370090BCFA /* MVC */,
				1DBC29C11E71717E0090BCFA /* Headers */,
				1DBC291B1E71676E0090BCFA /* ThirdParty */,
				1DBC28EC1E7163700090BCFA /* API */,
				1DBC28ED1E7163700090BCFA /* AppDelegate */,
				1DBC29071E7163700090BCFA /* Extensions */,
				1DBC29081E7163700090BCFA /* Info.plist */,
			);
			path = SSS;
			sourceTree = "<group>";
		};
		1DBC28EC1E7163700090BCFA /* API */ = {
			isa = PBXGroup;
			children = (
				1DBC29B61E716AF90090BCFA /* APIConstants.swift */,
				1DBC29B81E716B040090BCFA /* APIRoutes.swift */,
				1DBC29BA1E716B0E0090BCFA /* APIManager.swift */,
				1DBC29BC1E716B1A0090BCFA /* HTTPClient.swift */,
			);
			path = API;
			sourceTree = "<group>";
		};
		1DBC28ED1E7163700090BCFA /* AppDelegate */ = {
			isa = PBXGroup;
			children = (
				1DBC28EE1E7163700090BCFA /* AppDelegate.swift */,
			);
			path = AppDelegate;
			sourceTree = "<group>";
		};
		1DBC29071E7163700090BCFA /* Extensions */ = {
			isa = PBXGroup;
			children = (
			);
			path = Extensions;
			sourceTree = "<group>";
		};
		1DBC291B1E71676E0090BCFA /* ThirdParty */ = {
			isa = PBXGroup;
			children = (
				1DBC29841E7167C10090BCFA /* RMMapper */,
			);
			path = ThirdParty;
			sourceTree = "<group>";
		};
		1DBC29841E7167C10090BCFA /* RMMapper */ = {
			isa = PBXGroup;
			children = (
				1DBC29921E7168590090BCFA /* NSObject+RMArchivable.h */,
				1DBC29931E7168590090BCFA /* NSObject+RMArchivable.m */,
				1DBC29941E7168590090BCFA /* NSObject+RMCopyable.h */,
				1DBC29951E7168590090BCFA /* NSObject+RMCopyable.m */,
				1DBC29961E7168590090BCFA /* NSUserDefaults+RMSaveCustomObject.h */,
				1DBC29971E7168590090BCFA /* NSUserDefaults+RMSaveCustomObject.m */,
				1DBC29981E7168590090BCFA /* RMMapper.h */,
				1DBC29991E7168590090BCFA /* RMMapper.m */,
				1DBC29911E7168580090BCFA /* SSS-Bridging-Header.h */,
			);
			path = RMMapper;
			sourceTree = "<group>";
		};
		1DBC29C11E71717E0090BCFA /* Headers */ = {
			isa = PBXGroup;
			children = (
				1DBC29C21E71717E0090BCFA /* Constants */,
			);
			path = Headers;
			sourceTree = "<group>";
		};
		1DBC29C21E71717E0090BCFA /* Constants */ = {
			isa = PBXGroup;
			children = (
				1DB9D9861E72754F00C4D2C4 /* Images.swift */,
			);
			path = Constants;
			sourceTree = "<group>";
		};
		1DBC29C51E7172370090BCFA /* MVC */ = {
			isa = PBXGroup;
			children = (
				1DBC29C61E7172370090BCFA /* Controller */,
				1DBC29E91E7172370090BCFA /* View */,
			);
			path = MVC;
			sourceTree = "<group>";
		};
		1DBC29C61E7172370090BCFA /* Controller */ = {
			isa = PBXGroup;
			children = (
				1DC80C8A1E7914AB0004445E /* Home */,
				1D54D3101E77AFA800E955BB /* BaseViewController */,
				1DBC29D11E7172370090BCFA /* LoginViewController */,
				1DBC29D31E7172370090BCFA /* NotificationViewController */,
				1DBC29D51E7172370090BCFA /* ProfileViewController */,
				1DBC29D71E7172370090BCFA /* SafeListViewController */,
				1DBC29D91E7172370090BCFA /* SidePanelViewController */,
				1DBC29DB1E7172370090BCFA /* SignUp */,
				1DBC29E71E7172370090BCFA /* SplashViewController */,
			);
			path = Controller;
			sourceTree = "<group>";
		};
		1DBC29D11E7172370090BCFA /* LoginViewController */ = {
			isa = PBXGroup;
			children = (
				1DBC29D21E7172370090BCFA /* LoginViewController.swift */,
			);
			path = LoginViewController;
			sourceTree = "<group>";
		};
		1DBC29D31E7172370090BCFA /* NotificationViewController */ = {
			isa = PBXGroup;
			children = (
				1DBC29D41E7172370090BCFA /* NotificationViewController.swift */,
			);
			path = NotificationViewController;
			sourceTree = "<group>";
		};
		1DBC29D51E7172370090BCFA /* ProfileViewController */ = {
			isa = PBXGroup;
			children = (
				1DBC29D61E7172370090BCFA /* ProfileViewController.swift */,
			);
			path = ProfileViewController;
			sourceTree = "<group>";
		};
		1DBC29D71E7172370090BCFA /* SafeListViewController */ = {
			isa = PBXGroup;
			children = (
				1DBC29D81E7172370090BCFA /* SafeListViewController.swift */,
			);
			path = SafeListViewController;
			sourceTree = "<group>";
		};
		1DBC29D91E7172370090BCFA /* SidePanelViewController */ = {
			isa = PBXGroup;
			children = (
				1DBC29DA1E7172370090BCFA /* SidePanelViewController.swift */,
			);
			path = SidePanelViewController;
			sourceTree = "<group>";
		};
		1DBC29DB1E7172370090BCFA /* SignUp */ = {
			isa = PBXGroup;
			children = (
				1DBC29DC1E7172370090BCFA /* EnterDetailsFirstViewController */,
				1DBC29DE1E7172370090BCFA /* EnterDetailsFourth */,
				1DBC29E31E7172370090BCFA /* EnterDetailsSecondViewController */,
				1DBC29E51E7172370090BCFA /* EnterDetailsThirdViewController */,
			);
			path = SignUp;
			sourceTree = "<group>";
		};
		1DBC29DC1E7172370090BCFA /* EnterDetailsFirstViewController */ = {
			isa = PBXGroup;
			children = (
				1DBC29DD1E7172370090BCFA /* EnterDetailsFirstViewController.swift */,
			);
			path = EnterDetailsFirstViewController;
			sourceTree = "<group>";
		};
		1DBC29DE1E7172370090BCFA /* EnterDetailsFourth */ = {
			isa = PBXGroup;
			children = (
				1DBC29DF1E7172370090BCFA /* CardTransactionViewController */,
				1DBC29E11E7172370090BCFA /* SSSPackageViewController */,
			);
			path = EnterDetailsFourth;
			sourceTree = "<group>";
		};
		1DBC29DF1E7172370090BCFA /* CardTransactionViewController */ = {
			isa = PBXGroup;
			children = (
				1DBC29E01E7172370090BCFA /* CardTransactionViewController.swift */,
			);
			path = CardTransactionViewController;
			sourceTree = "<group>";
		};
		1DBC29E11E7172370090BCFA /* SSSPackageViewController */ = {
			isa = PBXGroup;
			children = (
				1DBC29E21E7172370090BCFA /* SSSPackageViewController.swift */,
			);
			path = SSSPackageViewController;
			sourceTree = "<group>";
		};
		1DBC29E31E7172370090BCFA /* EnterDetailsSecondViewController */ = {
			isa = PBXGroup;
			children = (
				1DBC29E41E7172370090BCFA /* EnterDetailsSecondViewController.swift */,
			);
			path = EnterDetailsSecondViewController;
			sourceTree = "<group>";
		};
		1DBC29E51E7172370090BCFA /* EnterDetailsThirdViewController */ = {
			isa = PBXGroup;
			children = (
				1DBC29E61E7172370090BCFA /* EnterDetailsThirdViewController.swift */,
			);
			path = EnterDetailsThirdViewController;
			sourceTree = "<group>";
		};
		1DBC29E71E7172370090BCFA /* SplashViewController */ = {
			isa = PBXGroup;
			children = (
				1DBC29E81E7172370090BCFA /* SplashViewController.swift */,
			);
			path = SplashViewController;
			sourceTree = "<group>";
		};
		1DBC29E91E7172370090BCFA /* View */ = {
			isa = PBXGroup;
			children = (
				1DB9D9841E7264EB00C4D2C4 /* Assets.xcassets */,
				1DBC29EB1E7172370090BCFA /* LaunchScreen.storyboard */,
				1DBC29ED1E7172370090BCFA /* Main.storyboard */,
				1D98D6E91E72C53700F6BD64 /* SignUp.storyboard */,
			);
			path = View;
			sourceTree = "<group>";
		};
		1DC80C8A1E7914AB0004445E /* Home */ = {
			isa = PBXGroup;
			children = (
				1DC80C8B1E7914AB0004445E /* PageOne */,
				1DC80C8E1E7914AB0004445E /* PageThree */,
				1DC80C911E7914AB0004445E /* PageTwo */,
				1DC80C941E7914AB0004445E /* PageViewController */,
				1DC80C961E7914AB0004445E /* SubmitComplaintViewController */,
			);
			path = Home;
			sourceTree = "<group>";
		};
		1DC80C8B1E7914AB0004445E /* PageOne */ = {
			isa = PBXGroup;
			children = (
				1DC80C8C1E7914AB0004445E /* RecordingsViewController */,
			);
			path = PageOne;
			sourceTree = "<group>";
		};
		1DC80C8C1E7914AB0004445E /* RecordingsViewController */ = {
			isa = PBXGroup;
			children = (
				1DC80C8D1E7914AB0004445E /* RecordingsViewController.swift */,
			);
			path = RecordingsViewController;
			sourceTree = "<group>";
		};
		1DC80C8E1E7914AB0004445E /* PageThree */ = {
			isa = PBXGroup;
			children = (
				1DC80C8F1E7914AB0004445E /* ComplaintListViewController */,
			);
			path = PageThree;
			sourceTree = "<group>";
		};
		1DC80C8F1E7914AB0004445E /* ComplaintListViewController */ = {
			isa = PBXGroup;
			children = (
				1DC80C901E7914AB0004445E /* ComplaintListViewController.swift */,
			);
			path = ComplaintListViewController;
			sourceTree = "<group>";
		};
		1DC80C911E7914AB0004445E /* PageTwo */ = {
			isa = PBXGroup;
			children = (
				1DC80C921E7914AB0004445E /* HomeViewController */,
			);
			path = PageTwo;
			sourceTree = "<group>";
		};
		1DC80C921E7914AB0004445E /* HomeViewController */ = {
			isa = PBXGroup;
			children = (
				1DC80C931E7914AB0004445E /* HomeViewController.swift */,
			);
			path = HomeViewController;
			sourceTree = "<group>";
		};
		1DC80C941E7914AB0004445E /* PageViewController */ = {
			isa = PBXGroup;
			children = (
				1DC80C951E7914AB0004445E /* PageViewController.swift */,
			);
			path = PageViewController;
			sourceTree = "<group>";
		};
		1DC80C961E7914AB0004445E /* SubmitComplaintViewController */ = {
			isa = PBXGroup;
			children = (
				1DC80C971E7914AB0004445E /* SubmitComplaintViewController.swift */,
			);
			path = SubmitComplaintViewController;
			sourceTree = "<group>";
		};
		1DD216191E6FE34B009E1296 = {
			isa = PBXGroup;
			children = (
				1DBC28EB1E7163700090BCFA /* SSS */,
				1DD216231E6FE34B009E1296 /* Products */,
				8F9FEE0F376DDFB87681DD24 /* Pods */,
				0CE814A94F80950978B9F467 /* Frameworks */,
			);
			sourceTree = "<group>";
		};
		1DD216231E6FE34B009E1296 /* Products */ = {
			isa = PBXGroup;
			children = (
				1DD216221E6FE34B009E1296 /* SSS.app */,
			);
			name = Products;
			sourceTree = "<group>";
		};
		8F9FEE0F376DDFB87681DD24 /* Pods */ = {
			isa = PBXGroup;
			children = (
				DD160A99A039F880F3E47172 /* Pods-SSS.debug.xcconfig */,
				90C7908565C4A81C8BDDA6E4 /* Pods-SSS.release.xcconfig */,
			);
			name = Pods;
			sourceTree = "<group>";
		};
/* End PBXGroup section */

/* Begin PBXNativeTarget section */
		1DD216211E6FE34B009E1296 /* SSS */ = {
			isa = PBXNativeTarget;
			buildConfigurationList = 1DD216341E6FE34B009E1296 /* Build configuration list for PBXNativeTarget "SSS" */;
			buildPhases = (
				818D5F8D961B3447532CD256 /* [CP] Check Pods Manifest.lock */,
				1DBC2A031E718D010090BCFA /* Swiftgen */,
				1DD2161E1E6FE34B009E1296 /* Sources */,
				1DD2161F1E6FE34B009E1296 /* Frameworks */,
				1DD216201E6FE34B009E1296 /* Resources */,
				0AF758533825B21B58084FE5 /* [CP] Embed Pods Frameworks */,
				3801AABD692EC01F14865BC8 /* [CP] Copy Pods Resources */,
				1DBC29C01E716F7A0090BCFA /* Fabric/Rashlytics */,
			);
			buildRules = (
			);
			dependencies = (
			);
			name = SSS;
			productName = SSS;
			productReference = 1DD216221E6FE34B009E1296 /* SSS.app */;
			productType = "com.apple.product-type.application";
		};
/* End PBXNativeTarget section */

/* Begin PBXProject section */
		1DD2161A1E6FE34B009E1296 /* Project object */ = {
			isa = PBXProject;
			attributes = {
				LastSwiftUpdateCheck = 0820;
				LastUpgradeCheck = 0820;
				ORGANIZATIONNAME = Codebrew;
				TargetAttributes = {
					1DD216211E6FE34B009E1296 = {
						CreatedOnToolsVersion = 8.2.1;
						LastSwiftMigration = 0820;
						ProvisioningStyle = Automatic;
					};
				};
			};
			buildConfigurationList = 1DD2161D1E6FE34B009E1296 /* Build configuration list for PBXProject "SSS" */;
			compatibilityVersion = "Xcode 3.2";
			developmentRegion = English;
			hasScannedForEncodings = 0;
			knownRegions = (
				en,
				Base,
			);
			mainGroup = 1DD216191E6FE34B009E1296;
			productRefGroup = 1DD216231E6FE34B009E1296 /* Products */;
			projectDirPath = "";
			projectRoot = "";
			targets = (
				1DD216211E6FE34B009E1296 /* SSS */,
			);
		};
/* End PBXProject section */

/* Begin PBXResourcesBuildPhase section */
		1DD216201E6FE34B009E1296 /* Resources */ = {
			isa = PBXResourcesBuildPhase;
			buildActionMask = 2147483647;
			files = (
				1DB9D9DE1E72AA6B00C4D2C4 /* SF-UI-Text-Semibold.otf in Resources */,
				1DB9D9CB1E72AA6B00C4D2C4 /* SF-UI-Display-Black.otf in Resources */,
				1DB9D9DB1E72AA6B00C4D2C4 /* SF-UI-Text-MediumItalic.otf in Resources */,
				1DB9D9F11E72B01800C4D2C4 /* HelveticaNeue-CondensedBold.otf in Resources */,
				1DB9D9EE1E72B01800C4D2C4 /* HelveticaNeue-Bold.otf in Resources */,
				1DBC29FF1E7172370090BCFA /* LaunchScreen.storyboard in Resources */,
				1DB9D9D01E72AA6B00C4D2C4 /* SF-UI-Display-Regular.otf in Resources */,
				1DB9D9CE1E72AA6B00C4D2C4 /* SF-UI-Display-Light.otf in Resources */,
				1DB9D9EF1E72B01800C4D2C4 /* HelveticaNeue-BoldItalic.otf in Resources */,
				1DB9D9D31E72AA6B00C4D2C4 /* SF-UI-Display-Ultralight.otf in Resources */,
				1DB9D9D21E72AA6B00C4D2C4 /* SF-UI-Display-Thin.otf in Resources */,
				1DB9D9CF1E72AA6B00C4D2C4 /* SF-UI-Display-Medium.otf in Resources */,
				1DBC29141E7163700090BCFA /* Info.plist in Resources */,
				1D98D6EB1E72C53700F6BD64 /* SignUp.storyboard in Resources */,
				1D0C221B1E7820C000C42C6A /* ComplaintTableCell.xib in Resources */,
				1DB9D9F01E72B01800C4D2C4 /* HelveticaNeue-CondensedBlack.otf in Resources */,
				1DB9D9DA1E72AA6B00C4D2C4 /* SF-UI-Text-Medium.otf in Resources */,
				1DB9D9F51E72B01800C4D2C4 /* HelveticaNeue-Medium.otf in Resources */,
				1DB9D9F31E72B01800C4D2C4 /* HelveticaNeue-Light.otf in Resources */,
				1DB9D9F71E72B01800C4D2C4 /* HelveticaNeue-UltraLightItalic.otf in Resources */,
				1DB9D9F81E72B01800C4D2C4 /* HelveticaNeue.otf in Resources */,
				1DB9D9D41E72AA6B00C4D2C4 /* SF-UI-Text-Bold.otf in Resources */,
				1DB9D9F41E72B01800C4D2C4 /* HelveticaNeue-LightItalic.otf in Resources */,
				1DB9D9851E7264EB00C4D2C4 /* Assets.xcassets in Resources */,
				1DB9D9CC1E72AA6B00C4D2C4 /* SF-UI-Display-Bold.otf in Resources */,
				1DB9D9F91E72B01800C4D2C4 /* HelveticaNeue.dfont in Resources */,
				1DB9D9F21E72B01800C4D2C4 /* HelveticaNeue-Italic.otf in Resources */,
				1DB9D9D61E72AA6B00C4D2C4 /* SF-UI-Text-Heavy.otf in Resources */,
				1DB9D9DD1E72AA6B00C4D2C4 /* SF-UI-Text-RegularItalic.otf in Resources */,
				1DB9D9DC1E72AA6B00C4D2C4 /* SF-UI-Text-Regular.otf in Resources */,
				1DB9D9DF1E72AA6B00C4D2C4 /* SF-UI-Text-SemiboldItalic.otf in Resources */,
				1DB9D9CD1E72AA6B00C4D2C4 /* SF-UI-Display-Heavy.otf in Resources */,
				1DBC2A001E7172370090BCFA /* Main.storyboard in Resources */,
				1DB9D9D71E72AA6B00C4D2C4 /* SF-UI-Text-HeavyItalic.otf in Resources */,
				1DB9D9D51E72AA6B00C4D2C4 /* SF-UI-Text-BoldItalic.otf in Resources */,
				1DB9D9D91E72AA6B00C4D2C4 /* SF-UI-Text-LightItalic.otf in Resources */,
				1DB9D9D81E72AA6B00C4D2C4 /* SF-UI-Text-Light.otf in Resources */,
				1DB9D9F61E72B01800C4D2C4 /* HelveticaNeue-UltraLight.otf in Resources */,
				1D0C22171E7820AE00C42C6A /* RecordingTableCell.xib in Resources */,
				1DB9D9D11E72AA6B00C4D2C4 /* SF-UI-Display-Semibold.otf in Resources */,
			);
			runOnlyForDeploymentPostprocessing = 0;
		};
/* End PBXResourcesBuildPhase section */

/* Begin PBXShellScriptBuildPhase section */
		0AF758533825B21B58084FE5 /* [CP] Embed Pods Frameworks */ = {
			isa = PBXShellScriptBuildPhase;
			buildActionMask = 2147483647;
			files = (
			);
			inputPaths = (
			);
			name = "[CP] Embed Pods Frameworks";
			outputPaths = (
			);
			runOnlyForDeploymentPostprocessing = 0;
			shellPath = /bin/sh;
			shellScript = "\"${SRCROOT}/Pods/Target Support Files/Pods-SSS/Pods-SSS-frameworks.sh\"\n";
			showEnvVarsInLog = 0;
		};
		1DBC29C01E716F7A0090BCFA /* Fabric/Rashlytics */ = {
			isa = PBXShellScriptBuildPhase;
			buildActionMask = 2147483647;
			files = (
			);
			inputPaths = (
			);
			name = Fabric/Rashlytics;
			outputPaths = (
			);
			runOnlyForDeploymentPostprocessing = 0;
			shellPath = /bin/sh;
			shellScript = "\"${PODS_ROOT}/Fabric/run\" 5d13c0820d02feea96358c1e301bb612078a9a53 448e6cdf6770d300a814ec155c0c4bd0db0c27ad3ed7d7ac48bc5cb99e9581d0";
		};
		1DBC2A031E718D010090BCFA /* Swiftgen */ = {
			isa = PBXShellScriptBuildPhase;
			buildActionMask = 12;
			files = (
			);
			inputPaths = (
			);
			name = Swiftgen;
			outputPaths = (
			);
			runOnlyForDeploymentPostprocessing = 0;
			shellPath = /bin/sh;
			shellScript = "swiftgen images -t swift3 \"$PROJECT_DIR/SSS/MVC/View/Assets.xcassets\" --output \"$PROJECT_DIR/SSS/Headers/Constants/Images.swift\"";
		};
		3801AABD692EC01F14865BC8 /* [CP] Copy Pods Resources */ = {
			isa = PBXShellScriptBuildPhase;
			buildActionMask = 2147483647;
			files = (
			);
			inputPaths = (
			);
			name = "[CP] Copy Pods Resources";
			outputPaths = (
			);
			runOnlyForDeploymentPostprocessing = 0;
			shellPath = /bin/sh;
			shellScript = "\"${SRCROOT}/Pods/Target Support Files/Pods-SSS/Pods-SSS-resources.sh\"\n";
			showEnvVarsInLog = 0;
		};
		818D5F8D961B3447532CD256 /* [CP] Check Pods Manifest.lock */ = {
			isa = PBXShellScriptBuildPhase;
			buildActionMask = 2147483647;
			files = (
			);
			inputPaths = (
			);
			name = "[CP] Check Pods Manifest.lock";
			outputPaths = (
			);
			runOnlyForDeploymentPostprocessing = 0;
			shellPath = /bin/sh;
			shellScript = "diff \"${PODS_ROOT}/../Podfile.lock\" \"${PODS_ROOT}/Manifest.lock\" > /dev/null\nif [ $? != 0 ] ; then\n    # print error to STDERR\n    echo \"error: The sandbox is not in sync with the Podfile.lock. Run 'pod install' or update your CocoaPods installation.\" >&2\n    exit 1\nfi\n";
			showEnvVarsInLog = 0;
		};
/* End PBXShellScriptBuildPhase section */

/* Begin PBXSourcesBuildPhase section */
		1DD2161E1E6FE34B009E1296 /* Sources */ = {
			isa = PBXSourcesBuildPhase;
			buildActionMask = 2147483647;
			files = (
				1DBC290F1E7163700090BCFA /* AppDelegate.swift in Sources */,
				1DBC29F41E7172370090BCFA /* NotificationViewController.swift in Sources */,
				1DBC299D1E7168590090BCFA /* RMMapper.m in Sources */,
				1DBC29F31E7172370090BCFA /* LoginViewController.swift in Sources */,
				1DBC29F91E7172370090BCFA /* CardTransactionViewController.swift in Sources */,
				1DBC29F71E7172370090BCFA /* SidePanelViewController.swift in Sources */,
				1DBC29BD1E716B1A0090BCFA /* HTTPClient.swift in Sources */,
				1DBC29FD1E7172370090BCFA /* SplashViewController.swift in Sources */,
				1DC80C981E7914AB0004445E /* RecordingsViewController.swift in Sources */,
				1DBC29F51E7172370090BCFA /* ProfileViewController.swift in Sources */,
				1DBC29B91E716B040090BCFA /* APIRoutes.swift in Sources */,
				1DBC299C1E7168590090BCFA /* NSUserDefaults+RMSaveCustomObject.m in Sources */,
				1D54D3121E77AFB700E955BB /* BaseViewController.swift in Sources */,
				1DBC29FA1E7172370090BCFA /* SSSPackageViewController.swift in Sources */,
				1DC80C9C1E7914AB0004445E /* SubmitComplaintViewController.swift in Sources */,
				1D0C22161E7820AE00C42C6A /* RecordingTableCell.swift in Sources */,
				1DBC299B1E7168590090BCFA /* NSObject+RMCopyable.m in Sources */,
				1D0C221A1E7820C000C42C6A /* ComplaintTableCell.swift in Sources */,
				1DC80C991E7914AB0004445E /* ComplaintListViewController.swift in Sources */,
				1DBC29F61E7172370090BCFA /* SafeListViewController.swift in Sources */,
				1DC80C9A1E7914AB0004445E /* HomeViewController.swift in Sources */,
				1DBC29B71E716AF90090BCFA /* APIConstants.swift in Sources */,
				1DBC29BB1E716B0E0090BCFA /* APIManager.swift in Sources */,
				1DC80C9B1E7914AB0004445E /* PageViewController.swift in Sources */,
				1DBC299A1E7168590090BCFA /* NSObject+RMArchivable.m in Sources */,
				1DBC29FB1E7172370090BCFA /* EnterDetailsSecondViewController.swift in Sources */,
				1DB9D9871E72754F00C4D2C4 /* Images.swift in Sources */,
				1DBC29FC1E7172370090BCFA /* EnterDetailsThirdViewController.swift in Sources */,
				1DBC29F81E7172370090BCFA /* EnterDetailsFirstViewController.swift in Sources */,
				1D0C221F1E782AAB00C42C6A /* TableViewDataSource.swift in Sources */,
			);
			runOnlyForDeploymentPostprocessing = 0;
		};
/* End PBXSourcesBuildPhase section */

/* Begin PBXVariantGroup section */
		1D98D6E91E72C53700F6BD64 /* SignUp.storyboard */ = {
			isa = PBXVariantGroup;
			children = (
				1D98D6EA1E72C53700F6BD64 /* Base */,
			);
			name = SignUp.storyboard;
			sourceTree = "<group>";
		};
		1DBC29EB1E7172370090BCFA /* LaunchScreen.storyboard */ = {
			isa = PBXVariantGroup;
			children = (
				1DBC29EC1E7172370090BCFA /* Base */,
			);
			name = LaunchScreen.storyboard;
			sourceTree = "<group>";
		};
		1DBC29ED1E7172370090BCFA /* Main.storyboard */ = {
			isa = PBXVariantGroup;
			children = (
				1DBC29EE1E7172370090BCFA /* Base */,
			);
			name = Main.storyboard;
			sourceTree = "<group>";
		};
/* End PBXVariantGroup section */

/* Begin XCBuildConfiguration section */
		1DD216321E6FE34B009E1296 /* Debug */ = {
			isa = XCBuildConfiguration;
			buildSettings = {
				ALWAYS_SEARCH_USER_PATHS = NO;
				CLANG_ANALYZER_NONNULL = YES;
				CLANG_CXX_LANGUAGE_STANDARD = "gnu++0x";
				CLANG_CXX_LIBRARY = "libc++";
				CLANG_ENABLE_MODULES = YES;
				CLANG_ENABLE_OBJC_ARC = YES;
				CLANG_WARN_BOOL_CONVERSION = YES;
				CLANG_WARN_CONSTANT_CONVERSION = YES;
				CLANG_WARN_DIRECT_OBJC_ISA_USAGE = YES_ERROR;
				CLANG_WARN_DOCUMENTATION_COMMENTS = YES;
				CLANG_WARN_EMPTY_BODY = YES;
				CLANG_WARN_ENUM_CONVERSION = YES;
				CLANG_WARN_INFINITE_RECURSION = YES;
				CLANG_WARN_INT_CONVERSION = YES;
				CLANG_WARN_OBJC_ROOT_CLASS = YES_ERROR;
				CLANG_WARN_SUSPICIOUS_MOVE = YES;
				CLANG_WARN_UNREACHABLE_CODE = YES;
				CLANG_WARN__DUPLICATE_METHOD_MATCH = YES;
				"CODE_SIGN_IDENTITY[sdk=iphoneos*]" = "iPhone Developer";
				COPY_PHASE_STRIP = NO;
				DEBUG_INFORMATION_FORMAT = dwarf;
				ENABLE_STRICT_OBJC_MSGSEND = YES;
				ENABLE_TESTABILITY = YES;
				GCC_C_LANGUAGE_STANDARD = gnu99;
				GCC_DYNAMIC_NO_PIC = NO;
				GCC_NO_COMMON_BLOCKS = YES;
				GCC_OPTIMIZATION_LEVEL = 0;
				GCC_PREPROCESSOR_DEFINITIONS = (
					"DEBUG=1",
					"$(inherited)",
				);
				GCC_WARN_64_TO_32_BIT_CONVERSION = YES;
				GCC_WARN_ABOUT_RETURN_TYPE = YES_ERROR;
				GCC_WARN_UNDECLARED_SELECTOR = YES;
				GCC_WARN_UNINITIALIZED_AUTOS = YES_AGGRESSIVE;
				GCC_WARN_UNUSED_FUNCTION = YES;
				GCC_WARN_UNUSED_VARIABLE = YES;
				IPHONEOS_DEPLOYMENT_TARGET = 10.2;
				MTL_ENABLE_DEBUG_INFO = YES;
				ONLY_ACTIVE_ARCH = YES;
				SDKROOT = iphoneos;
				SWIFT_ACTIVE_COMPILATION_CONDITIONS = DEBUG;
				SWIFT_OPTIMIZATION_LEVEL = "-Onone";
				TARGETED_DEVICE_FAMILY = "1,2";
			};
			name = Debug;
		};
		1DD216331E6FE34B009E1296 /* Release */ = {
			isa = XCBuildConfiguration;
			buildSettings = {
				ALWAYS_SEARCH_USER_PATHS = NO;
				CLANG_ANALYZER_NONNULL = YES;
				CLANG_CXX_LANGUAGE_STANDARD = "gnu++0x";
				CLANG_CXX_LIBRARY = "libc++";
				CLANG_ENABLE_MODULES = YES;
				CLANG_ENABLE_OBJC_ARC = YES;
				CLANG_WARN_BOOL_CONVERSION = YES;
				CLANG_WARN_CONSTANT_CONVERSION = YES;
				CLANG_WARN_DIRECT_OBJC_ISA_USAGE = YES_ERROR;
				CLANG_WARN_DOCUMENTATION_COMMENTS = YES;
				CLANG_WARN_EMPTY_BODY = YES;
				CLANG_WARN_ENUM_CONVERSION = YES;
				CLANG_WARN_INFINITE_RECURSION = YES;
				CLANG_WARN_INT_CONVERSION = YES;
				CLANG_WARN_OBJC_ROOT_CLASS = YES_ERROR;
				CLANG_WARN_SUSPICIOUS_MOVE = YES;
				CLANG_WARN_UNREACHABLE_CODE = YES;
				CLANG_WARN__DUPLICATE_METHOD_MATCH = YES;
				"CODE_SIGN_IDENTITY[sdk=iphoneos*]" = "iPhone Developer";
				COPY_PHASE_STRIP = NO;
				DEBUG_INFORMATION_FORMAT = "dwarf-with-dsym";
				ENABLE_NS_ASSERTIONS = NO;
				ENABLE_STRICT_OBJC_MSGSEND = YES;
				GCC_C_LANGUAGE_STANDARD = gnu99;
				GCC_NO_COMMON_BLOCKS = YES;
				GCC_WARN_64_TO_32_BIT_CONVERSION = YES;
				GCC_WARN_ABOUT_RETURN_TYPE = YES_ERROR;
				GCC_WARN_UNDECLARED_SELECTOR = YES;
				GCC_WARN_UNINITIALIZED_AUTOS = YES_AGGRESSIVE;
				GCC_WARN_UNUSED_FUNCTION = YES;
				GCC_WARN_UNUSED_VARIABLE = YES;
				IPHONEOS_DEPLOYMENT_TARGET = 10.2;
				MTL_ENABLE_DEBUG_INFO = NO;
				SDKROOT = iphoneos;
				SWIFT_OPTIMIZATION_LEVEL = "-Owholemodule";
				TARGETED_DEVICE_FAMILY = "1,2";
				VALIDATE_PRODUCT = YES;
			};
			name = Release;
		};
		1DD216351E6FE34B009E1296 /* Debug */ = {
			isa = XCBuildConfiguration;
			baseConfigurationReference = DD160A99A039F880F3E47172 /* Pods-SSS.debug.xcconfig */;
			buildSettings = {
				ASSETCATALOG_COMPILER_APPICON_NAME = AppIcon;
				CLANG_ENABLE_MODULES = YES;
				FRAMEWORK_SEARCH_PATHS = (
					"$(inherited)",
					"$(PROJECT_DIR)/Pods/Crashlytics",
					"$(PROJECT_DIR)/Pods/Crashlytics/iOS",
					"$(PROJECT_DIR)/Pods/Fabric",
					"$(PROJECT_DIR)/Pods/Fabric/iOS",
					"$(PROJECT_DIR)/Pods/SwiftGen/lib",
				);
				INFOPLIST_FILE = SSS/Info.plist;
				LD_RUNPATH_SEARCH_PATHS = "$(inherited) @executable_path/Frameworks";
				LIBRARY_SEARCH_PATHS = (
					"$(inherited)",
					"$(PROJECT_DIR)/Pods/SwiftGen/lib",
				);
				PRODUCT_BUNDLE_IDENTIFIER = "com.code-brew.SSS";
				PRODUCT_NAME = "$(TARGET_NAME)";
				SWIFT_OBJC_BRIDGING_HEADER = "SSS/ThirdParty/RMMapper/SSS-Bridging-Header.h";
				SWIFT_OPTIMIZATION_LEVEL = "-Onone";
				SWIFT_VERSION = 3.0;
			};
			name = Debug;
		};
		1DD216361E6FE34B009E1296 /* Release */ = {
			isa = XCBuildConfiguration;
			baseConfigurationReference = 90C7908565C4A81C8BDDA6E4 /* Pods-SSS.release.xcconfig */;
			buildSettings = {
				ASSETCATALOG_COMPILER_APPICON_NAME = AppIcon;
				CLANG_ENABLE_MODULES = YES;
				FRAMEWORK_SEARCH_PATHS = (
					"$(inherited)",
					"$(PROJECT_DIR)/Pods/Crashlytics",
					"$(PROJECT_DIR)/Pods/Crashlytics/iOS",
					"$(PROJECT_DIR)/Pods/Fabric",
					"$(PROJECT_DIR)/Pods/Fabric/iOS",
					"$(PROJECT_DIR)/Pods/SwiftGen/lib",
				);
				INFOPLIST_FILE = SSS/Info.plist;
				LD_RUNPATH_SEARCH_PATHS = "$(inherited) @executable_path/Frameworks";
				LIBRARY_SEARCH_PATHS = (
					"$(inherited)",
					"$(PROJECT_DIR)/Pods/SwiftGen/lib",
				);
				PRODUCT_BUNDLE_IDENTIFIER = "com.code-brew.SSS";
				PRODUCT_NAME = "$(TARGET_NAME)";
				SWIFT_OBJC_BRIDGING_HEADER = "SSS/ThirdParty/RMMapper/SSS-Bridging-Header.h";
				SWIFT_VERSION = 3.0;
			};
			name = Release;
		};
/* End XCBuildConfiguration section */

/* Begin XCConfigurationList section */
		1DD2161D1E6FE34B009E1296 /* Build configuration list for PBXProject "SSS" */ = {
			isa = XCConfigurationList;
			buildConfigurations = (
				1DD216321E6FE34B009E1296 /* Debug */,
				1DD216331E6FE34B009E1296 /* Release */,
			);
			defaultConfigurationIsVisible = 0;
			defaultConfigurationName = Release;
		};
		1DD216341E6FE34B009E1296 /* Build configuration list for PBXNativeTarget "SSS" */ = {
			isa = XCConfigurationList;
			buildConfigurations = (
				1DD216351E6FE34B009E1296 /* Debug */,
				1DD216361E6FE34B009E1296 /* Release */,
			);
			defaultConfigurationIsVisible = 0;
			defaultConfigurationName = Release;
		};
/* End XCConfigurationList section */
	};
	rootObject = 1DD2161A1E6FE34B009E1296 /* Project object */;
}
