// !$*UTF8*$!
{
	archiveVersion = 1;
	classes = {
	};
	objectVersion = 46;
	objects = {

/* Begin PBXBuildFile section */
		1D02A2A51EA2058F009A8BCE /* TutorialViewController.swift in Sources */ = {isa = PBXBuildFile; fileRef = 1D02A2A41EA2058F009A8BCE /* TutorialViewController.swift */; };
		1D02A2A71EA20606009A8BCE /* TutorialCollectionViewCell.swift in Sources */ = {isa = PBXBuildFile; fileRef = 1D02A2A61EA20606009A8BCE /* TutorialCollectionViewCell.swift */; };
		1D0A15081E8FB864003F1F5A /* SplashViewController.swift in Sources */ = {isa = PBXBuildFile; fileRef = 1D0A15071E8FB864003F1F5A /* SplashViewController.swift */; };
		1D0A150B1E8FC406003F1F5A /* EditProfileViewController.swift in Sources */ = {isa = PBXBuildFile; fileRef = 1D0A150A1E8FC406003F1F5A /* EditProfileViewController.swift */; };
		1D0A150E1E8FD31B003F1F5A /* ChangePasswordViewController.swift in Sources */ = {isa = PBXBuildFile; fileRef = 1D0A150D1E8FD31B003F1F5A /* ChangePasswordViewController.swift */; };
		1D2822201EA727FD00671424 /* Loader.swift in Sources */ = {isa = PBXBuildFile; fileRef = 1D28221F1EA727FD00671424 /* Loader.swift */; };
		1D29AA131E97D76100E6C45B /* IAPManager.swift in Sources */ = {isa = PBXBuildFile; fileRef = 1D29AA121E97D76100E6C45B /* IAPManager.swift */; };
		1D29AA151E97D93A00E6C45B /* StoreKit.framework in Frameworks */ = {isa = PBXBuildFile; fileRef = 1D29AA141E97D93A00E6C45B /* StoreKit.framework */; };
		1D3EA93E1E9361E400DF40C6 /* LoginChecks.swift in Sources */ = {isa = PBXBuildFile; fileRef = 1D3EA93D1E9361E400DF40C6 /* LoginChecks.swift */; };
		1D3EA9401E93776500DF40C6 /* UIScrollViewExtension.swift in Sources */ = {isa = PBXBuildFile; fileRef = 1D3EA93F1E93776500DF40C6 /* UIScrollViewExtension.swift */; };
		1D5349F81E98B19600B4BF59 /* GoogleService-Info.plist in Resources */ = {isa = PBXBuildFile; fileRef = 1D5349F71E98B19600B4BF59 /* GoogleService-Info.plist */; };
		1D74333F1E93D67800ABC797 /* twitter.swift in Sources */ = {isa = PBXBuildFile; fileRef = 1D74333E1E93D67800ABC797 /* twitter.swift */; };
		1D911C111E8F8487003F2EE7 /* SettingsViewController.swift in Sources */ = {isa = PBXBuildFile; fileRef = 1D911C101E8F8487003F2EE7 /* SettingsViewController.swift */; };
		1D911C141E8F9862003F2EE7 /* ResetPinViewController.swift in Sources */ = {isa = PBXBuildFile; fileRef = 1D911C131E8F9862003F2EE7 /* ResetPinViewController.swift */; };
		1D9A39131E94D797009537B9 /* StringExtensions.swift in Sources */ = {isa = PBXBuildFile; fileRef = 1D9A39121E94D797009537B9 /* StringExtensions.swift */; };
		1DACE2DD1E8E3D2C00CEA8C3 /* LocationManager.swift in Sources */ = {isa = PBXBuildFile; fileRef = 1DACE2DC1E8E3D2C00CEA8C3 /* LocationManager.swift */; };
		1DC3BB411E8CE089009C71E1 /* ComplaintDoneViewController.swift in Sources */ = {isa = PBXBuildFile; fileRef = 1DC3BB401E8CE089009C71E1 /* ComplaintDoneViewController.swift */; };
		1DC3BB451E8D04E7009C71E1 /* UserDataSingleton.swift in Sources */ = {isa = PBXBuildFile; fileRef = 1DC3BB441E8D04E7009C71E1 /* UserDataSingleton.swift */; };
		1DC5FA2D1E96011800E8FE30 /* ic_Mic.png in Resources */ = {isa = PBXBuildFile; fileRef = 1DC5FA2C1E96011800E8FE30 /* ic_Mic.png */; };
		1DC5FA2F1E96068700E8FE30 /* Notification.swift in Sources */ = {isa = PBXBuildFile; fileRef = 1DC5FA2E1E96068700E8FE30 /* Notification.swift */; };
		1DC5FA311E96236600E8FE30 /* Download.swift in Sources */ = {isa = PBXBuildFile; fileRef = 1DC5FA301E96236600E8FE30 /* Download.swift */; };
		1DE1265F1E8BB95600DBE5BA /* APIConstants.swift in Sources */ = {isa = PBXBuildFile; fileRef = 1DE125A41E8BB95600DBE5BA /* APIConstants.swift */; };
		1DE126601E8BB95600DBE5BA /* APIHandler.swift in Sources */ = {isa = PBXBuildFile; fileRef = 1DE125A51E8BB95600DBE5BA /* APIHandler.swift */; };
		1DE126611E8BB95600DBE5BA /* APIManager.swift in Sources */ = {isa = PBXBuildFile; fileRef = 1DE125A61E8BB95600DBE5BA /* APIManager.swift */; };
		1DE126621E8BB95600DBE5BA /* APIRoutes.swift in Sources */ = {isa = PBXBuildFile; fileRef = 1DE125A71E8BB95600DBE5BA /* APIRoutes.swift */; };
		1DE126631E8BB95600DBE5BA /* FBManager.swift in Sources */ = {isa = PBXBuildFile; fileRef = 1DE125A81E8BB95600DBE5BA /* FBManager.swift */; };
		1DE126641E8BB95600DBE5BA /* HTTPClient.swift in Sources */ = {isa = PBXBuildFile; fileRef = 1DE125A91E8BB95600DBE5BA /* HTTPClient.swift */; };
		1DE126651E8BB95600DBE5BA /* LoginEndPoint.swift in Sources */ = {isa = PBXBuildFile; fileRef = 1DE125AA1E8BB95600DBE5BA /* LoginEndPoint.swift */; };
		1DE126661E8BB95600DBE5BA /* TWManager.swift in Sources */ = {isa = PBXBuildFile; fileRef = 1DE125AB1E8BB95600DBE5BA /* TWManager.swift */; };
		1DE126671E8BB95600DBE5BA /* AppDelegate.swift in Sources */ = {isa = PBXBuildFile; fileRef = 1DE125AD1E8BB95600DBE5BA /* AppDelegate.swift */; };
		1DE126681E8BB95600DBE5BA /* Alert.swift in Sources */ = {isa = PBXBuildFile; fileRef = 1DE125AF1E8BB95600DBE5BA /* Alert.swift */; };
		1DE126691E8BB95600DBE5BA /* HandleResponse.swift in Sources */ = {isa = PBXBuildFile; fileRef = 1DE125B01E8BB95600DBE5BA /* HandleResponse.swift */; };
		1DE1266C1E8BB95600DBE5BA /* SidePanel.swift in Sources */ = {isa = PBXBuildFile; fileRef = 1DE125B31E8BB95600DBE5BA /* SidePanel.swift */; };
		1DE1266D1E8BB95600DBE5BA /* Validation.swift in Sources */ = {isa = PBXBuildFile; fileRef = 1DE125B41E8BB95600DBE5BA /* Validation.swift */; };
		1DE1266E1E8BB95600DBE5BA /* ViewExtensions.swift in Sources */ = {isa = PBXBuildFile; fileRef = 1DE125B51E8BB95600DBE5BA /* ViewExtensions.swift */; };
		1DE126711E8BB95600DBE5BA /* TextfieldExtensions.swift in Sources */ = {isa = PBXBuildFile; fileRef = 1DE125BB1E8BB95600DBE5BA /* TextfieldExtensions.swift */; };
		1DE126721E8BB95600DBE5BA /* Constants.swift in Sources */ = {isa = PBXBuildFile; fileRef = 1DE125BF1E8BB95600DBE5BA /* Constants.swift */; };
		1DE126731E8BB95600DBE5BA /* fonts.swift in Sources */ = {isa = PBXBuildFile; fileRef = 1DE125C01E8BB95600DBE5BA /* fonts.swift */; };
		1DE126741E8BB95600DBE5BA /* Images.swift in Sources */ = {isa = PBXBuildFile; fileRef = 1DE125C11E8BB95600DBE5BA /* Images.swift */; };
		1DE126751E8BB95600DBE5BA /* ParamKeys.swift in Sources */ = {isa = PBXBuildFile; fileRef = 1DE125C21E8BB95600DBE5BA /* ParamKeys.swift */; };
		1DE126761E8BB95600DBE5BA /* Storyboards.swift in Sources */ = {isa = PBXBuildFile; fileRef = 1DE125C31E8BB95600DBE5BA /* Storyboards.swift */; };
		1DE126771E8BB95600DBE5BA /* chris_palmer_profile_11.jpg in Resources */ = {isa = PBXBuildFile; fileRef = 1DE125C51E8BB95600DBE5BA /* chris_palmer_profile_11.jpg */; };
		1DE1267A1E8BB95600DBE5BA /* CameraViewController.swift in Sources */ = {isa = PBXBuildFile; fileRef = 1DE125CD1E8BB95600DBE5BA /* CameraViewController.swift */; };
		1DE1267B1E8BB95600DBE5BA /* RecorderViewController.swift in Sources */ = {isa = PBXBuildFile; fileRef = 1DE125CE1E8BB95600DBE5BA /* RecorderViewController.swift */; };
		1DE1267C1E8BB95600DBE5BA /* ComplaintViewController.swift in Sources */ = {isa = PBXBuildFile; fileRef = 1DE125D01E8BB95600DBE5BA /* ComplaintViewController.swift */; };
		1DE1267D1E8BB95600DBE5BA /* WriteComplaintViewController.swift in Sources */ = {isa = PBXBuildFile; fileRef = 1DE125D11E8BB95600DBE5BA /* WriteComplaintViewController.swift */; };
		1DE1267E1E8BB95600DBE5BA /* HomeViewController.swift in Sources */ = {isa = PBXBuildFile; fileRef = 1DE125D21E8BB95600DBE5BA /* HomeViewController.swift */; };
		1DE1267F1E8BB95600DBE5BA /* NotificationViewController.swift in Sources */ = {isa = PBXBuildFile; fileRef = 1DE125D41E8BB95600DBE5BA /* NotificationViewController.swift */; };
		1DE126801E8BB95600DBE5BA /* RecordingViewController.swift in Sources */ = {isa = PBXBuildFile; fileRef = 1DE125D61E8BB95600DBE5BA /* RecordingViewController.swift */; };
		1DE126811E8BB95600DBE5BA /* ImagePickViewController.swift in Sources */ = {isa = PBXBuildFile; fileRef = 1DE125D81E8BB95600DBE5BA /* ImagePickViewController.swift */; };
		1DE126821E8BB95600DBE5BA /* SideMenuViewController.swift in Sources */ = {isa = PBXBuildFile; fileRef = 1DE125DA1E8BB95600DBE5BA /* SideMenuViewController.swift */; };
		1DE126831E8BB95600DBE5BA /* LoginViewController.swift in Sources */ = {isa = PBXBuildFile; fileRef = 1DE125DC1E8BB95600DBE5BA /* LoginViewController.swift */; };
		1DE126861E8BB95600DBE5BA /* SafeListViewController.swift in Sources */ = {isa = PBXBuildFile; fileRef = 1DE125E21E8BB95600DBE5BA /* SafeListViewController.swift */; };
		1DE126881E8BB95600DBE5BA /* EnterDetailsFirstViewController.swift in Sources */ = {isa = PBXBuildFile; fileRef = 1DE125E71E8BB95600DBE5BA /* EnterDetailsFirstViewController.swift */; };
		1DE126891E8BB95600DBE5BA /* EnterDetailsSecondViewController.swift in Sources */ = {isa = PBXBuildFile; fileRef = 1DE125E91E8BB95600DBE5BA /* EnterDetailsSecondViewController.swift */; };
		1DE1268B1E8BB95600DBE5BA /* SSSPackageViewController.swift in Sources */ = {isa = PBXBuildFile; fileRef = 1DE125EE1E8BB95600DBE5BA /* SSSPackageViewController.swift */; };
		1DE1268C1E8BB95600DBE5BA /* facebook.swift in Sources */ = {isa = PBXBuildFile; fileRef = 1DE125F11E8BB95600DBE5BA /* facebook.swift */; };
		1DE1268D1E8BB95600DBE5BA /* Profile.swift in Sources */ = {isa = PBXBuildFile; fileRef = 1DE125F21E8BB95600DBE5BA /* Profile.swift */; };
		1DE1268E1E8BB95600DBE5BA /* Safelist.swift in Sources */ = {isa = PBXBuildFile; fileRef = 1DE125F31E8BB95600DBE5BA /* Safelist.swift */; };
		1DE1268F1E8BB95600DBE5BA /* User.swift in Sources */ = {isa = PBXBuildFile; fileRef = 1DE125F41E8BB95600DBE5BA /* User.swift */; };
		1DE126901E8BB95600DBE5BA /* LaunchScreen.storyboard in Resources */ = {isa = PBXBuildFile; fileRef = 1DE125F61E8BB95600DBE5BA /* LaunchScreen.storyboard */; };
		1DE126921E8BB95600DBE5BA /* SignUp.storyboard in Resources */ = {isa = PBXBuildFile; fileRef = 1DE125FA1E8BB95600DBE5BA /* SignUp.storyboard */; };
		1DE126931E8BB95600DBE5BA /* Main.storyboard in Resources */ = {isa = PBXBuildFile; fileRef = 1DE125FC1E8BB95600DBE5BA /* Main.storyboard */; };
		1DE126941E8BB95600DBE5BA /* ComplaintTableViewCell.swift in Sources */ = {isa = PBXBuildFile; fileRef = 1DE125FE1E8BB95600DBE5BA /* ComplaintTableViewCell.swift */; };
		1DE126951E8BB95600DBE5BA /* NotificationAttachmentTableViewCell.swift in Sources */ = {isa = PBXBuildFile; fileRef = 1DE125FF1E8BB95600DBE5BA /* NotificationAttachmentTableViewCell.swift */; };
		1DE126961E8BB95600DBE5BA /* NotificationTableViewCell.swift in Sources */ = {isa = PBXBuildFile; fileRef = 1DE126001E8BB95600DBE5BA /* NotificationTableViewCell.swift */; };
		1DE126971E8BB95600DBE5BA /* RecordingTableViewCell.swift in Sources */ = {isa = PBXBuildFile; fileRef = 1DE126011E8BB95600DBE5BA /* RecordingTableViewCell.swift */; };
		1DE126981E8BB95600DBE5BA /* SafelistCell.swift in Sources */ = {isa = PBXBuildFile; fileRef = 1DE126021E8BB95600DBE5BA /* SafelistCell.swift */; };
		1DE126991E8BB95600DBE5BA /* Assets.xcassets in Resources */ = {isa = PBXBuildFile; fileRef = 1DE126041E8BB95600DBE5BA /* Assets.xcassets */; };
		1DE1269A1E8BB95600DBE5BA /* HelveticaNeue-Bold.otf in Resources */ = {isa = PBXBuildFile; fileRef = 1DE126071E8BB95600DBE5BA /* HelveticaNeue-Bold.otf */; };
		1DE1269B1E8BB95600DBE5BA /* HelveticaNeue-BoldItalic.otf in Resources */ = {isa = PBXBuildFile; fileRef = 1DE126081E8BB95600DBE5BA /* HelveticaNeue-BoldItalic.otf */; };
		1DE1269C1E8BB95600DBE5BA /* HelveticaNeue-CondensedBlack.otf in Resources */ = {isa = PBXBuildFile; fileRef = 1DE126091E8BB95600DBE5BA /* HelveticaNeue-CondensedBlack.otf */; };
		1DE1269D1E8BB95600DBE5BA /* HelveticaNeue-CondensedBold.otf in Resources */ = {isa = PBXBuildFile; fileRef = 1DE1260A1E8BB95600DBE5BA /* HelveticaNeue-CondensedBold.otf */; };
		1DE1269E1E8BB95600DBE5BA /* HelveticaNeue-Italic.otf in Resources */ = {isa = PBXBuildFile; fileRef = 1DE1260B1E8BB95600DBE5BA /* HelveticaNeue-Italic.otf */; };
		1DE1269F1E8BB95600DBE5BA /* HelveticaNeue-Light.otf in Resources */ = {isa = PBXBuildFile; fileRef = 1DE1260C1E8BB95600DBE5BA /* HelveticaNeue-Light.otf */; };
		1DE126A01E8BB95600DBE5BA /* HelveticaNeue-LightItalic.otf in Resources */ = {isa = PBXBuildFile; fileRef = 1DE1260D1E8BB95600DBE5BA /* HelveticaNeue-LightItalic.otf */; };
		1DE126A11E8BB95600DBE5BA /* HelveticaNeue-Medium.otf in Resources */ = {isa = PBXBuildFile; fileRef = 1DE1260E1E8BB95600DBE5BA /* HelveticaNeue-Medium.otf */; };
		1DE126A21E8BB95600DBE5BA /* HelveticaNeue-UltraLight.otf in Resources */ = {isa = PBXBuildFile; fileRef = 1DE1260F1E8BB95600DBE5BA /* HelveticaNeue-UltraLight.otf */; };
		1DE126A31E8BB95600DBE5BA /* HelveticaNeue-UltraLightItalic.otf in Resources */ = {isa = PBXBuildFile; fileRef = 1DE126101E8BB95600DBE5BA /* HelveticaNeue-UltraLightItalic.otf */; };
		1DE126A41E8BB95600DBE5BA /* HelveticaNeue.otf in Resources */ = {isa = PBXBuildFile; fileRef = 1DE126111E8BB95600DBE5BA /* HelveticaNeue.otf */; };
		1DE126A51E8BB95600DBE5BA /* HelveticaNeue.dfont in Resources */ = {isa = PBXBuildFile; fileRef = 1DE126131E8BB95600DBE5BA /* HelveticaNeue.dfont */; };
		1DE126A61E8BB95600DBE5BA /* SF-UI-Display-Black.otf in Resources */ = {isa = PBXBuildFile; fileRef = 1DE126151E8BB95600DBE5BA /* SF-UI-Display-Black.otf */; };
		1DE126A71E8BB95600DBE5BA /* SF-UI-Display-Bold.otf in Resources */ = {isa = PBXBuildFile; fileRef = 1DE126161E8BB95600DBE5BA /* SF-UI-Display-Bold.otf */; };
		1DE126A81E8BB95600DBE5BA /* SF-UI-Display-Heavy.otf in Resources */ = {isa = PBXBuildFile; fileRef = 1DE126171E8BB95600DBE5BA /* SF-UI-Display-Heavy.otf */; };
		1DE126A91E8BB95600DBE5BA /* SF-UI-Display-Light.otf in Resources */ = {isa = PBXBuildFile; fileRef = 1DE126181E8BB95600DBE5BA /* SF-UI-Display-Light.otf */; };
		1DE126AA1E8BB95600DBE5BA /* SF-UI-Display-Medium.otf in Resources */ = {isa = PBXBuildFile; fileRef = 1DE126191E8BB95600DBE5BA /* SF-UI-Display-Medium.otf */; };
		1DE126AB1E8BB95600DBE5BA /* SF-UI-Display-Regular.otf in Resources */ = {isa = PBXBuildFile; fileRef = 1DE1261A1E8BB95600DBE5BA /* SF-UI-Display-Regular.otf */; };
		1DE126AC1E8BB95600DBE5BA /* SF-UI-Display-Semibold.otf in Resources */ = {isa = PBXBuildFile; fileRef = 1DE1261B1E8BB95600DBE5BA /* SF-UI-Display-Semibold.otf */; };
		1DE126AD1E8BB95600DBE5BA /* SF-UI-Display-Thin.otf in Resources */ = {isa = PBXBuildFile; fileRef = 1DE1261C1E8BB95600DBE5BA /* SF-UI-Display-Thin.otf */; };
		1DE126AE1E8BB95600DBE5BA /* SF-UI-Display-Ultralight.otf in Resources */ = {isa = PBXBuildFile; fileRef = 1DE1261D1E8BB95600DBE5BA /* SF-UI-Display-Ultralight.otf */; };
		1DE126AF1E8BB95600DBE5BA /* SF-UI-Text-Bold.otf in Resources */ = {isa = PBXBuildFile; fileRef = 1DE1261E1E8BB95600DBE5BA /* SF-UI-Text-Bold.otf */; };
		1DE126B01E8BB95600DBE5BA /* SF-UI-Text-BoldItalic.otf in Resources */ = {isa = PBXBuildFile; fileRef = 1DE1261F1E8BB95600DBE5BA /* SF-UI-Text-BoldItalic.otf */; };
		1DE126B11E8BB95600DBE5BA /* SF-UI-Text-Heavy.otf in Resources */ = {isa = PBXBuildFile; fileRef = 1DE126201E8BB95600DBE5BA /* SF-UI-Text-Heavy.otf */; };
		1DE126B21E8BB95600DBE5BA /* SF-UI-Text-HeavyItalic.otf in Resources */ = {isa = PBXBuildFile; fileRef = 1DE126211E8BB95600DBE5BA /* SF-UI-Text-HeavyItalic.otf */; };
		1DE126B31E8BB95600DBE5BA /* SF-UI-Text-Light.otf in Resources */ = {isa = PBXBuildFile; fileRef = 1DE126221E8BB95600DBE5BA /* SF-UI-Text-Light.otf */; };
		1DE126B41E8BB95600DBE5BA /* SF-UI-Text-LightItalic.otf in Resources */ = {isa = PBXBuildFile; fileRef = 1DE126231E8BB95600DBE5BA /* SF-UI-Text-LightItalic.otf */; };
		1DE126B51E8BB95600DBE5BA /* SF-UI-Text-Medium.otf in Resources */ = {isa = PBXBuildFile; fileRef = 1DE126241E8BB95600DBE5BA /* SF-UI-Text-Medium.otf */; };
		1DE126B61E8BB95600DBE5BA /* SF-UI-Text-MediumItalic.otf in Resources */ = {isa = PBXBuildFile; fileRef = 1DE126251E8BB95600DBE5BA /* SF-UI-Text-MediumItalic.otf */; };
		1DE126B71E8BB95600DBE5BA /* SF-UI-Text-Regular.otf in Resources */ = {isa = PBXBuildFile; fileRef = 1DE126261E8BB95600DBE5BA /* SF-UI-Text-Regular.otf */; };
		1DE126B81E8BB95600DBE5BA /* SF-UI-Text-RegularItalic.otf in Resources */ = {isa = PBXBuildFile; fileRef = 1DE126271E8BB95600DBE5BA /* SF-UI-Text-RegularItalic.otf */; };
		1DE126B91E8BB95600DBE5BA /* SF-UI-Text-Semibold.otf in Resources */ = {isa = PBXBuildFile; fileRef = 1DE126281E8BB95600DBE5BA /* SF-UI-Text-Semibold.otf */; };
		1DE126BA1E8BB95600DBE5BA /* SF-UI-Text-SemiboldItalic.otf in Resources */ = {isa = PBXBuildFile; fileRef = 1DE126291E8BB95600DBE5BA /* SF-UI-Text-SemiboldItalic.otf */; };
		1DE126BB1E8BB95600DBE5BA /* ENSideMenu.swift in Sources */ = {isa = PBXBuildFile; fileRef = 1DE1262C1E8BB95600DBE5BA /* ENSideMenu.swift */; };
		1DE126BC1E8BB95600DBE5BA /* ENSideMenuNavigationController.swift in Sources */ = {isa = PBXBuildFile; fileRef = 1DE1262D1E8BB95600DBE5BA /* ENSideMenuNavigationController.swift */; };
		1DE126BD1E8BB95600DBE5BA /* PBJGLProgram.m in Sources */ = {isa = PBXBuildFile; fileRef = 1DE126301E8BB95600DBE5BA /* PBJGLProgram.m */; };
		1DE126BE1E8BB95600DBE5BA /* PBJMediaWriter.m in Sources */ = {isa = PBXBuildFile; fileRef = 1DE126321E8BB95600DBE5BA /* PBJMediaWriter.m */; };
		1DE126BF1E8BB95600DBE5BA /* PBJVision.m in Sources */ = {isa = PBXBuildFile; fileRef = 1DE126341E8BB95600DBE5BA /* PBJVision.m */; };
		1DE126C01E8BB95600DBE5BA /* PBJVisionUtilities.m in Sources */ = {isa = PBXBuildFile; fileRef = 1DE126361E8BB95600DBE5BA /* PBJVisionUtilities.m */; };
		1DE126C11E8BB95600DBE5BA /* Shader.fsh in Resources */ = {isa = PBXBuildFile; fileRef = 1DE126381E8BB95600DBE5BA /* Shader.fsh */; };
		1DE126C21E8BB95600DBE5BA /* Shader.vsh in Resources */ = {isa = PBXBuildFile; fileRef = 1DE126391E8BB95600DBE5BA /* Shader.vsh */; };
		1DE126C31E8BB95600DBE5BA /* IntExtension.swift in Sources */ = {isa = PBXBuildFile; fileRef = 1DE1263D1E8BB95600DBE5BA /* IntExtension.swift */; };
		1DE126C41E8BB95600DBE5BA /* StringExtension.swift in Sources */ = {isa = PBXBuildFile; fileRef = 1DE1263E1E8BB95600DBE5BA /* StringExtension.swift */; };
		1DE126C51E8BB95600DBE5BA /* PinCodeTextField.swift in Sources */ = {isa = PBXBuildFile; fileRef = 1DE1263F1E8BB95600DBE5BA /* PinCodeTextField.swift */; };
		1DE126C61E8BB95600DBE5BA /* PinCodeTextFieldDelegate.swift in Sources */ = {isa = PBXBuildFile; fileRef = 1DE126401E8BB95600DBE5BA /* PinCodeTextFieldDelegate.swift */; };
		1DE126C71E8BB95600DBE5BA /* TextHelper.swift in Sources */ = {isa = PBXBuildFile; fileRef = 1DE126421E8BB95600DBE5BA /* TextHelper.swift */; };
		1DE126CC1E8BB95600DBE5BA /* RPCircularProgress.swift in Sources */ = {isa = PBXBuildFile; fileRef = 1DE1264D1E8BB95600DBE5BA /* RPCircularProgress.swift */; };
		1DE126CD1E8BB95600DBE5BA /* BarPagerTabStripViewController.swift in Sources */ = {isa = PBXBuildFile; fileRef = 1DE1264F1E8BB95600DBE5BA /* BarPagerTabStripViewController.swift */; };
		1DE126CE1E8BB95600DBE5BA /* BarView.swift in Sources */ = {isa = PBXBuildFile; fileRef = 1DE126501E8BB95600DBE5BA /* BarView.swift */; };
		1DE126CF1E8BB95600DBE5BA /* BaseButtonBarPagerTabStripViewController.swift in Sources */ = {isa = PBXBuildFile; fileRef = 1DE126511E8BB95600DBE5BA /* BaseButtonBarPagerTabStripViewController.swift */; };
		1DE126D01E8BB95600DBE5BA /* ButtonBarPagerTabStripViewController.swift in Sources */ = {isa = PBXBuildFile; fileRef = 1DE126521E8BB95600DBE5BA /* ButtonBarPagerTabStripViewController.swift */; };
		1DE126D11E8BB95600DBE5BA /* ButtonBarView.swift in Sources */ = {isa = PBXBuildFile; fileRef = 1DE126531E8BB95600DBE5BA /* ButtonBarView.swift */; };
		1DE126D21E8BB95600DBE5BA /* ButtonBarViewCell.swift in Sources */ = {isa = PBXBuildFile; fileRef = 1DE126541E8BB95600DBE5BA /* ButtonBarViewCell.swift */; };
		1DE126D31E8BB95600DBE5BA /* ButtonCell.xib in Resources */ = {isa = PBXBuildFile; fileRef = 1DE126551E8BB95600DBE5BA /* ButtonCell.xib */; };
		1DE126D41E8BB95600DBE5BA /* FXPageControl.m in Sources */ = {isa = PBXBuildFile; fileRef = 1DE126571E8BB95600DBE5BA /* FXPageControl.m */; };
		1DE126D51E8BB95600DBE5BA /* IndicatorInfo.swift in Sources */ = {isa = PBXBuildFile; fileRef = 1DE126581E8BB95600DBE5BA /* IndicatorInfo.swift */; };
		1DE126D61E8BB95600DBE5BA /* PagerTabStripBehaviour.swift in Sources */ = {isa = PBXBuildFile; fileRef = 1DE126591E8BB95600DBE5BA /* PagerTabStripBehaviour.swift */; };
		1DE126D71E8BB95600DBE5BA /* PagerTabStripError.swift in Sources */ = {isa = PBXBuildFile; fileRef = 1DE1265A1E8BB95600DBE5BA /* PagerTabStripError.swift */; };
		1DE126D81E8BB95600DBE5BA /* PagerTabStripViewController.swift in Sources */ = {isa = PBXBuildFile; fileRef = 1DE1265B1E8BB95600DBE5BA /* PagerTabStripViewController.swift */; };
		1DE126D91E8BB95600DBE5BA /* SegmentedPagerTabStripViewController.swift in Sources */ = {isa = PBXBuildFile; fileRef = 1DE1265C1E8BB95600DBE5BA /* SegmentedPagerTabStripViewController.swift */; };
		1DE126DA1E8BB95600DBE5BA /* SwipeDirection.swift in Sources */ = {isa = PBXBuildFile; fileRef = 1DE1265D1E8BB95600DBE5BA /* SwipeDirection.swift */; };
		1DE126DB1E8BB95600DBE5BA /* TwitterPagerTabStripViewController.swift in Sources */ = {isa = PBXBuildFile; fileRef = 1DE1265E1E8BB95600DBE5BA /* TwitterPagerTabStripViewController.swift */; };
		1DE126DF1E8BBB2B00DBE5BA /* BaseNavigationController.swift in Sources */ = {isa = PBXBuildFile; fileRef = 1DE126DD1E8BBB2B00DBE5BA /* BaseNavigationController.swift */; };
		1DE126E01E8BBB2B00DBE5BA /* BaseViewController.swift in Sources */ = {isa = PBXBuildFile; fileRef = 1DE126DE1E8BBB2B00DBE5BA /* BaseViewController.swift */; };
		1DE126E41E8BBBED00DBE5BA /* NotificationTableviewDataSource.swift in Sources */ = {isa = PBXBuildFile; fileRef = 1DE126E21E8BBBED00DBE5BA /* NotificationTableviewDataSource.swift */; };
		1DE126E51E8BBBED00DBE5BA /* TableViewDataSource.swift in Sources */ = {isa = PBXBuildFile; fileRef = 1DE126E31E8BBBED00DBE5BA /* TableViewDataSource.swift */; };
		1DE126F21E8BC0FC00DBE5BA /* PinValidationViewController.swift in Sources */ = {isa = PBXBuildFile; fileRef = 1DE126F11E8BC0FC00DBE5BA /* PinValidationViewController.swift */; };
		1DE126F61E8BC9E500DBE5BA /* Recording.swift in Sources */ = {isa = PBXBuildFile; fileRef = 1DE126F51E8BC9E500DBE5BA /* Recording.swift */; };
		1DE126F81E8BE76600DBE5BA /* Complaint.swift in Sources */ = {isa = PBXBuildFile; fileRef = 1DE126F71E8BE76600DBE5BA /* Complaint.swift */; };
		1DEEE64E1E92170D00966D4C /* ForgotPasswordViewController.swift in Sources */ = {isa = PBXBuildFile; fileRef = 1DEEE64D1E92170D00966D4C /* ForgotPasswordViewController.swift */; };
		7F704FA8C94C9CC2CAC7FEC0 /* Pods_SSS.framework in Frameworks */ = {isa = PBXBuildFile; fileRef = 2F766C508ABD4F0DAAF6452C /* Pods_SSS.framework */; };
/* End PBXBuildFile section */

/* Begin PBXFileReference section */
		1D02A2A41EA2058F009A8BCE /* TutorialViewController.swift */ = {isa = PBXFileReference; fileEncoding = 4; lastKnownFileType = sourcecode.swift; path = TutorialViewController.swift; sourceTree = "<group>"; };
		1D02A2A61EA20606009A8BCE /* TutorialCollectionViewCell.swift */ = {isa = PBXFileReference; fileEncoding = 4; lastKnownFileType = sourcecode.swift; path = TutorialCollectionViewCell.swift; sourceTree = "<group>"; };
		1D0A15071E8FB864003F1F5A /* SplashViewController.swift */ = {isa = PBXFileReference; fileEncoding = 4; lastKnownFileType = sourcecode.swift; path = SplashViewController.swift; sourceTree = "<group>"; };
		1D0A150A1E8FC406003F1F5A /* EditProfileViewController.swift */ = {isa = PBXFileReference; fileEncoding = 4; lastKnownFileType = sourcecode.swift; path = EditProfileViewController.swift; sourceTree = "<group>"; };
		1D0A150D1E8FD31B003F1F5A /* ChangePasswordViewController.swift */ = {isa = PBXFileReference; fileEncoding = 4; lastKnownFileType = sourcecode.swift; path = ChangePasswordViewController.swift; sourceTree = "<group>"; };
		1D28221F1EA727FD00671424 /* Loader.swift */ = {isa = PBXFileReference; fileEncoding = 4; lastKnownFileType = sourcecode.swift; path = Loader.swift; sourceTree = "<group>"; };
		1D29AA121E97D76100E6C45B /* IAPManager.swift */ = {isa = PBXFileReference; fileEncoding = 4; lastKnownFileType = sourcecode.swift; path = IAPManager.swift; sourceTree = "<group>"; };
		1D29AA141E97D93A00E6C45B /* StoreKit.framework */ = {isa = PBXFileReference; lastKnownFileType = wrapper.framework; name = StoreKit.framework; path = System/Library/Frameworks/StoreKit.framework; sourceTree = SDKROOT; };
		1D3EA93D1E9361E400DF40C6 /* LoginChecks.swift */ = {isa = PBXFileReference; fileEncoding = 4; lastKnownFileType = sourcecode.swift; path = LoginChecks.swift; sourceTree = "<group>"; };
		1D3EA93F1E93776500DF40C6 /* UIScrollViewExtension.swift */ = {isa = PBXFileReference; fileEncoding = 4; lastKnownFileType = sourcecode.swift; path = UIScrollViewExtension.swift; sourceTree = "<group>"; };
		1D5349F71E98B19600B4BF59 /* GoogleService-Info.plist */ = {isa = PBXFileReference; fileEncoding = 4; lastKnownFileType = text.plist.xml; path = "GoogleService-Info.plist"; sourceTree = "<group>"; };
		1D74333E1E93D67800ABC797 /* twitter.swift */ = {isa = PBXFileReference; fileEncoding = 4; lastKnownFileType = sourcecode.swift; path = twitter.swift; sourceTree = "<group>"; };
		1D911C101E8F8487003F2EE7 /* SettingsViewController.swift */ = {isa = PBXFileReference; fileEncoding = 4; lastKnownFileType = sourcecode.swift; path = SettingsViewController.swift; sourceTree = "<group>"; };
		1D911C131E8F9862003F2EE7 /* ResetPinViewController.swift */ = {isa = PBXFileReference; fileEncoding = 4; lastKnownFileType = sourcecode.swift; path = ResetPinViewController.swift; sourceTree = "<group>"; };
		1D9A39121E94D797009537B9 /* StringExtensions.swift */ = {isa = PBXFileReference; fileEncoding = 4; lastKnownFileType = sourcecode.swift; path = StringExtensions.swift; sourceTree = "<group>"; };
		1DACE2DC1E8E3D2C00CEA8C3 /* LocationManager.swift */ = {isa = PBXFileReference; fileEncoding = 4; lastKnownFileType = sourcecode.swift; path = LocationManager.swift; sourceTree = "<group>"; };
		1DC3BB401E8CE089009C71E1 /* ComplaintDoneViewController.swift */ = {isa = PBXFileReference; fileEncoding = 4; lastKnownFileType = sourcecode.swift; path = ComplaintDoneViewController.swift; sourceTree = "<group>"; };
		1DC3BB441E8D04E7009C71E1 /* UserDataSingleton.swift */ = {isa = PBXFileReference; fileEncoding = 4; lastKnownFileType = sourcecode.swift; path = UserDataSingleton.swift; sourceTree = "<group>"; };
		1DC5FA2C1E96011800E8FE30 /* ic_Mic.png */ = {isa = PBXFileReference; lastKnownFileType = image.png; path = ic_Mic.png; sourceTree = "<group>"; };
		1DC5FA2E1E96068700E8FE30 /* Notification.swift */ = {isa = PBXFileReference; fileEncoding = 4; lastKnownFileType = sourcecode.swift; path = Notification.swift; sourceTree = "<group>"; };
		1DC5FA301E96236600E8FE30 /* Download.swift */ = {isa = PBXFileReference; fileEncoding = 4; lastKnownFileType = sourcecode.swift; path = Download.swift; sourceTree = "<group>"; };
		1DD216221E6FE34B009E1296 /* SSS.app */ = {isa = PBXFileReference; explicitFileType = wrapper.application; includeInIndex = 0; path = SSS.app; sourceTree = BUILT_PRODUCTS_DIR; };
		1DE125A41E8BB95600DBE5BA /* APIConstants.swift */ = {isa = PBXFileReference; fileEncoding = 4; lastKnownFileType = sourcecode.swift; path = APIConstants.swift; sourceTree = "<group>"; };
		1DE125A51E8BB95600DBE5BA /* APIHandler.swift */ = {isa = PBXFileReference; fileEncoding = 4; lastKnownFileType = sourcecode.swift; path = APIHandler.swift; sourceTree = "<group>"; };
		1DE125A61E8BB95600DBE5BA /* APIManager.swift */ = {isa = PBXFileReference; fileEncoding = 4; lastKnownFileType = sourcecode.swift; path = APIManager.swift; sourceTree = "<group>"; };
		1DE125A71E8BB95600DBE5BA /* APIRoutes.swift */ = {isa = PBXFileReference; fileEncoding = 4; lastKnownFileType = sourcecode.swift; path = APIRoutes.swift; sourceTree = "<group>"; };
		1DE125A81E8BB95600DBE5BA /* FBManager.swift */ = {isa = PBXFileReference; fileEncoding = 4; lastKnownFileType = sourcecode.swift; path = FBManager.swift; sourceTree = "<group>"; };
		1DE125A91E8BB95600DBE5BA /* HTTPClient.swift */ = {isa = PBXFileReference; fileEncoding = 4; lastKnownFileType = sourcecode.swift; path = HTTPClient.swift; sourceTree = "<group>"; };
		1DE125AA1E8BB95600DBE5BA /* LoginEndPoint.swift */ = {isa = PBXFileReference; fileEncoding = 4; lastKnownFileType = sourcecode.swift; path = LoginEndPoint.swift; sourceTree = "<group>"; };
		1DE125AB1E8BB95600DBE5BA /* TWManager.swift */ = {isa = PBXFileReference; fileEncoding = 4; lastKnownFileType = sourcecode.swift; path = TWManager.swift; sourceTree = "<group>"; };
		1DE125AD1E8BB95600DBE5BA /* AppDelegate.swift */ = {isa = PBXFileReference; fileEncoding = 4; lastKnownFileType = sourcecode.swift; path = AppDelegate.swift; sourceTree = "<group>"; };
		1DE125AF1E8BB95600DBE5BA /* Alert.swift */ = {isa = PBXFileReference; fileEncoding = 4; lastKnownFileType = sourcecode.swift; path = Alert.swift; sourceTree = "<group>"; };
		1DE125B01E8BB95600DBE5BA /* HandleResponse.swift */ = {isa = PBXFileReference; fileEncoding = 4; lastKnownFileType = sourcecode.swift; path = HandleResponse.swift; sourceTree = "<group>"; };
		1DE125B31E8BB95600DBE5BA /* SidePanel.swift */ = {isa = PBXFileReference; fileEncoding = 4; lastKnownFileType = sourcecode.swift; path = SidePanel.swift; sourceTree = "<group>"; };
		1DE125B41E8BB95600DBE5BA /* Validation.swift */ = {isa = PBXFileReference; fileEncoding = 4; lastKnownFileType = sourcecode.swift; path = Validation.swift; sourceTree = "<group>"; };
		1DE125B51E8BB95600DBE5BA /* ViewExtensions.swift */ = {isa = PBXFileReference; fileEncoding = 4; lastKnownFileType = sourcecode.swift; path = ViewExtensions.swift; sourceTree = "<group>"; };
		1DE125BB1E8BB95600DBE5BA /* TextfieldExtensions.swift */ = {isa = PBXFileReference; fileEncoding = 4; lastKnownFileType = sourcecode.swift; path = TextfieldExtensions.swift; sourceTree = "<group>"; };
		1DE125BD1E8BB95600DBE5BA /* BridgingHeader.h */ = {isa = PBXFileReference; fileEncoding = 4; lastKnownFileType = sourcecode.c.h; path = BridgingHeader.h; sourceTree = "<group>"; };
		1DE125BF1E8BB95600DBE5BA /* Constants.swift */ = {isa = PBXFileReference; fileEncoding = 4; lastKnownFileType = sourcecode.swift; path = Constants.swift; sourceTree = "<group>"; };
		1DE125C01E8BB95600DBE5BA /* fonts.swift */ = {isa = PBXFileReference; fileEncoding = 4; lastKnownFileType = sourcecode.swift; path = fonts.swift; sourceTree = "<group>"; };
		1DE125C11E8BB95600DBE5BA /* Images.swift */ = {isa = PBXFileReference; fileEncoding = 4; lastKnownFileType = sourcecode.swift; path = Images.swift; sourceTree = "<group>"; };
		1DE125C21E8BB95600DBE5BA /* ParamKeys.swift */ = {isa = PBXFileReference; fileEncoding = 4; lastKnownFileType = sourcecode.swift; path = ParamKeys.swift; sourceTree = "<group>"; };
		1DE125C31E8BB95600DBE5BA /* Storyboards.swift */ = {isa = PBXFileReference; fileEncoding = 4; lastKnownFileType = sourcecode.swift; path = Storyboards.swift; sourceTree = "<group>"; };
		1DE125C51E8BB95600DBE5BA /* chris_palmer_profile_11.jpg */ = {isa = PBXFileReference; lastKnownFileType = image.jpeg; path = chris_palmer_profile_11.jpg; sourceTree = "<group>"; };
		1DE125C61E8BB95600DBE5BA /* Info.plist */ = {isa = PBXFileReference; fileEncoding = 4; lastKnownFileType = text.plist.xml; name = Info.plist; path = ../Info.plist; sourceTree = "<group>"; };
		1DE125CD1E8BB95600DBE5BA /* CameraViewController.swift */ = {isa = PBXFileReference; fileEncoding = 4; lastKnownFileType = sourcecode.swift; path = CameraViewController.swift; sourceTree = "<group>"; };
		1DE125CE1E8BB95600DBE5BA /* RecorderViewController.swift */ = {isa = PBXFileReference; fileEncoding = 4; lastKnownFileType = sourcecode.swift; path = RecorderViewController.swift; sourceTree = "<group>"; };
		1DE125D01E8BB95600DBE5BA /* ComplaintViewController.swift */ = {isa = PBXFileReference; fileEncoding = 4; lastKnownFileType = sourcecode.swift; path = ComplaintViewController.swift; sourceTree = "<group>"; };
		1DE125D11E8BB95600DBE5BA /* WriteComplaintViewController.swift */ = {isa = PBXFileReference; fileEncoding = 4; lastKnownFileType = sourcecode.swift; path = WriteComplaintViewController.swift; sourceTree = "<group>"; };
		1DE125D21E8BB95600DBE5BA /* HomeViewController.swift */ = {isa = PBXFileReference; fileEncoding = 4; lastKnownFileType = sourcecode.swift; path = HomeViewController.swift; sourceTree = "<group>"; };
		1DE125D41E8BB95600DBE5BA /* NotificationViewController.swift */ = {isa = PBXFileReference; fileEncoding = 4; lastKnownFileType = sourcecode.swift; path = NotificationViewController.swift; sourceTree = "<group>"; };
		1DE125D61E8BB95600DBE5BA /* RecordingViewController.swift */ = {isa = PBXFileReference; fileEncoding = 4; lastKnownFileType = sourcecode.swift; path = RecordingViewController.swift; sourceTree = "<group>"; };
		1DE125D81E8BB95600DBE5BA /* ImagePickViewController.swift */ = {isa = PBXFileReference; fileEncoding = 4; lastKnownFileType = sourcecode.swift; path = ImagePickViewController.swift; sourceTree = "<group>"; };
		1DE125DA1E8BB95600DBE5BA /* SideMenuViewController.swift */ = {isa = PBXFileReference; fileEncoding = 4; lastKnownFileType = sourcecode.swift; path = SideMenuViewController.swift; sourceTree = "<group>"; };
		1DE125DC1E8BB95600DBE5BA /* LoginViewController.swift */ = {isa = PBXFileReference; fileEncoding = 4; lastKnownFileType = sourcecode.swift; path = LoginViewController.swift; sourceTree = "<group>"; };
		1DE125E21E8BB95600DBE5BA /* SafeListViewController.swift */ = {isa = PBXFileReference; fileEncoding = 4; lastKnownFileType = sourcecode.swift; path = SafeListViewController.swift; sourceTree = "<group>"; };
		1DE125E71E8BB95600DBE5BA /* EnterDetailsFirstViewController.swift */ = {isa = PBXFileReference; fileEncoding = 4; lastKnownFileType = sourcecode.swift; path = EnterDetailsFirstViewController.swift; sourceTree = "<group>"; };
		1DE125E91E8BB95600DBE5BA /* EnterDetailsSecondViewController.swift */ = {isa = PBXFileReference; fileEncoding = 4; lastKnownFileType = sourcecode.swift; path = EnterDetailsSecondViewController.swift; sourceTree = "<group>"; };
		1DE125EE1E8BB95600DBE5BA /* SSSPackageViewController.swift */ = {isa = PBXFileReference; fileEncoding = 4; lastKnownFileType = sourcecode.swift; path = SSSPackageViewController.swift; sourceTree = "<group>"; };
		1DE125F11E8BB95600DBE5BA /* facebook.swift */ = {isa = PBXFileReference; fileEncoding = 4; lastKnownFileType = sourcecode.swift; path = facebook.swift; sourceTree = "<group>"; };
		1DE125F21E8BB95600DBE5BA /* Profile.swift */ = {isa = PBXFileReference; fileEncoding = 4; lastKnownFileType = sourcecode.swift; path = Profile.swift; sourceTree = "<group>"; };
		1DE125F31E8BB95600DBE5BA /* Safelist.swift */ = {isa = PBXFileReference; fileEncoding = 4; lastKnownFileType = sourcecode.swift; path = Safelist.swift; sourceTree = "<group>"; };
		1DE125F41E8BB95600DBE5BA /* User.swift */ = {isa = PBXFileReference; fileEncoding = 4; lastKnownFileType = sourcecode.swift; path = User.swift; sourceTree = "<group>"; };
		1DE125F71E8BB95600DBE5BA /* Base */ = {isa = PBXFileReference; lastKnownFileType = file.storyboard; name = Base; path = Base.lproj/LaunchScreen.storyboard; sourceTree = "<group>"; };
		1DE125FB1E8BB95600DBE5BA /* Base */ = {isa = PBXFileReference; lastKnownFileType = file.storyboard; name = Base; path = Base.lproj/SignUp.storyboard; sourceTree = "<group>"; };
		1DE125FC1E8BB95600DBE5BA /* Main.storyboard */ = {isa = PBXFileReference; fileEncoding = 4; lastKnownFileType = file.storyboard; path = Main.storyboard; sourceTree = "<group>"; };
		1DE125FE1E8BB95600DBE5BA /* ComplaintTableViewCell.swift */ = {isa = PBXFileReference; fileEncoding = 4; lastKnownFileType = sourcecode.swift; path = ComplaintTableViewCell.swift; sourceTree = "<group>"; };
		1DE125FF1E8BB95600DBE5BA /* NotificationAttachmentTableViewCell.swift */ = {isa = PBXFileReference; fileEncoding = 4; lastKnownFileType = sourcecode.swift; path = NotificationAttachmentTableViewCell.swift; sourceTree = "<group>"; };
		1DE126001E8BB95600DBE5BA /* NotificationTableViewCell.swift */ = {isa = PBXFileReference; fileEncoding = 4; lastKnownFileType = sourcecode.swift; path = NotificationTableViewCell.swift; sourceTree = "<group>"; };
		1DE126011E8BB95600DBE5BA /* RecordingTableViewCell.swift */ = {isa = PBXFileReference; fileEncoding = 4; lastKnownFileType = sourcecode.swift; path = RecordingTableViewCell.swift; sourceTree = "<group>"; };
		1DE126021E8BB95600DBE5BA /* SafelistCell.swift */ = {isa = PBXFileReference; fileEncoding = 4; lastKnownFileType = sourcecode.swift; path = SafelistCell.swift; sourceTree = "<group>"; };
		1DE126041E8BB95600DBE5BA /* Assets.xcassets */ = {isa = PBXFileReference; lastKnownFileType = folder.assetcatalog; path = Assets.xcassets; sourceTree = "<group>"; };
		1DE126071E8BB95600DBE5BA /* HelveticaNeue-Bold.otf */ = {isa = PBXFileReference; lastKnownFileType = file; path = "HelveticaNeue-Bold.otf"; sourceTree = "<group>"; };
		1DE126081E8BB95600DBE5BA /* HelveticaNeue-BoldItalic.otf */ = {isa = PBXFileReference; lastKnownFileType = file; path = "HelveticaNeue-BoldItalic.otf"; sourceTree = "<group>"; };
		1DE126091E8BB95600DBE5BA /* HelveticaNeue-CondensedBlack.otf */ = {isa = PBXFileReference; lastKnownFileType = file; path = "HelveticaNeue-CondensedBlack.otf"; sourceTree = "<group>"; };
		1DE1260A1E8BB95600DBE5BA /* HelveticaNeue-CondensedBold.otf */ = {isa = PBXFileReference; lastKnownFileType = file; path = "HelveticaNeue-CondensedBold.otf"; sourceTree = "<group>"; };
		1DE1260B1E8BB95600DBE5BA /* HelveticaNeue-Italic.otf */ = {isa = PBXFileReference; lastKnownFileType = file; path = "HelveticaNeue-Italic.otf"; sourceTree = "<group>"; };
		1DE1260C1E8BB95600DBE5BA /* HelveticaNeue-Light.otf */ = {isa = PBXFileReference; lastKnownFileType = file; path = "HelveticaNeue-Light.otf"; sourceTree = "<group>"; };
		1DE1260D1E8BB95600DBE5BA /* HelveticaNeue-LightItalic.otf */ = {isa = PBXFileReference; lastKnownFileType = file; path = "HelveticaNeue-LightItalic.otf"; sourceTree = "<group>"; };
		1DE1260E1E8BB95600DBE5BA /* HelveticaNeue-Medium.otf */ = {isa = PBXFileReference; lastKnownFileType = file; path = "HelveticaNeue-Medium.otf"; sourceTree = "<group>"; };
		1DE1260F1E8BB95600DBE5BA /* HelveticaNeue-UltraLight.otf */ = {isa = PBXFileReference; lastKnownFileType = file; path = "HelveticaNeue-UltraLight.otf"; sourceTree = "<group>"; };
		1DE126101E8BB95600DBE5BA /* HelveticaNeue-UltraLightItalic.otf */ = {isa = PBXFileReference; lastKnownFileType = file; path = "HelveticaNeue-UltraLightItalic.otf"; sourceTree = "<group>"; };
		1DE126111E8BB95600DBE5BA /* HelveticaNeue.otf */ = {isa = PBXFileReference; lastKnownFileType = file; path = HelveticaNeue.otf; sourceTree = "<group>"; };
		1DE126131E8BB95600DBE5BA /* HelveticaNeue.dfont */ = {isa = PBXFileReference; lastKnownFileType = file; path = HelveticaNeue.dfont; sourceTree = "<group>"; };
		1DE126151E8BB95600DBE5BA /* SF-UI-Display-Black.otf */ = {isa = PBXFileReference; lastKnownFileType = file; path = "SF-UI-Display-Black.otf"; sourceTree = "<group>"; };
		1DE126161E8BB95600DBE5BA /* SF-UI-Display-Bold.otf */ = {isa = PBXFileReference; lastKnownFileType = file; path = "SF-UI-Display-Bold.otf"; sourceTree = "<group>"; };
		1DE126171E8BB95600DBE5BA /* SF-UI-Display-Heavy.otf */ = {isa = PBXFileReference; lastKnownFileType = file; path = "SF-UI-Display-Heavy.otf"; sourceTree = "<group>"; };
		1DE126181E8BB95600DBE5BA /* SF-UI-Display-Light.otf */ = {isa = PBXFileReference; lastKnownFileType = file; path = "SF-UI-Display-Light.otf"; sourceTree = "<group>"; };
		1DE126191E8BB95600DBE5BA /* SF-UI-Display-Medium.otf */ = {isa = PBXFileReference; lastKnownFileType = file; path = "SF-UI-Display-Medium.otf"; sourceTree = "<group>"; };
		1DE1261A1E8BB95600DBE5BA /* SF-UI-Display-Regular.otf */ = {isa = PBXFileReference; lastKnownFileType = file; path = "SF-UI-Display-Regular.otf"; sourceTree = "<group>"; };
		1DE1261B1E8BB95600DBE5BA /* SF-UI-Display-Semibold.otf */ = {isa = PBXFileReference; lastKnownFileType = file; path = "SF-UI-Display-Semibold.otf"; sourceTree = "<group>"; };
		1DE1261C1E8BB95600DBE5BA /* SF-UI-Display-Thin.otf */ = {isa = PBXFileReference; lastKnownFileType = file; path = "SF-UI-Display-Thin.otf"; sourceTree = "<group>"; };
		1DE1261D1E8BB95600DBE5BA /* SF-UI-Display-Ultralight.otf */ = {isa = PBXFileReference; lastKnownFileType = file; path = "SF-UI-Display-Ultralight.otf"; sourceTree = "<group>"; };
		1DE1261E1E8BB95600DBE5BA /* SF-UI-Text-Bold.otf */ = {isa = PBXFileReference; lastKnownFileType = file; path = "SF-UI-Text-Bold.otf"; sourceTree = "<group>"; };
		1DE1261F1E8BB95600DBE5BA /* SF-UI-Text-BoldItalic.otf */ = {isa = PBXFileReference; lastKnownFileType = file; path = "SF-UI-Text-BoldItalic.otf"; sourceTree = "<group>"; };
		1DE126201E8BB95600DBE5BA /* SF-UI-Text-Heavy.otf */ = {isa = PBXFileReference; lastKnownFileType = file; path = "SF-UI-Text-Heavy.otf"; sourceTree = "<group>"; };
		1DE126211E8BB95600DBE5BA /* SF-UI-Text-HeavyItalic.otf */ = {isa = PBXFileReference; lastKnownFileType = file; path = "SF-UI-Text-HeavyItalic.otf"; sourceTree = "<group>"; };
		1DE126221E8BB95600DBE5BA /* SF-UI-Text-Light.otf */ = {isa = PBXFileReference; lastKnownFileType = file; path = "SF-UI-Text-Light.otf"; sourceTree = "<group>"; };
		1DE126231E8BB95600DBE5BA /* SF-UI-Text-LightItalic.otf */ = {isa = PBXFileReference; lastKnownFileType = file; path = "SF-UI-Text-LightItalic.otf"; sourceTree = "<group>"; };
		1DE126241E8BB95600DBE5BA /* SF-UI-Text-Medium.otf */ = {isa = PBXFileReference; lastKnownFileType = file; path = "SF-UI-Text-Medium.otf"; sourceTree = "<group>"; };
		1DE126251E8BB95600DBE5BA /* SF-UI-Text-MediumItalic.otf */ = {isa = PBXFileReference; lastKnownFileType = file; path = "SF-UI-Text-MediumItalic.otf"; sourceTree = "<group>"; };
		1DE126261E8BB95600DBE5BA /* SF-UI-Text-Regular.otf */ = {isa = PBXFileReference; lastKnownFileType = file; path = "SF-UI-Text-Regular.otf"; sourceTree = "<group>"; };
		1DE126271E8BB95600DBE5BA /* SF-UI-Text-RegularItalic.otf */ = {isa = PBXFileReference; lastKnownFileType = file; path = "SF-UI-Text-RegularItalic.otf"; sourceTree = "<group>"; };
		1DE126281E8BB95600DBE5BA /* SF-UI-Text-Semibold.otf */ = {isa = PBXFileReference; lastKnownFileType = file; path = "SF-UI-Text-Semibold.otf"; sourceTree = "<group>"; };
		1DE126291E8BB95600DBE5BA /* SF-UI-Text-SemiboldItalic.otf */ = {isa = PBXFileReference; lastKnownFileType = file; path = "SF-UI-Text-SemiboldItalic.otf"; sourceTree = "<group>"; };
		1DE1262C1E8BB95600DBE5BA /* ENSideMenu.swift */ = {isa = PBXFileReference; fileEncoding = 4; lastKnownFileType = sourcecode.swift; path = ENSideMenu.swift; sourceTree = "<group>"; };
		1DE1262D1E8BB95600DBE5BA /* ENSideMenuNavigationController.swift */ = {isa = PBXFileReference; fileEncoding = 4; lastKnownFileType = sourcecode.swift; path = ENSideMenuNavigationController.swift; sourceTree = "<group>"; };
		1DE1262F1E8BB95600DBE5BA /* PBJGLProgram.h */ = {isa = PBXFileReference; fileEncoding = 4; lastKnownFileType = sourcecode.c.h; path = PBJGLProgram.h; sourceTree = "<group>"; };
		1DE126301E8BB95600DBE5BA /* PBJGLProgram.m */ = {isa = PBXFileReference; fileEncoding = 4; lastKnownFileType = sourcecode.c.objc; path = PBJGLProgram.m; sourceTree = "<group>"; };
		1DE126311E8BB95600DBE5BA /* PBJMediaWriter.h */ = {isa = PBXFileReference; fileEncoding = 4; lastKnownFileType = sourcecode.c.h; path = PBJMediaWriter.h; sourceTree = "<group>"; };
		1DE126321E8BB95600DBE5BA /* PBJMediaWriter.m */ = {isa = PBXFileReference; fileEncoding = 4; lastKnownFileType = sourcecode.c.objc; path = PBJMediaWriter.m; sourceTree = "<group>"; };
		1DE126331E8BB95600DBE5BA /* PBJVision.h */ = {isa = PBXFileReference; fileEncoding = 4; lastKnownFileType = sourcecode.c.h; path = PBJVision.h; sourceTree = "<group>"; };
		1DE126341E8BB95600DBE5BA /* PBJVision.m */ = {isa = PBXFileReference; fileEncoding = 4; lastKnownFileType = sourcecode.c.objc; path = PBJVision.m; sourceTree = "<group>"; };
		1DE126351E8BB95600DBE5BA /* PBJVisionUtilities.h */ = {isa = PBXFileReference; fileEncoding = 4; lastKnownFileType = sourcecode.c.h; path = PBJVisionUtilities.h; sourceTree = "<group>"; };
		1DE126361E8BB95600DBE5BA /* PBJVisionUtilities.m */ = {isa = PBXFileReference; fileEncoding = 4; lastKnownFileType = sourcecode.c.objc; path = PBJVisionUtilities.m; sourceTree = "<group>"; };
		1DE126381E8BB95600DBE5BA /* Shader.fsh */ = {isa = PBXFileReference; fileEncoding = 4; lastKnownFileType = sourcecode.glsl; path = Shader.fsh; sourceTree = "<group>"; };
		1DE126391E8BB95600DBE5BA /* Shader.vsh */ = {isa = PBXFileReference; fileEncoding = 4; lastKnownFileType = sourcecode.glsl; path = Shader.vsh; sourceTree = "<group>"; };
		1DE1263D1E8BB95600DBE5BA /* IntExtension.swift */ = {isa = PBXFileReference; fileEncoding = 4; lastKnownFileType = sourcecode.swift; path = IntExtension.swift; sourceTree = "<group>"; };
		1DE1263E1E8BB95600DBE5BA /* StringExtension.swift */ = {isa = PBXFileReference; fileEncoding = 4; lastKnownFileType = sourcecode.swift; path = StringExtension.swift; sourceTree = "<group>"; };
		1DE1263F1E8BB95600DBE5BA /* PinCodeTextField.swift */ = {isa = PBXFileReference; fileEncoding = 4; lastKnownFileType = sourcecode.swift; path = PinCodeTextField.swift; sourceTree = "<group>"; };
		1DE126401E8BB95600DBE5BA /* PinCodeTextFieldDelegate.swift */ = {isa = PBXFileReference; fileEncoding = 4; lastKnownFileType = sourcecode.swift; path = PinCodeTextFieldDelegate.swift; sourceTree = "<group>"; };
		1DE126421E8BB95600DBE5BA /* TextHelper.swift */ = {isa = PBXFileReference; fileEncoding = 4; lastKnownFileType = sourcecode.swift; path = TextHelper.swift; sourceTree = "<group>"; };
		1DE1264D1E8BB95600DBE5BA /* RPCircularProgress.swift */ = {isa = PBXFileReference; fileEncoding = 4; lastKnownFileType = sourcecode.swift; path = RPCircularProgress.swift; sourceTree = "<group>"; };
		1DE1264F1E8BB95600DBE5BA /* BarPagerTabStripViewController.swift */ = {isa = PBXFileReference; fileEncoding = 4; lastKnownFileType = sourcecode.swift; path = BarPagerTabStripViewController.swift; sourceTree = "<group>"; };
		1DE126501E8BB95600DBE5BA /* BarView.swift */ = {isa = PBXFileReference; fileEncoding = 4; lastKnownFileType = sourcecode.swift; path = BarView.swift; sourceTree = "<group>"; };
		1DE126511E8BB95600DBE5BA /* BaseButtonBarPagerTabStripViewController.swift */ = {isa = PBXFileReference; fileEncoding = 4; lastKnownFileType = sourcecode.swift; path = BaseButtonBarPagerTabStripViewController.swift; sourceTree = "<group>"; };
		1DE126521E8BB95600DBE5BA /* ButtonBarPagerTabStripViewController.swift */ = {isa = PBXFileReference; fileEncoding = 4; lastKnownFileType = sourcecode.swift; path = ButtonBarPagerTabStripViewController.swift; sourceTree = "<group>"; };
		1DE126531E8BB95600DBE5BA /* ButtonBarView.swift */ = {isa = PBXFileReference; fileEncoding = 4; lastKnownFileType = sourcecode.swift; path = ButtonBarView.swift; sourceTree = "<group>"; };
		1DE126541E8BB95600DBE5BA /* ButtonBarViewCell.swift */ = {isa = PBXFileReference; fileEncoding = 4; lastKnownFileType = sourcecode.swift; path = ButtonBarViewCell.swift; sourceTree = "<group>"; };
		1DE126551E8BB95600DBE5BA /* ButtonCell.xib */ = {isa = PBXFileReference; fileEncoding = 4; lastKnownFileType = file.xib; path = ButtonCell.xib; sourceTree = "<group>"; };
		1DE126561E8BB95600DBE5BA /* FXPageControl.h */ = {isa = PBXFileReference; fileEncoding = 4; lastKnownFileType = sourcecode.c.h; path = FXPageControl.h; sourceTree = "<group>"; };
		1DE126571E8BB95600DBE5BA /* FXPageControl.m */ = {isa = PBXFileReference; fileEncoding = 4; lastKnownFileType = sourcecode.c.objc; path = FXPageControl.m; sourceTree = "<group>"; };
		1DE126581E8BB95600DBE5BA /* IndicatorInfo.swift */ = {isa = PBXFileReference; fileEncoding = 4; lastKnownFileType = sourcecode.swift; path = IndicatorInfo.swift; sourceTree = "<group>"; };
		1DE126591E8BB95600DBE5BA /* PagerTabStripBehaviour.swift */ = {isa = PBXFileReference; fileEncoding = 4; lastKnownFileType = sourcecode.swift; path = PagerTabStripBehaviour.swift; sourceTree = "<group>"; };
		1DE1265A1E8BB95600DBE5BA /* PagerTabStripError.swift */ = {isa = PBXFileReference; fileEncoding = 4; lastKnownFileType = sourcecode.swift; path = PagerTabStripError.swift; sourceTree = "<group>"; };
		1DE1265B1E8BB95600DBE5BA /* PagerTabStripViewController.swift */ = {isa = PBXFileReference; fileEncoding = 4; lastKnownFileType = sourcecode.swift; path = PagerTabStripViewController.swift; sourceTree = "<group>"; };
		1DE1265C1E8BB95600DBE5BA /* SegmentedPagerTabStripViewController.swift */ = {isa = PBXFileReference; fileEncoding = 4; lastKnownFileType = sourcecode.swift; path = SegmentedPagerTabStripViewController.swift; sourceTree = "<group>"; };
		1DE1265D1E8BB95600DBE5BA /* SwipeDirection.swift */ = {isa = PBXFileReference; fileEncoding = 4; lastKnownFileType = sourcecode.swift; path = SwipeDirection.swift; sourceTree = "<group>"; };
		1DE1265E1E8BB95600DBE5BA /* TwitterPagerTabStripViewController.swift */ = {isa = PBXFileReference; fileEncoding = 4; lastKnownFileType = sourcecode.swift; path = TwitterPagerTabStripViewController.swift; sourceTree = "<group>"; };
		1DE126DD1E8BBB2B00DBE5BA /* BaseNavigationController.swift */ = {isa = PBXFileReference; fileEncoding = 4; lastKnownFileType = sourcecode.swift; path = BaseNavigationController.swift; sourceTree = "<group>"; };
		1DE126DE1E8BBB2B00DBE5BA /* BaseViewController.swift */ = {isa = PBXFileReference; fileEncoding = 4; lastKnownFileType = sourcecode.swift; path = BaseViewController.swift; sourceTree = "<group>"; };
		1DE126E21E8BBBED00DBE5BA /* NotificationTableviewDataSource.swift */ = {isa = PBXFileReference; fileEncoding = 4; lastKnownFileType = sourcecode.swift; path = NotificationTableviewDataSource.swift; sourceTree = "<group>"; };
		1DE126E31E8BBBED00DBE5BA /* TableViewDataSource.swift */ = {isa = PBXFileReference; fileEncoding = 4; lastKnownFileType = sourcecode.swift; path = TableViewDataSource.swift; sourceTree = "<group>"; };
		1DE126F11E8BC0FC00DBE5BA /* PinValidationViewController.swift */ = {isa = PBXFileReference; fileEncoding = 4; lastKnownFileType = sourcecode.swift; path = PinValidationViewController.swift; sourceTree = "<group>"; };
		1DE126F51E8BC9E500DBE5BA /* Recording.swift */ = {isa = PBXFileReference; fileEncoding = 4; lastKnownFileType = sourcecode.swift; path = Recording.swift; sourceTree = "<group>"; };
		1DE126F71E8BE76600DBE5BA /* Complaint.swift */ = {isa = PBXFileReference; fileEncoding = 4; lastKnownFileType = sourcecode.swift; path = Complaint.swift; sourceTree = "<group>"; };
		1DEEE64D1E92170D00966D4C /* ForgotPasswordViewController.swift */ = {isa = PBXFileReference; fileEncoding = 4; lastKnownFileType = sourcecode.swift; path = ForgotPasswordViewController.swift; sourceTree = "<group>"; };
		1DFCBF4C1E97ADDC007175B5 /* SSS.entitlements */ = {isa = PBXFileReference; lastKnownFileType = text.plist.entitlements; path = SSS.entitlements; sourceTree = "<group>"; };
		2F766C508ABD4F0DAAF6452C /* Pods_SSS.framework */ = {isa = PBXFileReference; explicitFileType = wrapper.framework; includeInIndex = 0; path = Pods_SSS.framework; sourceTree = BUILT_PRODUCTS_DIR; };
		90C7908565C4A81C8BDDA6E4 /* Pods-SSS.release.xcconfig */ = {isa = PBXFileReference; includeInIndex = 1; lastKnownFileType = text.xcconfig; name = "Pods-SSS.release.xcconfig"; path = "Pods/Target Support Files/Pods-SSS/Pods-SSS.release.xcconfig"; sourceTree = "<group>"; };
		DD160A99A039F880F3E47172 /* Pods-SSS.debug.xcconfig */ = {isa = PBXFileReference; includeInIndex = 1; lastKnownFileType = text.xcconfig; name = "Pods-SSS.debug.xcconfig"; path = "Pods/Target Support Files/Pods-SSS/Pods-SSS.debug.xcconfig"; sourceTree = "<group>"; };
/* End PBXFileReference section */

/* Begin PBXFrameworksBuildPhase section */
		1DD2161F1E6FE34B009E1296 /* Frameworks */ = {
			isa = PBXFrameworksBuildPhase;
			buildActionMask = 2147483647;
			files = (
				7F704FA8C94C9CC2CAC7FEC0 /* Pods_SSS.framework in Frameworks */,
				1D29AA151E97D93A00E6C45B /* StoreKit.framework in Frameworks */,
			);
			runOnlyForDeploymentPostprocessing = 0;
		};
/* End PBXFrameworksBuildPhase section */

/* Begin PBXGroup section */
		0CE814A94F80950978B9F467 /* Frameworks */ = {
			isa = PBXGroup;
			children = (
				1D29AA141E97D93A00E6C45B /* StoreKit.framework */,
				2F766C508ABD4F0DAAF6452C /* Pods_SSS.framework */,
			);
			name = Frameworks;
			sourceTree = "<group>";
		};
		1D02A2A31EA20579009A8BCE /* TutorialViewController */ = {
			isa = PBXGroup;
			children = (
				1D02A2A61EA20606009A8BCE /* TutorialCollectionViewCell.swift */,
				1D02A2A41EA2058F009A8BCE /* TutorialViewController.swift */,
			);
			path = TutorialViewController;
			sourceTree = "<group>";
		};
		1D0A15091E8FC3F6003F1F5A /* EditProfileViewController */ = {
			isa = PBXGroup;
			children = (
				1D0A150A1E8FC406003F1F5A /* EditProfileViewController.swift */,
			);
			path = EditProfileViewController;
			sourceTree = "<group>";
		};
		1D0A150C1E8FD308003F1F5A /* ChangePasswordViewController */ = {
			isa = PBXGroup;
			children = (
				1D0A150D1E8FD31B003F1F5A /* ChangePasswordViewController.swift */,
			);
			path = ChangePasswordViewController;
			sourceTree = "<group>";
		};
		1D911C0F1E8F8474003F2EE7 /* SettingsViewController */ = {
			isa = PBXGroup;
			children = (
				1D911C101E8F8487003F2EE7 /* SettingsViewController.swift */,
			);
			path = SettingsViewController;
			sourceTree = "<group>";
		};
		1D911C121E8F9857003F2EE7 /* ResetPinViewController */ = {
			isa = PBXGroup;
			children = (
				1D911C131E8F9862003F2EE7 /* ResetPinViewController.swift */,
			);
			path = ResetPinViewController;
			sourceTree = "<group>";
		};
		1DC3BB3F1E8CE068009C71E1 /* ComplaintDoneViewController */ = {
			isa = PBXGroup;
			children = (
				1DC3BB401E8CE089009C71E1 /* ComplaintDoneViewController.swift */,
			);
			path = ComplaintDoneViewController;
			sourceTree = "<group>";
		};
		1DD216191E6FE34B009E1296 = {
			isa = PBXGroup;
			children = (
				1DE125A21E8BB95600DBE5BA /* SSS */,
				1DD216231E6FE34B009E1296 /* Products */,
				8F9FEE0F376DDFB87681DD24 /* Pods */,
				0CE814A94F80950978B9F467 /* Frameworks */,
			);
			sourceTree = "<group>";
		};
		1DD216231E6FE34B009E1296 /* Products */ = {
			isa = PBXGroup;
			children = (
				1DD216221E6FE34B009E1296 /* SSS.app */,
			);
			name = Products;
			sourceTree = "<group>";
		};
		1DE125A21E8BB95600DBE5BA /* SSS */ = {
			isa = PBXGroup;
			children = (
				1DFCBF4C1E97ADDC007175B5 /* SSS.entitlements */,
				1DE125A31E8BB95600DBE5BA /* API */,
				1DE125AC1E8BB95600DBE5BA /* AppDelegate */,
				1DE125AE1E8BB95600DBE5BA /* CommonFunctions */,
				1DE125BA1E8BB95600DBE5BA /* Extensions */,
				1DE125BC1E8BB95600DBE5BA /* Helpers */,
				1DE125B61E8BB95600DBE5BA /* Datasource */,
				1DE125C41E8BB95600DBE5BA /* Images */,
				1DE125C71E8BB95600DBE5BA /* MVC */,
				1DE126031E8BB95600DBE5BA /* Resources */,
				1DE1262A1E8BB95600DBE5BA /* ThirdParty */,
			);
			path = SSS;
			sourceTree = "<group>";
		};
		1DE125A31E8BB95600DBE5BA /* API */ = {
			isa = PBXGroup;
			children = (
				1DE125A41E8BB95600DBE5BA /* APIConstants.swift */,
				1DE125A51E8BB95600DBE5BA /* APIHandler.swift */,
				1DE125A61E8BB95600DBE5BA /* APIManager.swift */,
				1DE125A71E8BB95600DBE5BA /* APIRoutes.swift */,
				1DE125A91E8BB95600DBE5BA /* HTTPClient.swift */,
				1DE125AA1E8BB95600DBE5BA /* LoginEndPoint.swift */,
				1DE125A81E8BB95600DBE5BA /* FBManager.swift */,
				1DE125AB1E8BB95600DBE5BA /* TWManager.swift */,
			);
			path = API;
			sourceTree = "<group>";
		};
		1DE125AC1E8BB95600DBE5BA /* AppDelegate */ = {
			isa = PBXGroup;
			children = (
				1DE125AD1E8BB95600DBE5BA /* AppDelegate.swift */,
			);
			path = AppDelegate;
			sourceTree = "<group>";
		};
		1DE125AE1E8BB95600DBE5BA /* CommonFunctions */ = {
			isa = PBXGroup;
			children = (
				1DE125AF1E8BB95600DBE5BA /* Alert.swift */,
				1DE125B01E8BB95600DBE5BA /* HandleResponse.swift */,
				1DE125B31E8BB95600DBE5BA /* SidePanel.swift */,
				1DE125B41E8BB95600DBE5BA /* Validation.swift */,
				1DE125B51E8BB95600DBE5BA /* ViewExtensions.swift */,
				1D3EA93D1E9361E400DF40C6 /* LoginChecks.swift */,
				1DC5FA301E96236600E8FE30 /* Download.swift */,
				1D28221F1EA727FD00671424 /* Loader.swift */,
			);
			path = CommonFunctions;
			sourceTree = "<group>";
		};
		1DE125B61E8BB95600DBE5BA /* Datasource */ = {
			isa = PBXGroup;
			children = (
				1DE126E11E8BBBED00DBE5BA /* TableviewDataSource */,
			);
			path = Datasource;
			sourceTree = "<group>";
		};
		1DE125BA1E8BB95600DBE5BA /* Extensions */ = {
			isa = PBXGroup;
			children = (
				1DE125BB1E8BB95600DBE5BA /* TextfieldExtensions.swift */,
				1D3EA93F1E93776500DF40C6 /* UIScrollViewExtension.swift */,
				1D9A39121E94D797009537B9 /* StringExtensions.swift */,
			);
			path = Extensions;
			sourceTree = "<group>";
		};
		1DE125BC1E8BB95600DBE5BA /* Helpers */ = {
			isa = PBXGroup;
			children = (
				1DACE2DC1E8E3D2C00CEA8C3 /* LocationManager.swift */,
				1DC3BB441E8D04E7009C71E1 /* UserDataSingleton.swift */,
				1DE125BD1E8BB95600DBE5BA /* BridgingHeader.h */,
				1DE125BF1E8BB95600DBE5BA /* Constants.swift */,
				1DE125C01E8BB95600DBE5BA /* fonts.swift */,
				1DE125C11E8BB95600DBE5BA /* Images.swift */,
				1DE125C21E8BB95600DBE5BA /* ParamKeys.swift */,
				1DE125C31E8BB95600DBE5BA /* Storyboards.swift */,
			);
			path = Helpers;
			sourceTree = "<group>";
		};
		1DE125C41E8BB95600DBE5BA /* Images */ = {
			isa = PBXGroup;
			children = (
				1DC5FA2C1E96011800E8FE30 /* ic_Mic.png */,
				1DE125C51E8BB95600DBE5BA /* chris_palmer_profile_11.jpg */,
			);
			path = Images;
			sourceTree = "<group>";
		};
		1DE125C71E8BB95600DBE5BA /* MVC */ = {
			isa = PBXGroup;
			children = (
				1DE125C81E8BB95600DBE5BA /* Controller */,
				1DE125F01E8BB95600DBE5BA /* Modal */,
				1DE125F51E8BB95600DBE5BA /* View */,
			);
			path = MVC;
			sourceTree = "<group>";
		};
		1DE125C81E8BB95600DBE5BA /* Controller */ = {
			isa = PBXGroup;
			children = (
				1D02A2A31EA20579009A8BCE /* TutorialViewController */,
				1DEEE64C1E9216FB00966D4C /* ForgotPasswordViewController */,
				1D0A150C1E8FD308003F1F5A /* ChangePasswordViewController */,
				1D0A15091E8FC3F6003F1F5A /* EditProfileViewController */,
				1D911C121E8F9857003F2EE7 /* ResetPinViewController */,
				1D911C0F1E8F8474003F2EE7 /* SettingsViewController */,
				1DC3BB3F1E8CE068009C71E1 /* ComplaintDoneViewController */,
				1DE126F01E8BC0FC00DBE5BA /* PinValidationViewController */,
				1DE126DC1E8BBB2B00DBE5BA /* BaseViewController */,
				1DE125CB1E8BB95600DBE5BA /* HomeViewController */,
				1DE125D71E8BB95600DBE5BA /* ImagePickViewController */,
				1DE125D91E8BB95600DBE5BA /* LeftDrawer */,
				1DE125DB1E8BB95600DBE5BA /* LoginViewController */,
				1DE125E11E8BB95600DBE5BA /* SafeListViewController */,
				1DE125E51E8BB95600DBE5BA /* SignUp */,
				1DE125EF1E8BB95600DBE5BA /* SplashViewController */,
			);
			path = Controller;
			sourceTree = "<group>";
		};
		1DE125CB1E8BB95600DBE5BA /* HomeViewController */ = {
			isa = PBXGroup;
			children = (
				1DE125D21E8BB95600DBE5BA /* HomeViewController.swift */,
				1DE125CC1E8BB95600DBE5BA /* Camera */,
				1DE125CF1E8BB95600DBE5BA /* Complaints */,
				1DE125D31E8BB95600DBE5BA /* Notification */,
				1DE125D51E8BB95600DBE5BA /* Recording */,
			);
			path = HomeViewController;
			sourceTree = "<group>";
		};
		1DE125CC1E8BB95600DBE5BA /* Camera */ = {
			isa = PBXGroup;
			children = (
				1DE125CD1E8BB95600DBE5BA /* CameraViewController.swift */,
				1DE125CE1E8BB95600DBE5BA /* RecorderViewController.swift */,
			);
			path = Camera;
			sourceTree = "<group>";
		};
		1DE125CF1E8BB95600DBE5BA /* Complaints */ = {
			isa = PBXGroup;
			children = (
				1DE125D01E8BB95600DBE5BA /* ComplaintViewController.swift */,
				1DE125D11E8BB95600DBE5BA /* WriteComplaintViewController.swift */,
			);
			path = Complaints;
			sourceTree = "<group>";
		};
		1DE125D31E8BB95600DBE5BA /* Notification */ = {
			isa = PBXGroup;
			children = (
				1DE125D41E8BB95600DBE5BA /* NotificationViewController.swift */,
			);
			path = Notification;
			sourceTree = "<group>";
		};
		1DE125D51E8BB95600DBE5BA /* Recording */ = {
			isa = PBXGroup;
			children = (
				1DE125D61E8BB95600DBE5BA /* RecordingViewController.swift */,
			);
			path = Recording;
			sourceTree = "<group>";
		};
		1DE125D71E8BB95600DBE5BA /* ImagePickViewController */ = {
			isa = PBXGroup;
			children = (
				1DE125D81E8BB95600DBE5BA /* ImagePickViewController.swift */,
			);
			path = ImagePickViewController;
			sourceTree = "<group>";
		};
		1DE125D91E8BB95600DBE5BA /* LeftDrawer */ = {
			isa = PBXGroup;
			children = (
				1DE125DA1E8BB95600DBE5BA /* SideMenuViewController.swift */,
			);
			path = LeftDrawer;
			sourceTree = "<group>";
		};
		1DE125DB1E8BB95600DBE5BA /* LoginViewController */ = {
			isa = PBXGroup;
			children = (
				1DE125DC1E8BB95600DBE5BA /* LoginViewController.swift */,
			);
			path = LoginViewController;
			sourceTree = "<group>";
		};
		1DE125E11E8BB95600DBE5BA /* SafeListViewController */ = {
			isa = PBXGroup;
			children = (
				1DE125E21E8BB95600DBE5BA /* SafeListViewController.swift */,
			);
			path = SafeListViewController;
			sourceTree = "<group>";
		};
		1DE125E51E8BB95600DBE5BA /* SignUp */ = {
			isa = PBXGroup;
			children = (
				1DE125E61E8BB95600DBE5BA /* EnterDetailsFirstViewController */,
				1DE125E81E8BB95600DBE5BA /* EnterDetailsSecondViewController */,
				1DE125EA1E8BB95600DBE5BA /* EnterDetailsThird */,
			);
			path = SignUp;
			sourceTree = "<group>";
		};
		1DE125E61E8BB95600DBE5BA /* EnterDetailsFirstViewController */ = {
			isa = PBXGroup;
			children = (
				1DE125E71E8BB95600DBE5BA /* EnterDetailsFirstViewController.swift */,
			);
			path = EnterDetailsFirstViewController;
			sourceTree = "<group>";
		};
		1DE125E81E8BB95600DBE5BA /* EnterDetailsSecondViewController */ = {
			isa = PBXGroup;
			children = (
				1DE125E91E8BB95600DBE5BA /* EnterDetailsSecondViewController.swift */,
			);
			path = EnterDetailsSecondViewController;
			sourceTree = "<group>";
		};
		1DE125EA1E8BB95600DBE5BA /* EnterDetailsThird */ = {
			isa = PBXGroup;
			children = (
				1DE125ED1E8BB95600DBE5BA /* SSSPackageViewController */,
			);
			path = EnterDetailsThird;
			sourceTree = "<group>";
		};
		1DE125ED1E8BB95600DBE5BA /* SSSPackageViewController */ = {
			isa = PBXGroup;
			children = (
				1DE125EE1E8BB95600DBE5BA /* SSSPackageViewController.swift */,
			);
			path = SSSPackageViewController;
			sourceTree = "<group>";
		};
		1DE125EF1E8BB95600DBE5BA /* SplashViewController */ = {
			isa = PBXGroup;
			children = (
				1D0A15071E8FB864003F1F5A /* SplashViewController.swift */,
			);
			path = SplashViewController;
			sourceTree = "<group>";
		};
		1DE125F01E8BB95600DBE5BA /* Modal */ = {
			isa = PBXGroup;
			children = (
				1DE125F11E8BB95600DBE5BA /* facebook.swift */,
				1D74333E1E93D67800ABC797 /* twitter.swift */,
				1DE125F21E8BB95600DBE5BA /* Profile.swift */,
				1DE125F31E8BB95600DBE5BA /* Safelist.swift */,
				1DE125F41E8BB95600DBE5BA /* User.swift */,
				1DE126F51E8BC9E500DBE5BA /* Recording.swift */,
				1DE126F71E8BE76600DBE5BA /* Complaint.swift */,
				1DC5FA2E1E96068700E8FE30 /* Notification.swift */,
			);
			path = Modal;
			sourceTree = "<group>";
		};
		1DE125F51E8BB95600DBE5BA /* View */ = {
			isa = PBXGroup;
			children = (
				1DE125F61E8BB95600DBE5BA /* LaunchScreen.storyboard */,
				1DE125FA1E8BB95600DBE5BA /* SignUp.storyboard */,
				1DE125FC1E8BB95600DBE5BA /* Main.storyboard */,
				1DE125FD1E8BB95600DBE5BA /* TableViewCell */,
			);
			path = View;
			sourceTree = "<group>";
		};
		1DE125FD1E8BB95600DBE5BA /* TableViewCell */ = {
			isa = PBXGroup;
			children = (
				1DE125FE1E8BB95600DBE5BA /* ComplaintTableViewCell.swift */,
				1DE125FF1E8BB95600DBE5BA /* NotificationAttachmentTableViewCell.swift */,
				1DE126001E8BB95600DBE5BA /* NotificationTableViewCell.swift */,
				1DE126011E8BB95600DBE5BA /* RecordingTableViewCell.swift */,
				1DE126021E8BB95600DBE5BA /* SafelistCell.swift */,
			);
			path = TableViewCell;
			sourceTree = "<group>";
		};
		1DE126031E8BB95600DBE5BA /* Resources */ = {
			isa = PBXGroup;
			children = (
				1D5349F71E98B19600B4BF59 /* GoogleService-Info.plist */,
				1DE125C61E8BB95600DBE5BA /* Info.plist */,
				1DE126041E8BB95600DBE5BA /* Assets.xcassets */,
				1DE126051E8BB95600DBE5BA /* Fonts */,
			);
			path = Resources;
			sourceTree = "<group>";
		};
		1DE126051E8BB95600DBE5BA /* Fonts */ = {
			isa = PBXGroup;
			children = (
				1DE126061E8BB95600DBE5BA /* Helvetica Neue */,
				1DE126141E8BB95600DBE5BA /* SF-UI */,
			);
			path = Fonts;
			sourceTree = "<group>";
		};
		1DE126061E8BB95600DBE5BA /* Helvetica Neue */ = {
			isa = PBXGroup;
			children = (
				1DE126071E8BB95600DBE5BA /* HelveticaNeue-Bold.otf */,
				1DE126081E8BB95600DBE5BA /* HelveticaNeue-BoldItalic.otf */,
				1DE126091E8BB95600DBE5BA /* HelveticaNeue-CondensedBlack.otf */,
				1DE1260A1E8BB95600DBE5BA /* HelveticaNeue-CondensedBold.otf */,
				1DE1260B1E8BB95600DBE5BA /* HelveticaNeue-Italic.otf */,
				1DE1260C1E8BB95600DBE5BA /* HelveticaNeue-Light.otf */,
				1DE1260D1E8BB95600DBE5BA /* HelveticaNeue-LightItalic.otf */,
				1DE1260E1E8BB95600DBE5BA /* HelveticaNeue-Medium.otf */,
				1DE1260F1E8BB95600DBE5BA /* HelveticaNeue-UltraLight.otf */,
				1DE126101E8BB95600DBE5BA /* HelveticaNeue-UltraLightItalic.otf */,
				1DE126111E8BB95600DBE5BA /* HelveticaNeue.otf */,
				1DE126121E8BB95600DBE5BA /* mac original dfont */,
			);
			path = "Helvetica Neue";
			sourceTree = "<group>";
		};
		1DE126121E8BB95600DBE5BA /* mac original dfont */ = {
			isa = PBXGroup;
			children = (
				1DE126131E8BB95600DBE5BA /* HelveticaNeue.dfont */,
			);
			path = "mac original dfont";
			sourceTree = "<group>";
		};
		1DE126141E8BB95600DBE5BA /* SF-UI */ = {
			isa = PBXGroup;
			children = (
				1DE126151E8BB95600DBE5BA /* SF-UI-Display-Black.otf */,
				1DE126161E8BB95600DBE5BA /* SF-UI-Display-Bold.otf */,
				1DE126171E8BB95600DBE5BA /* SF-UI-Display-Heavy.otf */,
				1DE126181E8BB95600DBE5BA /* SF-UI-Display-Light.otf */,
				1DE126191E8BB95600DBE5BA /* SF-UI-Display-Medium.otf */,
				1DE1261A1E8BB95600DBE5BA /* SF-UI-Display-Regular.otf */,
				1DE1261B1E8BB95600DBE5BA /* SF-UI-Display-Semibold.otf */,
				1DE1261C1E8BB95600DBE5BA /* SF-UI-Display-Thin.otf */,
				1DE1261D1E8BB95600DBE5BA /* SF-UI-Display-Ultralight.otf */,
				1DE1261E1E8BB95600DBE5BA /* SF-UI-Text-Bold.otf */,
				1DE1261F1E8BB95600DBE5BA /* SF-UI-Text-BoldItalic.otf */,
				1DE126201E8BB95600DBE5BA /* SF-UI-Text-Heavy.otf */,
				1DE126211E8BB95600DBE5BA /* SF-UI-Text-HeavyItalic.otf */,
				1DE126221E8BB95600DBE5BA /* SF-UI-Text-Light.otf */,
				1DE126231E8BB95600DBE5BA /* SF-UI-Text-LightItalic.otf */,
				1DE126241E8BB95600DBE5BA /* SF-UI-Text-Medium.otf */,
				1DE126251E8BB95600DBE5BA /* SF-UI-Text-MediumItalic.otf */,
				1DE126261E8BB95600DBE5BA /* SF-UI-Text-Regular.otf */,
				1DE126271E8BB95600DBE5BA /* SF-UI-Text-RegularItalic.otf */,
				1DE126281E8BB95600DBE5BA /* SF-UI-Text-Semibold.otf */,
				1DE126291E8BB95600DBE5BA /* SF-UI-Text-SemiboldItalic.otf */,
			);
			path = "SF-UI";
			sourceTree = "<group>";
		};
		1DE1262A1E8BB95600DBE5BA /* ThirdParty */ = {
			isa = PBXGroup;
			children = (
				1D29AA121E97D76100E6C45B /* IAPManager.swift */,
				1DE1262B1E8BB95600DBE5BA /* ENSideMenu */,
				1DE1262E1E8BB95600DBE5BA /* PBJVision */,
				1DE1263A1E8BB95600DBE5BA /* PinCodeTextfield */,
				1DE1264D1E8BB95600DBE5BA /* RPCircularProgress.swift */,
				1DE1264E1E8BB95600DBE5BA /* XLPagerTabStrip */,
			);
			path = ThirdParty;
			sourceTree = "<group>";
		};
		1DE1262B1E8BB95600DBE5BA /* ENSideMenu */ = {
			isa = PBXGroup;
			children = (
				1DE1262C1E8BB95600DBE5BA /* ENSideMenu.swift */,
				1DE1262D1E8BB95600DBE5BA /* ENSideMenuNavigationController.swift */,
			);
			path = ENSideMenu;
			sourceTree = "<group>";
		};
		1DE1262E1E8BB95600DBE5BA /* PBJVision */ = {
			isa = PBXGroup;
			children = (
				1DE1262F1E8BB95600DBE5BA /* PBJGLProgram.h */,
				1DE126301E8BB95600DBE5BA /* PBJGLProgram.m */,
				1DE126311E8BB95600DBE5BA /* PBJMediaWriter.h */,
				1DE126321E8BB95600DBE5BA /* PBJMediaWriter.m */,
				1DE126331E8BB95600DBE5BA /* PBJVision.h */,
				1DE126341E8BB95600DBE5BA /* PBJVision.m */,
				1DE126351E8BB95600DBE5BA /* PBJVisionUtilities.h */,
				1DE126361E8BB95600DBE5BA /* PBJVisionUtilities.m */,
				1DE126371E8BB95600DBE5BA /* Shaders */,
			);
			path = PBJVision;
			sourceTree = "<group>";
		};
		1DE126371E8BB95600DBE5BA /* Shaders */ = {
			isa = PBXGroup;
			children = (
				1DE126381E8BB95600DBE5BA /* Shader.fsh */,
				1DE126391E8BB95600DBE5BA /* Shader.vsh */,
			);
			path = Shaders;
			sourceTree = "<group>";
		};
		1DE1263A1E8BB95600DBE5BA /* PinCodeTextfield */ = {
			isa = PBXGroup;
			children = (
				1DE1263B1E8BB95600DBE5BA /* Pod */,
			);
			path = PinCodeTextfield;
			sourceTree = "<group>";
		};
		1DE1263B1E8BB95600DBE5BA /* Pod */ = {
			isa = PBXGroup;
			children = (
				1DE1263C1E8BB95600DBE5BA /* Extensions */,
				1DE1263F1E8BB95600DBE5BA /* PinCodeTextField.swift */,
				1DE126401E8BB95600DBE5BA /* PinCodeTextFieldDelegate.swift */,
				1DE126411E8BB95600DBE5BA /* TextHelper */,
			);
			path = Pod;
			sourceTree = "<group>";
		};
		1DE1263C1E8BB95600DBE5BA /* Extensions */ = {
			isa = PBXGroup;
			children = (
				1DE1263D1E8BB95600DBE5BA /* IntExtension.swift */,
				1DE1263E1E8BB95600DBE5BA /* StringExtension.swift */,
			);
			path = Extensions;
			sourceTree = "<group>";
		};
		1DE126411E8BB95600DBE5BA /* TextHelper */ = {
			isa = PBXGroup;
			children = (
				1DE126421E8BB95600DBE5BA /* TextHelper.swift */,
			);
			path = TextHelper;
			sourceTree = "<group>";
		};
		1DE1264E1E8BB95600DBE5BA /* XLPagerTabStrip */ = {
			isa = PBXGroup;
			children = (
				1DE1264F1E8BB95600DBE5BA /* BarPagerTabStripViewController.swift */,
				1DE126501E8BB95600DBE5BA /* BarView.swift */,
				1DE126511E8BB95600DBE5BA /* BaseButtonBarPagerTabStripViewController.swift */,
				1DE126521E8BB95600DBE5BA /* ButtonBarPagerTabStripViewController.swift */,
				1DE126531E8BB95600DBE5BA /* ButtonBarView.swift */,
				1DE126541E8BB95600DBE5BA /* ButtonBarViewCell.swift */,
				1DE126551E8BB95600DBE5BA /* ButtonCell.xib */,
				1DE126561E8BB95600DBE5BA /* FXPageControl.h */,
				1DE126571E8BB95600DBE5BA /* FXPageControl.m */,
				1DE126581E8BB95600DBE5BA /* IndicatorInfo.swift */,
				1DE126591E8BB95600DBE5BA /* PagerTabStripBehaviour.swift */,
				1DE1265A1E8BB95600DBE5BA /* PagerTabStripError.swift */,
				1DE1265B1E8BB95600DBE5BA /* PagerTabStripViewController.swift */,
				1DE1265C1E8BB95600DBE5BA /* SegmentedPagerTabStripViewController.swift */,
				1DE1265D1E8BB95600DBE5BA /* SwipeDirection.swift */,
				1DE1265E1E8BB95600DBE5BA /* TwitterPagerTabStripViewController.swift */,
			);
			path = XLPagerTabStrip;
			sourceTree = "<group>";
		};
		1DE126DC1E8BBB2B00DBE5BA /* BaseViewController */ = {
			isa = PBXGroup;
			children = (
				1DE126DD1E8BBB2B00DBE5BA /* BaseNavigationController.swift */,
				1DE126DE1E8BBB2B00DBE5BA /* BaseViewController.swift */,
			);
			path = BaseViewController;
			sourceTree = "<group>";
		};
		1DE126E11E8BBBED00DBE5BA /* TableviewDataSource */ = {
			isa = PBXGroup;
			children = (
				1DE126E21E8BBBED00DBE5BA /* NotificationTableviewDataSource.swift */,
				1DE126E31E8BBBED00DBE5BA /* TableViewDataSource.swift */,
			);
			path = TableviewDataSource;
			sourceTree = "<group>";
		};
		1DE126F01E8BC0FC00DBE5BA /* PinValidationViewController */ = {
			isa = PBXGroup;
			children = (
				1DE126F11E8BC0FC00DBE5BA /* PinValidationViewController.swift */,
			);
			name = PinValidationViewController;
			path = HomeViewController/PinValidationViewController;
			sourceTree = "<group>";
		};
		1DEEE64C1E9216FB00966D4C /* ForgotPasswordViewController */ = {
			isa = PBXGroup;
			children = (
				1DEEE64D1E92170D00966D4C /* ForgotPasswordViewController.swift */,
			);
			path = ForgotPasswordViewController;
			sourceTree = "<group>";
		};
		8F9FEE0F376DDFB87681DD24 /* Pods */ = {
			isa = PBXGroup;
			children = (
				DD160A99A039F880F3E47172 /* Pods-SSS.debug.xcconfig */,
				90C7908565C4A81C8BDDA6E4 /* Pods-SSS.release.xcconfig */,
			);
			name = Pods;
			sourceTree = "<group>";
		};
/* End PBXGroup section */

/* Begin PBXNativeTarget section */
		1DD216211E6FE34B009E1296 /* SSS */ = {
			isa = PBXNativeTarget;
			buildConfigurationList = 1DD216341E6FE34B009E1296 /* Build configuration list for PBXNativeTarget "SSS" */;
			buildPhases = (
				818D5F8D961B3447532CD256 /* [CP] Check Pods Manifest.lock */,
				1DBC2A031E718D010090BCFA /* Swiftgen */,
				1DD2161E1E6FE34B009E1296 /* Sources */,
				1DD2161F1E6FE34B009E1296 /* Frameworks */,
				1DD216201E6FE34B009E1296 /* Resources */,
				0AF758533825B21B58084FE5 /* [CP] Embed Pods Frameworks */,
				3801AABD692EC01F14865BC8 /* [CP] Copy Pods Resources */,
				1DBC29C01E716F7A0090BCFA /* Fabric/Crashlytics/Twitter */,
			);
			buildRules = (
			);
			dependencies = (
			);
			name = SSS;
			productName = SSS;
			productReference = 1DD216221E6FE34B009E1296 /* SSS.app */;
			productType = "com.apple.product-type.application";
		};
/* End PBXNativeTarget section */

/* Begin PBXProject section */
		1DD2161A1E6FE34B009E1296 /* Project object */ = {
			isa = PBXProject;
			attributes = {
				LastSwiftUpdateCheck = 0820;
				LastUpgradeCheck = 0820;
				ORGANIZATIONNAME = Codebrew;
				TargetAttributes = {
					1DD216211E6FE34B009E1296 = {
						CreatedOnToolsVersion = 8.2.1;
						DevelopmentTeam = 4W9H67AC5E;
						LastSwiftMigration = 0820;
						ProvisioningStyle = Manual;
						SystemCapabilities = {
							com.apple.BackgroundModes = {
								enabled = 1;
							};
							com.apple.InAppPurchase = {
								enabled = 1;
							};
							com.apple.Push = {
								enabled = 1;
							};
						};
					};
				};
			};
			buildConfigurationList = 1DD2161D1E6FE34B009E1296 /* Build configuration list for PBXProject "SSS" */;
			compatibilityVersion = "Xcode 3.2";
			developmentRegion = English;
			hasScannedForEncodings = 0;
			knownRegions = (
				en,
				Base,
			);
			mainGroup = 1DD216191E6FE34B009E1296;
			productRefGroup = 1DD216231E6FE34B009E1296 /* Products */;
			projectDirPath = "";
			projectRoot = "";
			targets = (
				1DD216211E6FE34B009E1296 /* SSS */,
			);
		};
/* End PBXProject section */

/* Begin PBXResourcesBuildPhase section */
		1DD216201E6FE34B009E1296 /* Resources */ = {
			isa = PBXResourcesBuildPhase;
			buildActionMask = 2147483647;
			files = (
				1DE126A41E8BB95600DBE5BA /* HelveticaNeue.otf in Resources */,
				1DE126C11E8BB95600DBE5BA /* Shader.fsh in Resources */,
				1DE1269E1E8BB95600DBE5BA /* HelveticaNeue-Italic.otf in Resources */,
				1DE1269D1E8BB95600DBE5BA /* HelveticaNeue-CondensedBold.otf in Resources */,
				1DE126A21E8BB95600DBE5BA /* HelveticaNeue-UltraLight.otf in Resources */,
				1DE126B61E8BB95600DBE5BA /* SF-UI-Text-MediumItalic.otf in Resources */,
				1DE126AD1E8BB95600DBE5BA /* SF-UI-Display-Thin.otf in Resources */,
				1DE126A51E8BB95600DBE5BA /* HelveticaNeue.dfont in Resources */,
				1DE126C21E8BB95600DBE5BA /* Shader.vsh in Resources */,
				1DE126901E8BB95600DBE5BA /* LaunchScreen.storyboard in Resources */,
				1D5349F81E98B19600B4BF59 /* GoogleService-Info.plist in Resources */,
				1DE126B21E8BB95600DBE5BA /* SF-UI-Text-HeavyItalic.otf in Resources */,
				1DE126A01E8BB95600DBE5BA /* HelveticaNeue-LightItalic.otf in Resources */,
				1DE126B71E8BB95600DBE5BA /* SF-UI-Text-Regular.otf in Resources */,
				1DE126A81E8BB95600DBE5BA /* SF-UI-Display-Heavy.otf in Resources */,
				1DE126BA1E8BB95600DBE5BA /* SF-UI-Text-SemiboldItalic.otf in Resources */,
				1DE126A71E8BB95600DBE5BA /* SF-UI-Display-Bold.otf in Resources */,
				1DE126AE1E8BB95600DBE5BA /* SF-UI-Display-Ultralight.otf in Resources */,
				1DE1269C1E8BB95600DBE5BA /* HelveticaNeue-CondensedBlack.otf in Resources */,
				1DE126A11E8BB95600DBE5BA /* HelveticaNeue-Medium.otf in Resources */,
				1DE126AA1E8BB95600DBE5BA /* SF-UI-Display-Medium.otf in Resources */,
				1DE126771E8BB95600DBE5BA /* chris_palmer_profile_11.jpg in Resources */,
				1DE126931E8BB95600DBE5BA /* Main.storyboard in Resources */,
				1DE126991E8BB95600DBE5BA /* Assets.xcassets in Resources */,
				1DE1269F1E8BB95600DBE5BA /* HelveticaNeue-Light.otf in Resources */,
				1DE126B81E8BB95600DBE5BA /* SF-UI-Text-RegularItalic.otf in Resources */,
				1DE126AB1E8BB95600DBE5BA /* SF-UI-Display-Regular.otf in Resources */,
				1DE126AC1E8BB95600DBE5BA /* SF-UI-Display-Semibold.otf in Resources */,
				1DE1269A1E8BB95600DBE5BA /* HelveticaNeue-Bold.otf in Resources */,
				1DE126A61E8BB95600DBE5BA /* SF-UI-Display-Black.otf in Resources */,
				1DE126A91E8BB95600DBE5BA /* SF-UI-Display-Light.otf in Resources */,
				1DE126B31E8BB95600DBE5BA /* SF-UI-Text-Light.otf in Resources */,
				1DC5FA2D1E96011800E8FE30 /* ic_Mic.png in Resources */,
				1DE126B91E8BB95600DBE5BA /* SF-UI-Text-Semibold.otf in Resources */,
				1DE126A31E8BB95600DBE5BA /* HelveticaNeue-UltraLightItalic.otf in Resources */,
				1DE126AF1E8BB95600DBE5BA /* SF-UI-Text-Bold.otf in Resources */,
				1DE1269B1E8BB95600DBE5BA /* HelveticaNeue-BoldItalic.otf in Resources */,
				1DE126B11E8BB95600DBE5BA /* SF-UI-Text-Heavy.otf in Resources */,
				1DE126B01E8BB95600DBE5BA /* SF-UI-Text-BoldItalic.otf in Resources */,
				1DE126B41E8BB95600DBE5BA /* SF-UI-Text-LightItalic.otf in Resources */,
				1DE126D31E8BB95600DBE5BA /* ButtonCell.xib in Resources */,
				1DE126B51E8BB95600DBE5BA /* SF-UI-Text-Medium.otf in Resources */,
				1DE126921E8BB95600DBE5BA /* SignUp.storyboard in Resources */,
			);
			runOnlyForDeploymentPostprocessing = 0;
		};
/* End PBXResourcesBuildPhase section */

/* Begin PBXShellScriptBuildPhase section */
		0AF758533825B21B58084FE5 /* [CP] Embed Pods Frameworks */ = {
			isa = PBXShellScriptBuildPhase;
			buildActionMask = 2147483647;
			files = (
			);
			inputPaths = (
			);
			name = "[CP] Embed Pods Frameworks";
			outputPaths = (
			);
			runOnlyForDeploymentPostprocessing = 0;
			shellPath = /bin/sh;
			shellScript = "\"${SRCROOT}/Pods/Target Support Files/Pods-SSS/Pods-SSS-frameworks.sh\"\n";
			showEnvVarsInLog = 0;
		};
		1DBC29C01E716F7A0090BCFA /* Fabric/Crashlytics/Twitter */ = {
			isa = PBXShellScriptBuildPhase;
			buildActionMask = 2147483647;
			files = (
			);
			inputPaths = (
			);
			name = Fabric/Crashlytics/Twitter;
			outputPaths = (
			);
			runOnlyForDeploymentPostprocessing = 0;
			shellPath = /bin/sh;
			shellScript = "#\"${PODS_ROOT}/Fabric/run\" ca6ea18ead128b67bb6ae1157da76505854a8740 3360ca1d025e61feafcc20c7426c8ce69881de17cc29f9c1c4103aa057ece756\n\n\"${PODS_ROOT}/Fabric/run\" f0c02c0ca0823958451ad35d488a5b511bea011d 317ed24dbbcf36d8ee491285da12435f90c0a2a1791a3cb8381dd22f19471344\n";
		};
		1DBC2A031E718D010090BCFA /* Swiftgen */ = {
			isa = PBXShellScriptBuildPhase;
			buildActionMask = 12;
			files = (
			);
			inputPaths = (
			);
			name = Swiftgen;
			outputPaths = (
			);
			runOnlyForDeploymentPostprocessing = 0;
			shellPath = /bin/sh;
			shellScript = "
";
		};
		3801AABD692EC01F14865BC8 /* [CP] Copy Pods Resources */ = {
			isa = PBXShellScriptBuildPhase;
			buildActionMask = 2147483647;
			files = (
			);
			inputPaths = (
			);
			name = "[CP] Copy Pods Resources";
			outputPaths = (
			);
			runOnlyForDeploymentPostprocessing = 0;
			shellPath = /bin/sh;
			shellScript = "\"${SRCROOT}/Pods/Target Support Files/Pods-SSS/Pods-SSS-resources.sh\"\n";
			showEnvVarsInLog = 0;
		};
		818D5F8D961B3447532CD256 /* [CP] Check Pods Manifest.lock */ = {
			isa = PBXShellScriptBuildPhase;
			buildActionMask = 2147483647;
			files = (
			);
			inputPaths = (
			);
			name = "[CP] Check Pods Manifest.lock";
			outputPaths = (
			);
			runOnlyForDeploymentPostprocessing = 0;
			shellPath = /bin/sh;
			shellScript = "diff \"${PODS_ROOT}/../Podfile.lock\" \"${PODS_ROOT}/Manifest.lock\" > /dev/null\nif [ $? != 0 ] ; then\n    # print error to STDERR\n    echo \"error: The sandbox is not in sync with the Podfile.lock. Run 'pod install' or update your CocoaPods installation.\" >&2\n    exit 1\nfi\n";
			showEnvVarsInLog = 0;
		};
/* End PBXShellScriptBuildPhase section */

/* Begin PBXSourcesBuildPhase section */
		1DD2161E1E6FE34B009E1296 /* Sources */ = {
			isa = PBXSourcesBuildPhase;
			buildActionMask = 2147483647;
			files = (
				1DE126761E8BB95600DBE5BA /* Storyboards.swift in Sources */,
				1DE1268F1E8BB95600DBE5BA /* User.swift in Sources */,
				1DE126661E8BB95600DBE5BA /* TWManager.swift in Sources */,
				1DE126D41E8BB95600DBE5BA /* FXPageControl.m in Sources */,
				1DE1266C1E8BB95600DBE5BA /* SidePanel.swift in Sources */,
				1DC3BB451E8D04E7009C71E1 /* UserDataSingleton.swift in Sources */,
				1DE126C31E8BB95600DBE5BA /* IntExtension.swift in Sources */,
				1DE126D91E8BB95600DBE5BA /* SegmentedPagerTabStripViewController.swift in Sources */,
				1DE126E01E8BBB2B00DBE5BA /* BaseViewController.swift in Sources */,
				1DE126C51E8BB95600DBE5BA /* PinCodeTextField.swift in Sources */,
				1DE126741E8BB95600DBE5BA /* Images.swift in Sources */,
				1DE126D21E8BB95600DBE5BA /* ButtonBarViewCell.swift in Sources */,
				1D02A2A71EA20606009A8BCE /* TutorialCollectionViewCell.swift in Sources */,
				1D29AA131E97D76100E6C45B /* IAPManager.swift in Sources */,
				1D9A39131E94D797009537B9 /* StringExtensions.swift in Sources */,
				1DE1267E1E8BB95600DBE5BA /* HomeViewController.swift in Sources */,
				1DE126CF1E8BB95600DBE5BA /* BaseButtonBarPagerTabStripViewController.swift in Sources */,
				1DE126691E8BB95600DBE5BA /* HandleResponse.swift in Sources */,
				1DE126981E8BB95600DBE5BA /* SafelistCell.swift in Sources */,
				1D911C141E8F9862003F2EE7 /* ResetPinViewController.swift in Sources */,
				1DE126711E8BB95600DBE5BA /* TextfieldExtensions.swift in Sources */,
				1DE126CE1E8BB95600DBE5BA /* BarView.swift in Sources */,
				1DE126F61E8BC9E500DBE5BA /* Recording.swift in Sources */,
				1DC5FA311E96236600E8FE30 /* Download.swift in Sources */,
				1DE126DB1E8BB95600DBE5BA /* TwitterPagerTabStripViewController.swift in Sources */,
				1D3EA93E1E9361E400DF40C6 /* LoginChecks.swift in Sources */,
				1DE1268B1E8BB95600DBE5BA /* SSSPackageViewController.swift in Sources */,
				1DE126C71E8BB95600DBE5BA /* TextHelper.swift in Sources */,
				1D02A2A51EA2058F009A8BCE /* TutorialViewController.swift in Sources */,
				1DE126631E8BB95600DBE5BA /* FBManager.swift in Sources */,
				1DE1268C1E8BB95600DBE5BA /* facebook.swift in Sources */,
				1DE126821E8BB95600DBE5BA /* SideMenuViewController.swift in Sources */,
				1DE126D61E8BB95600DBE5BA /* PagerTabStripBehaviour.swift in Sources */,
				1DE126F21E8BC0FC00DBE5BA /* PinValidationViewController.swift in Sources */,
				1DE1267C1E8BB95600DBE5BA /* ComplaintViewController.swift in Sources */,
				1DE126651E8BB95600DBE5BA /* LoginEndPoint.swift in Sources */,
				1DE126941E8BB95600DBE5BA /* ComplaintTableViewCell.swift in Sources */,
				1DC3BB411E8CE089009C71E1 /* ComplaintDoneViewController.swift in Sources */,
				1DE126BF1E8BB95600DBE5BA /* PBJVision.m in Sources */,
				1DE1268E1E8BB95600DBE5BA /* Safelist.swift in Sources */,
				1DE1268D1E8BB95600DBE5BA /* Profile.swift in Sources */,
				1DE126671E8BB95600DBE5BA /* AppDelegate.swift in Sources */,
				1DE126731E8BB95600DBE5BA /* fonts.swift in Sources */,
				1DE1267B1E8BB95600DBE5BA /* RecorderViewController.swift in Sources */,
				1DE126D81E8BB95600DBE5BA /* PagerTabStripViewController.swift in Sources */,
				1DE126BD1E8BB95600DBE5BA /* PBJGLProgram.m in Sources */,
				1DE126C01E8BB95600DBE5BA /* PBJVisionUtilities.m in Sources */,
				1DE1267F1E8BB95600DBE5BA /* NotificationViewController.swift in Sources */,
				1D0A150E1E8FD31B003F1F5A /* ChangePasswordViewController.swift in Sources */,
				1DE126881E8BB95600DBE5BA /* EnterDetailsFirstViewController.swift in Sources */,
				1DE126961E8BB95600DBE5BA /* NotificationTableViewCell.swift in Sources */,
				1DE126C41E8BB95600DBE5BA /* StringExtension.swift in Sources */,
				1DE126D11E8BB95600DBE5BA /* ButtonBarView.swift in Sources */,
				1DE126611E8BB95600DBE5BA /* APIManager.swift in Sources */,
				1DE126BB1E8BB95600DBE5BA /* ENSideMenu.swift in Sources */,
				1DE126641E8BB95600DBE5BA /* HTTPClient.swift in Sources */,
				1DE126801E8BB95600DBE5BA /* RecordingViewController.swift in Sources */,
				1D74333F1E93D67800ABC797 /* twitter.swift in Sources */,
				1DE126751E8BB95600DBE5BA /* ParamKeys.swift in Sources */,
				1DE1267A1E8BB95600DBE5BA /* CameraViewController.swift in Sources */,
				1DE126F81E8BE76600DBE5BA /* Complaint.swift in Sources */,
				1D2822201EA727FD00671424 /* Loader.swift in Sources */,
				1DEEE64E1E92170D00966D4C /* ForgotPasswordViewController.swift in Sources */,
				1DC5FA2F1E96068700E8FE30 /* Notification.swift in Sources */,
				1DE1266E1E8BB95600DBE5BA /* ViewExtensions.swift in Sources */,
				1DE1265F1E8BB95600DBE5BA /* APIConstants.swift in Sources */,
				1D3EA9401E93776500DF40C6 /* UIScrollViewExtension.swift in Sources */,
				1D911C111E8F8487003F2EE7 /* SettingsViewController.swift in Sources */,
				1DE126811E8BB95600DBE5BA /* ImagePickViewController.swift in Sources */,
				1DE126D01E8BB95600DBE5BA /* ButtonBarPagerTabStripViewController.swift in Sources */,
				1DE126DA1E8BB95600DBE5BA /* SwipeDirection.swift in Sources */,
				1DE1267D1E8BB95600DBE5BA /* WriteComplaintViewController.swift in Sources */,
				1DE126CD1E8BB95600DBE5BA /* BarPagerTabStripViewController.swift in Sources */,
				1DE126D51E8BB95600DBE5BA /* IndicatorInfo.swift in Sources */,
				1DE126831E8BB95600DBE5BA /* LoginViewController.swift in Sources */,
				1DE126BC1E8BB95600DBE5BA /* ENSideMenuNavigationController.swift in Sources */,
				1DE126BE1E8BB95600DBE5BA /* PBJMediaWriter.m in Sources */,
				1DE126CC1E8BB95600DBE5BA /* RPCircularProgress.swift in Sources */,
				1DE126721E8BB95600DBE5BA /* Constants.swift in Sources */,
				1DE126E51E8BBBED00DBE5BA /* TableViewDataSource.swift in Sources */,
				1DE126951E8BB95600DBE5BA /* NotificationAttachmentTableViewCell.swift in Sources */,
				1DE126C61E8BB95600DBE5BA /* PinCodeTextFieldDelegate.swift in Sources */,
				1DE126621E8BB95600DBE5BA /* APIRoutes.swift in Sources */,
				1DE126891E8BB95600DBE5BA /* EnterDetailsSecondViewController.swift in Sources */,
				1DE126E41E8BBBED00DBE5BA /* NotificationTableviewDataSource.swift in Sources */,
				1D0A15081E8FB864003F1F5A /* SplashViewController.swift in Sources */,
				1DE126861E8BB95600DBE5BA /* SafeListViewController.swift in Sources */,
				1DE126681E8BB95600DBE5BA /* Alert.swift in Sources */,
				1D0A150B1E8FC406003F1F5A /* EditProfileViewController.swift in Sources */,
				1DE126D71E8BB95600DBE5BA /* PagerTabStripError.swift in Sources */,
				1DE126DF1E8BBB2B00DBE5BA /* BaseNavigationController.swift in Sources */,
				1DACE2DD1E8E3D2C00CEA8C3 /* LocationManager.swift in Sources */,
				1DE1266D1E8BB95600DBE5BA /* Validation.swift in Sources */,
				1DE126971E8BB95600DBE5BA /* RecordingTableViewCell.swift in Sources */,
				1DE126601E8BB95600DBE5BA /* APIHandler.swift in Sources */,
			);
			runOnlyForDeploymentPostprocessing = 0;
		};
/* End PBXSourcesBuildPhase section */

/* Begin PBXVariantGroup section */
		1DE125F61E8BB95600DBE5BA /* LaunchScreen.storyboard */ = {
			isa = PBXVariantGroup;
			children = (
				1DE125F71E8BB95600DBE5BA /* Base */,
			);
			name = LaunchScreen.storyboard;
			sourceTree = "<group>";
		};
		1DE125FA1E8BB95600DBE5BA /* SignUp.storyboard */ = {
			isa = PBXVariantGroup;
			children = (
				1DE125FB1E8BB95600DBE5BA /* Base */,
			);
			name = SignUp.storyboard;
			sourceTree = "<group>";
		};
/* End PBXVariantGroup section */

/* Begin XCBuildConfiguration section */
		1DD216321E6FE34B009E1296 /* Debug */ = {
			isa = XCBuildConfiguration;
			buildSettings = {
				ALWAYS_SEARCH_USER_PATHS = NO;
				CLANG_ANALYZER_NONNULL = YES;
				CLANG_CXX_LANGUAGE_STANDARD = "gnu++0x";
				CLANG_CXX_LIBRARY = "libc++";
				CLANG_ENABLE_MODULES = YES;
				CLANG_ENABLE_OBJC_ARC = YES;
				CLANG_WARN_BOOL_CONVERSION = YES;
				CLANG_WARN_CONSTANT_CONVERSION = YES;
				CLANG_WARN_DIRECT_OBJC_ISA_USAGE = YES_ERROR;
				CLANG_WARN_DOCUMENTATION_COMMENTS = YES;
				CLANG_WARN_EMPTY_BODY = YES;
				CLANG_WARN_ENUM_CONVERSION = YES;
				CLANG_WARN_INFINITE_RECURSION = YES;
				CLANG_WARN_INT_CONVERSION = YES;
				CLANG_WARN_OBJC_ROOT_CLASS = YES_ERROR;
				CLANG_WARN_SUSPICIOUS_MOVE = YES;
				CLANG_WARN_UNREACHABLE_CODE = YES;
				CLANG_WARN__DUPLICATE_METHOD_MATCH = YES;
				"CODE_SIGN_IDENTITY[sdk=iphoneos*]" = "iPhone Developer";
				COPY_PHASE_STRIP = NO;
				DEBUG_INFORMATION_FORMAT = dwarf;
				ENABLE_STRICT_OBJC_MSGSEND = YES;
				ENABLE_TESTABILITY = YES;
				GCC_C_LANGUAGE_STANDARD = gnu99;
				GCC_DYNAMIC_NO_PIC = NO;
				GCC_NO_COMMON_BLOCKS = YES;
				GCC_OPTIMIZATION_LEVEL = 0;
				GCC_PREPROCESSOR_DEFINITIONS = (
					"DEBUG=1",
					"$(inherited)",
				);
				GCC_WARN_64_TO_32_BIT_CONVERSION = YES;
				GCC_WARN_ABOUT_RETURN_TYPE = YES_ERROR;
				GCC_WARN_UNDECLARED_SELECTOR = YES;
				GCC_WARN_UNINITIALIZED_AUTOS = YES_AGGRESSIVE;
				GCC_WARN_UNUSED_FUNCTION = YES;
				GCC_WARN_UNUSED_VARIABLE = YES;
				IPHONEOS_DEPLOYMENT_TARGET = 9.0;
				MTL_ENABLE_DEBUG_INFO = YES;
				ONLY_ACTIVE_ARCH = YES;
				SDKROOT = iphoneos;
				SWIFT_ACTIVE_COMPILATION_CONDITIONS = DEBUG;
				SWIFT_OPTIMIZATION_LEVEL = "-Onone";
				TARGETED_DEVICE_FAMILY = "1,2";
			};
			name = Debug;
		};
		1DD216331E6FE34B009E1296 /* Release */ = {
			isa = XCBuildConfiguration;
			buildSettings = {
				ALWAYS_SEARCH_USER_PATHS = NO;
				CLANG_ANALYZER_NONNULL = YES;
				CLANG_CXX_LANGUAGE_STANDARD = "gnu++0x";
				CLANG_CXX_LIBRARY = "libc++";
				CLANG_ENABLE_MODULES = YES;
				CLANG_ENABLE_OBJC_ARC = YES;
				CLANG_WARN_BOOL_CONVERSION = YES;
				CLANG_WARN_CONSTANT_CONVERSION = YES;
				CLANG_WARN_DIRECT_OBJC_ISA_USAGE = YES_ERROR;
				CLANG_WARN_DOCUMENTATION_COMMENTS = YES;
				CLANG_WARN_EMPTY_BODY = YES;
				CLANG_WARN_ENUM_CONVERSION = YES;
				CLANG_WARN_INFINITE_RECURSION = YES;
				CLANG_WARN_INT_CONVERSION = YES;
				CLANG_WARN_OBJC_ROOT_CLASS = YES_ERROR;
				CLANG_WARN_SUSPICIOUS_MOVE = YES;
				CLANG_WARN_UNREACHABLE_CODE = YES;
				CLANG_WARN__DUPLICATE_METHOD_MATCH = YES;
				"CODE_SIGN_IDENTITY[sdk=iphoneos*]" = "iPhone Developer";
				COPY_PHASE_STRIP = NO;
				DEBUG_INFORMATION_FORMAT = "dwarf-with-dsym";
				ENABLE_NS_ASSERTIONS = NO;
				ENABLE_STRICT_OBJC_MSGSEND = YES;
				GCC_C_LANGUAGE_STANDARD = gnu99;
				GCC_NO_COMMON_BLOCKS = YES;
				GCC_WARN_64_TO_32_BIT_CONVERSION = YES;
				GCC_WARN_ABOUT_RETURN_TYPE = YES_ERROR;
				GCC_WARN_UNDECLARED_SELECTOR = YES;
				GCC_WARN_UNINITIALIZED_AUTOS = YES_AGGRESSIVE;
				GCC_WARN_UNUSED_FUNCTION = YES;
				GCC_WARN_UNUSED_VARIABLE = YES;
				IPHONEOS_DEPLOYMENT_TARGET = 9.0;
				MTL_ENABLE_DEBUG_INFO = NO;
				SDKROOT = iphoneos;
				SWIFT_OPTIMIZATION_LEVEL = "-Owholemodule";
				TARGETED_DEVICE_FAMILY = "1,2";
				VALIDATE_PRODUCT = YES;
			};
			name = Release;
		};
		1DD216351E6FE34B009E1296 /* Debug */ = {
			isa = XCBuildConfiguration;
			baseConfigurationReference = DD160A99A039F880F3E47172 /* Pods-SSS.debug.xcconfig */;
			buildSettings = {
				ASSETCATALOG_COMPILER_APPICON_NAME = AppIcon;
				CLANG_ENABLE_MODULES = YES;
				CODE_SIGN_ENTITLEMENTS = SSS/SSS.entitlements;
				"CODE_SIGN_IDENTITY[sdk=iphoneos*]" = "iPhone Distribution";
				DEFINES_MODULE = YES;
				DEVELOPMENT_TEAM = 4W9H67AC5E;
				FRAMEWORK_SEARCH_PATHS = (
					"$(inherited)",
					"$(PROJECT_DIR)/Pods/Crashlytics",
					"$(PROJECT_DIR)/Pods/Crashlytics/iOS",
					"$(PROJECT_DIR)/Pods/Fabric",
					"$(PROJECT_DIR)/Pods/Fabric/iOS",
					"$(PROJECT_DIR)/Pods/SwiftGen/lib",
				);
				INFOPLIST_FILE = "$(SRCROOT)/SSS/Info.plist";
				IPHONEOS_DEPLOYMENT_TARGET = 9.0;
				LD_RUNPATH_SEARCH_PATHS = "$(inherited) @executable_path/Frameworks";
				LIBRARY_SEARCH_PATHS = (
					"$(inherited)",
					"$(PROJECT_DIR)/Pods/SwiftGen/lib",
				);
				PRODUCT_BUNDLE_IDENTIFIER = com.statesafestop;
				PRODUCT_NAME = "$(TARGET_NAME)";
				PROVISIONING_PROFILE = "01d9e39f-d795-47e0-993b-1cd33eb0bd1c";
				PROVISIONING_PROFILE_SPECIFIER = SSS4April2017AppStore;
				SWIFT_OBJC_BRIDGING_HEADER = SSS/Helpers/BridgingHeader.h;
				SWIFT_OPTIMIZATION_LEVEL = "-Onone";
				SWIFT_VERSION = 3.0;
				TARGETED_DEVICE_FAMILY = 1;
			};
			name = Debug;
		};
		1DD216361E6FE34B009E1296 /* Release */ = {
			isa = XCBuildConfiguration;
			baseConfigurationReference = 90C7908565C4A81C8BDDA6E4 /* Pods-SSS.release.xcconfig */;
			buildSettings = {
				ASSETCATALOG_COMPILER_APPICON_NAME = AppIcon;
				CLANG_ENABLE_MODULES = YES;
				CODE_SIGN_ENTITLEMENTS = SSS/SSS.entitlements;
				"CODE_SIGN_IDENTITY[sdk=iphoneos*]" = "iPhone Distribution";
				DEFINES_MODULE = YES;
				DEVELOPMENT_TEAM = 4W9H67AC5E;
				FRAMEWORK_SEARCH_PATHS = (
					"$(inherited)",
					"$(PROJECT_DIR)/Pods/Crashlytics",
					"$(PROJECT_DIR)/Pods/Crashlytics/iOS",
					"$(PROJECT_DIR)/Pods/Fabric",
					"$(PROJECT_DIR)/Pods/Fabric/iOS",
					"$(PROJECT_DIR)/Pods/SwiftGen/lib",
				);
				INFOPLIST_FILE = "$(SRCROOT)/SSS/Info.plist";
				IPHONEOS_DEPLOYMENT_TARGET = 9.0;
				LD_RUNPATH_SEARCH_PATHS = "$(inherited) @executable_path/Frameworks";
				LIBRARY_SEARCH_PATHS = (
					"$(inherited)",
					"$(PROJECT_DIR)/Pods/SwiftGen/lib",
				);
				PRODUCT_BUNDLE_IDENTIFIER = com.statesafestop;
				PRODUCT_NAME = "$(TARGET_NAME)";
				PROVISIONING_PROFILE = "01d9e39f-d795-47e0-993b-1cd33eb0bd1c";
				PROVISIONING_PROFILE_SPECIFIER = SSS4April2017AppStore;
				SWIFT_OBJC_BRIDGING_HEADER = SSS/Helpers/BridgingHeader.h;
				SWIFT_OPTIMIZATION_LEVEL = "-Onone";
				SWIFT_VERSION = 3.0;
				TARGETED_DEVICE_FAMILY = 1;
			};
			name = Release;
		};
/* End XCBuildConfiguration section */

/* Begin XCConfigurationList section */
		1DD2161D1E6FE34B009E1296 /* Build configuration list for PBXProject "SSS" */ = {
			isa = XCConfigurationList;
			buildConfigurations = (
				1DD216321E6FE34B009E1296 /* Debug */,
				1DD216331E6FE34B009E1296 /* Release */,
			);
			defaultConfigurationIsVisible = 0;
			defaultConfigurationName = Release;
		};
		1DD216341E6FE34B009E1296 /* Build configuration list for PBXNativeTarget "SSS" */ = {
			isa = XCConfigurationList;
			buildConfigurations = (
				1DD216351E6FE34B009E1296 /* Debug */,
				1DD216361E6FE34B009E1296 /* Release */,
			);
			defaultConfigurationIsVisible = 0;
			defaultConfigurationName = Release;
		};
/* End XCConfigurationList section */
	};
	rootObject = 1DD2161A1E6FE34B009E1296 /* Project object */;
}
